// !$*UTF8*$!
{
	archiveVersion = 1;
	classes = {
	};
	objectVersion = 46;
	objects = {

/* Begin PBXBuildFile section */
		7E2F43111A6D428A00971789 /* PersonalProfileViewController.m in Sources */ = {isa = PBXBuildFile; fileRef = 7E2F430F1A6D428A00971789 /* PersonalProfileViewController.m */; };
		7E2F43121A6D428A00971789 /* PersonalProfileViewController.xib in Resources */ = {isa = PBXBuildFile; fileRef = 7E2F43101A6D428A00971789 /* PersonalProfileViewController.xib */; };
		7E2F43161A6D46B800971789 /* UploadCertifyProfileViewController.m in Sources */ = {isa = PBXBuildFile; fileRef = 7E2F43141A6D46B800971789 /* UploadCertifyProfileViewController.m */; };
		7E2F43171A6D46B800971789 /* UploadCertifyProfileViewController.xib in Resources */ = {isa = PBXBuildFile; fileRef = 7E2F43151A6D46B800971789 /* UploadCertifyProfileViewController.xib */; };
		7E2F431A1A714DA300971789 /* CommentCollectionDelegator.m in Sources */ = {isa = PBXBuildFile; fileRef = 7E2F43191A714DA300971789 /* CommentCollectionDelegator.m */; };
		7E2F431D1A714E2A00971789 /* CommentCell.m in Sources */ = {isa = PBXBuildFile; fileRef = 7E2F431C1A714E2A00971789 /* CommentCell.m */; };
		7E415BE71A6589430025E5FB /* ActivityEditView.m in Sources */ = {isa = PBXBuildFile; fileRef = 7E415BE61A6589430025E5FB /* ActivityEditView.m */; };
		7E415BE91A65895E0025E5FB /* ActivityEditView.xib in Resources */ = {isa = PBXBuildFile; fileRef = 7E415BE81A65895E0025E5FB /* ActivityEditView.xib */; };
		7E415BEC1A66B2ED0025E5FB /* CreateActivityParameter.m in Sources */ = {isa = PBXBuildFile; fileRef = 7E415BEB1A66B2ED0025E5FB /* CreateActivityParameter.m */; };
		7E415BF11A66CABA0025E5FB /* InviteViewController.m in Sources */ = {isa = PBXBuildFile; fileRef = 7E415BEF1A66CABA0025E5FB /* InviteViewController.m */; };
		7E415BF21A66CABA0025E5FB /* InviteViewController.xib in Resources */ = {isa = PBXBuildFile; fileRef = 7E415BF01A66CABA0025E5FB /* InviteViewController.xib */; };
		7EF16D361A63FED00008B16F /* CCNetworkManager.m in Sources */ = {isa = PBXBuildFile; fileRef = 7EF16D351A63FED00008B16F /* CCNetworkManager.m */; };
		7EF6A0181A641ED70022DBCE /* ABCParameter.m in Sources */ = {isa = PBXBuildFile; fileRef = 7EF6A0171A641ED70022DBCE /* ABCParameter.m */; };
		7EF6A01B1A641FEC0022DBCE /* LoginParameter.m in Sources */ = {isa = PBXBuildFile; fileRef = 7EF6A01A1A641FEC0022DBCE /* LoginParameter.m */; };
		A50367791A7BD3D300CACE08 /* ActivityModel+Helper.m in Sources */ = {isa = PBXBuildFile; fileRef = A50367781A7BD3D300CACE08 /* ActivityModel+Helper.m */; };
		A503677C1A7CC47A00CACE08 /* ReplyInvitationParameter.m in Sources */ = {isa = PBXBuildFile; fileRef = A503677B1A7CC47A00CACE08 /* ReplyInvitationParameter.m */; };
		A503677F1A7CD90F00CACE08 /* GetParticipantsParameter.m in Sources */ = {isa = PBXBuildFile; fileRef = A503677E1A7CD90F00CACE08 /* GetParticipantsParameter.m */; };
		A58BCEA31A867D4D00C2300B /* GetUserOwningActivitiesParameter.m in Sources */ = {isa = PBXBuildFile; fileRef = A58BCEA21A867D4D00C2300B /* GetUserOwningActivitiesParameter.m */; };
		A58BCEA61A86803100C2300B /* SubmitCertificationProfileParameter.m in Sources */ = {isa = PBXBuildFile; fileRef = A58BCEA51A86803100C2300B /* SubmitCertificationProfileParameter.m */; };
		A58BCEA91A86808500C2300B /* GetActivitiesDetailParameter.m in Sources */ = {isa = PBXBuildFile; fileRef = A58BCEA81A86808500C2300B /* GetActivitiesDetailParameter.m */; };
		A58BCEAC1A8680AF00C2300B /* InviteUsersParameter.m in Sources */ = {isa = PBXBuildFile; fileRef = A58BCEAB1A8680AF00C2300B /* InviteUsersParameter.m */; };
		A58BCEAF1A8680DD00C2300B /* ChatToUserParameter.m in Sources */ = {isa = PBXBuildFile; fileRef = A58BCEAE1A8680DD00C2300B /* ChatToUserParameter.m */; };
		A58BCEB21A86810F00C2300B /* UploadPhotosParameter.m in Sources */ = {isa = PBXBuildFile; fileRef = A58BCEB11A86810F00C2300B /* UploadPhotosParameter.m */; };
		A58BCEB61A87A99600C2300B /* EditActivityViewController.m in Sources */ = {isa = PBXBuildFile; fileRef = A58BCEB41A87A99600C2300B /* EditActivityViewController.m */; };
		A58BCEB71A87A99600C2300B /* EditActivityViewController.xib in Resources */ = {isa = PBXBuildFile; fileRef = A58BCEB51A87A99600C2300B /* EditActivityViewController.xib */; };
		A58BCEBE1A8BB82700C2300B /* ParticipantsViewController.m in Sources */ = {isa = PBXBuildFile; fileRef = A58BCEBC1A8BB82700C2300B /* ParticipantsViewController.m */; };
		A58BCEBF1A8BB82700C2300B /* ParticipantsViewController.xib in Resources */ = {isa = PBXBuildFile; fileRef = A58BCEBD1A8BB82700C2300B /* ParticipantsViewController.xib */; };
		A5D126A41A8119FF000DE04D /* libWeChatSDK.a in Frameworks */ = {isa = PBXBuildFile; fileRef = A5D126A01A8119E3000DE04D /* libWeChatSDK.a */; };
		A5D126A81A8120C9000DE04D /* libz.dylib in Frameworks */ = {isa = PBXBuildFile; fileRef = A5D126A71A8120C9000DE04D /* libz.dylib */; };
		A5D126AA1A8120D2000DE04D /* libsqlite3.0.dylib in Frameworks */ = {isa = PBXBuildFile; fileRef = A5D126A91A8120D2000DE04D /* libsqlite3.0.dylib */; };
		A5D126AC1A8124E8000DE04D /* libPods.a in Frameworks */ = {isa = PBXBuildFile; fileRef = A5D126AB1A8124E8000DE04D /* libPods.a */; };
		A5FAA78F1A7E597600C1FD54 /* GetCommentsInActivityParameter.m in Sources */ = {isa = PBXBuildFile; fileRef = A5FAA78E1A7E597600C1FD54 /* GetCommentsInActivityParameter.m */; };
		A5FAA7921A7E5A7E00C1FD54 /* CommentModel+helper.m in Sources */ = {isa = PBXBuildFile; fileRef = A5FAA7911A7E5A7E00C1FD54 /* CommentModel+helper.m */; };
		A5FAA7951A7E5C0500C1FD54 /* ReplyActivityParameter.m in Sources */ = {isa = PBXBuildFile; fileRef = A5FAA7941A7E5C0500C1FD54 /* ReplyActivityParameter.m */; };
		BA03556A1A660AAB00252F99 /* ParameterFactory.m in Sources */ = {isa = PBXBuildFile; fileRef = BA0355691A660AAB00252F99 /* ParameterFactory.m */; };
		BA03556D1A660E0400252F99 /* ValidateInviteCodeParameter.m in Sources */ = {isa = PBXBuildFile; fileRef = BA03556C1A660E0400252F99 /* ValidateInviteCodeParameter.m */; };
		BA0355701A66196100252F99 /* RegisterParameter.m in Sources */ = {isa = PBXBuildFile; fileRef = BA03556F1A66196100252F99 /* RegisterParameter.m */; };
		BA0355731A661C7500252F99 /* GetVerifySMSParameter.m in Sources */ = {isa = PBXBuildFile; fileRef = BA0355721A661C7500252F99 /* GetVerifySMSParameter.m */; };
		BA0355761A6638B100252F99 /* ResetPasswordParameter.m in Sources */ = {isa = PBXBuildFile; fileRef = BA0355751A6638B100252F99 /* ResetPasswordParameter.m */; };
		BA0355801A66502200252F99 /* ConcreteResponseObject.m in Sources */ = {isa = PBXBuildFile; fileRef = BA03557F1A66502200252F99 /* ConcreteResponseObject.m */; };
		BA2009C61A6F84320052EE0F /* UserCreatedActivityViewController.m in Sources */ = {isa = PBXBuildFile; fileRef = BA2009C41A6F84320052EE0F /* UserCreatedActivityViewController.m */; };
		BA2009C71A6F84320052EE0F /* UserCreatedActivityViewController.xib in Resources */ = {isa = PBXBuildFile; fileRef = BA2009C51A6F84320052EE0F /* UserCreatedActivityViewController.xib */; };
		BA2009CB1A6F90A60052EE0F /* CommentViewController.m in Sources */ = {isa = PBXBuildFile; fileRef = BA2009C91A6F90A60052EE0F /* CommentViewController.m */; };
		BA2009CC1A6F90A60052EE0F /* CommentViewController.xib in Resources */ = {isa = PBXBuildFile; fileRef = BA2009CA1A6F90A60052EE0F /* CommentViewController.xib */; };
		BA2009D21A6F9B2F0052EE0F /* CommentModel.m in Sources */ = {isa = PBXBuildFile; fileRef = BA2009D11A6F9B2F0052EE0F /* CommentModel.m */; };
		BA2009D51A6FA5150052EE0F /* CollectionDelegator.m in Sources */ = {isa = PBXBuildFile; fileRef = BA2009D41A6FA5150052EE0F /* CollectionDelegator.m */; };
		BA2009D81A6FB49D0052EE0F /* UsersCollectionDelegator.m in Sources */ = {isa = PBXBuildFile; fileRef = BA2009D71A6FB49D0052EE0F /* UsersCollectionDelegator.m */; };
		BA2009DC1A70D7060052EE0F /* UserDetailViewController.m in Sources */ = {isa = PBXBuildFile; fileRef = BA2009DA1A70D7060052EE0F /* UserDetailViewController.m */; };
		BA2009DD1A70D7060052EE0F /* UserDetailViewController.xib in Resources */ = {isa = PBXBuildFile; fileRef = BA2009DB1A70D7060052EE0F /* UserDetailViewController.xib */; };
		BA2009E41A71E0A40052EE0F /* TestViewController.m in Sources */ = {isa = PBXBuildFile; fileRef = BA2009E21A71E0A40052EE0F /* TestViewController.m */; };
		BA2009E51A71E0A40052EE0F /* TestViewController.xib in Resources */ = {isa = PBXBuildFile; fileRef = BA2009E31A71E0A40052EE0F /* TestViewController.xib */; };
		BA2009E81A7770F20052EE0F /* ValidateVerifyCodeParameter.m in Sources */ = {isa = PBXBuildFile; fileRef = BA2009E71A7770F20052EE0F /* ValidateVerifyCodeParameter.m */; };
		BA2009EB1A778BFF0052EE0F /* SetPersonalInfoParameter.m in Sources */ = {isa = PBXBuildFile; fileRef = BA2009EA1A778BFF0052EE0F /* SetPersonalInfoParameter.m */; };
		BA6BC70F1A635FE400DA033C /* AppDelegate.m in Sources */ = {isa = PBXBuildFile; fileRef = BA6BC70E1A635FE400DA033C /* AppDelegate.m */; };
		BA6BC7181A63606700DA033C /* RegisterViewController.m in Sources */ = {isa = PBXBuildFile; fileRef = BA6BC7161A63606700DA033C /* RegisterViewController.m */; };
		BA6BC71B1A63607F00DA033C /* RegisterViewController.xib in Resources */ = {isa = PBXBuildFile; fileRef = BA6BC71A1A63607F00DA033C /* RegisterViewController.xib */; };
		BA6BC7251A63627B00DA033C /* LoginViewController.m in Sources */ = {isa = PBXBuildFile; fileRef = BA6BC71F1A63627B00DA033C /* LoginViewController.m */; };
		BA6BC7261A63627B00DA033C /* LoginViewController.xib in Resources */ = {isa = PBXBuildFile; fileRef = BA6BC7201A63627B00DA033C /* LoginViewController.xib */; };
		BA6BC7271A63627B00DA033C /* MainActivitiesViewController.m in Sources */ = {isa = PBXBuildFile; fileRef = BA6BC7221A63627B00DA033C /* MainActivitiesViewController.m */; };
		BA6BC7281A63627B00DA033C /* MainActivitiesViewController.xib in Resources */ = {isa = PBXBuildFile; fileRef = BA6BC7231A63627B00DA033C /* MainActivitiesViewController.xib */; };
		BA6BC72B1A63628800DA033C /* ActivityModel.m in Sources */ = {isa = PBXBuildFile; fileRef = BA6BC72A1A63628800DA033C /* ActivityModel.m */; };
		BA6BC7301A63629400DA033C /* ActivitiesCollectionDelegator.m in Sources */ = {isa = PBXBuildFile; fileRef = BA6BC72D1A63629400DA033C /* ActivitiesCollectionDelegator.m */; };
		BA6BC7311A63629400DA033C /* ControllerCoordinator.m in Sources */ = {isa = PBXBuildFile; fileRef = BA6BC72F1A63629400DA033C /* ControllerCoordinator.m */; };
		BA6BC7341A63644500DA033C /* AbstractViewController.m in Sources */ = {isa = PBXBuildFile; fileRef = BA6BC7331A63644500DA033C /* AbstractViewController.m */; };
		BA6BC73C1A63651600DA033C /* UIView+HUD.m in Sources */ = {isa = PBXBuildFile; fileRef = BA6BC73B1A63651600DA033C /* UIView+HUD.m */; };
		BAB11C7C1A6667C4007FDE38 /* CCStatusManager.m in Sources */ = {isa = PBXBuildFile; fileRef = BAB11C7B1A6667C4007FDE38 /* CCStatusManager.m */; };
		BAB11C7F1A6670FB007FDE38 /* GetActivityWithInviteCodeParameter.m in Sources */ = {isa = PBXBuildFile; fileRef = BAB11C7E1A6670FB007FDE38 /* GetActivityWithInviteCodeParameter.m */; };
		BAB11C831A668C80007FDE38 /* InviteActivityDetailViewController.m in Sources */ = {isa = PBXBuildFile; fileRef = BAB11C811A668C80007FDE38 /* InviteActivityDetailViewController.m */; };
		BAB11C841A668C80007FDE38 /* InviteActivityDetailViewController.xib in Resources */ = {isa = PBXBuildFile; fileRef = BAB11C821A668C80007FDE38 /* InviteActivityDetailViewController.xib */; };
		BAB11C881A675B0E007FDE38 /* MyViewController.m in Sources */ = {isa = PBXBuildFile; fileRef = BAB11C861A675B0E007FDE38 /* MyViewController.m */; };
		BAB11C891A675B0E007FDE38 /* MyViewController.xib in Resources */ = {isa = PBXBuildFile; fileRef = BAB11C871A675B0E007FDE38 /* MyViewController.xib */; };
		BAB11C8D1A679C9A007FDE38 /* FollowingViewController.m in Sources */ = {isa = PBXBuildFile; fileRef = BAB11C8B1A679C9A007FDE38 /* FollowingViewController.m */; };
		BAB11C8E1A679C9A007FDE38 /* FollowingViewController.xib in Resources */ = {isa = PBXBuildFile; fileRef = BAB11C8C1A679C9A007FDE38 /* FollowingViewController.xib */; };
		BAB11C921A679CE7007FDE38 /* UserActivitiesViewController.m in Sources */ = {isa = PBXBuildFile; fileRef = BAB11C901A679CE7007FDE38 /* UserActivitiesViewController.m */; };
		BAB11C931A679CE7007FDE38 /* UserActivitiesViewController.xib in Resources */ = {isa = PBXBuildFile; fileRef = BAB11C911A679CE7007FDE38 /* UserActivitiesViewController.xib */; };
		BAB11C971A67A28B007FDE38 /* FollowerViewController.m in Sources */ = {isa = PBXBuildFile; fileRef = BAB11C951A67A28B007FDE38 /* FollowerViewController.m */; };
		BAB11C981A67A28B007FDE38 /* FollowerViewController.xib in Resources */ = {isa = PBXBuildFile; fileRef = BAB11C961A67A28B007FDE38 /* FollowerViewController.xib */; };
		BAB11CA11A690E6F007FDE38 /* UIImage+color.m in Sources */ = {isa = PBXBuildFile; fileRef = BAB11CA01A690E6F007FDE38 /* UIImage+color.m */; };
		BAB11CA41A6910E9007FDE38 /* UIView+square2Round.m in Sources */ = {isa = PBXBuildFile; fileRef = BAB11CA31A6910E9007FDE38 /* UIView+square2Round.m */; };
		BAB11CA91A69FE5B007FDE38 /* ActivityCell.m in Sources */ = {isa = PBXBuildFile; fileRef = BAB11CA81A69FE5B007FDE38 /* ActivityCell.m */; };
		BAB11CAC1A6CE021007FDE38 /* UserProfileCard.m in Sources */ = {isa = PBXBuildFile; fileRef = BAB11CAB1A6CE021007FDE38 /* UserProfileCard.m */; };
		BAB11CAE1A6CE032007FDE38 /* UserProfileCard.xib in Resources */ = {isa = PBXBuildFile; fileRef = BAB11CAD1A6CE032007FDE38 /* UserProfileCard.xib */; };
		BAB11CB11A6CFDC5007FDE38 /* UIView+frame.m in Sources */ = {isa = PBXBuildFile; fileRef = BAB11CB01A6CFDC5007FDE38 /* UIView+frame.m */; };
		BAB810961A639D1900142DDA /* ForgetPasswordViewController.m in Sources */ = {isa = PBXBuildFile; fileRef = BAB810941A639D1900142DDA /* ForgetPasswordViewController.m */; };
		BAB810971A639D1900142DDA /* ForgetPasswordViewController.xib in Resources */ = {isa = PBXBuildFile; fileRef = BAB810951A639D1900142DDA /* ForgetPasswordViewController.xib */; };
		BAB8109B1A63A85D00142DDA /* CompletePersonalInfoViewController.m in Sources */ = {isa = PBXBuildFile; fileRef = BAB810991A63A85D00142DDA /* CompletePersonalInfoViewController.m */; };
		BAB8109C1A63A85D00142DDA /* CompletePersonalInfoViewController.xib in Resources */ = {isa = PBXBuildFile; fileRef = BAB8109A1A63A85D00142DDA /* CompletePersonalInfoViewController.xib */; };
		BAB810A21A63C1A100142DDA /* UserCreatActivityDescriptionView.m in Sources */ = {isa = PBXBuildFile; fileRef = BAB810A11A63C1A100142DDA /* UserCreatActivityDescriptionView.m */; };
		BAB810A41A63C1B400142DDA /* UserCreatActivityDescriptionView.xib in Resources */ = {isa = PBXBuildFile; fileRef = BAB810A31A63C1B400142DDA /* UserCreatActivityDescriptionView.xib */; };
		BAD65A6C1A5FA89200987B06 /* main.mm in Sources */ = {isa = PBXBuildFile; fileRef = BAD65A6B1A5FA89200987B06 /* main.mm */; };
		BAD65A721A5FA89200987B06 /* CarChat.xcdatamodeld in Sources */ = {isa = PBXBuildFile; fileRef = BAD65A701A5FA89200987B06 /* CarChat.xcdatamodeld */; };
		BAD65A781A5FA89200987B06 /* Main.storyboard in Resources */ = {isa = PBXBuildFile; fileRef = BAD65A761A5FA89200987B06 /* Main.storyboard */; };
		BAD65A7A1A5FA89200987B06 /* Images.xcassets in Resources */ = {isa = PBXBuildFile; fileRef = BAD65A791A5FA89200987B06 /* Images.xcassets */; };
		BAD65A7D1A5FA89200987B06 /* LaunchScreen.xib in Resources */ = {isa = PBXBuildFile; fileRef = BAD65A7B1A5FA89200987B06 /* LaunchScreen.xib */; };
		BAD65A891A5FA89200987B06 /* CarChatTests.m in Sources */ = {isa = PBXBuildFile; fileRef = BAD65A881A5FA89200987B06 /* CarChatTests.m */; };
		BAD723241A64BF5100FB4645 /* NSDate+Helpers.m in Sources */ = {isa = PBXBuildFile; fileRef = BAD7231B1A64BF5100FB4645 /* NSDate+Helpers.m */; };
		BAD723251A64BF5100FB4645 /* NSString+Helpers.m in Sources */ = {isa = PBXBuildFile; fileRef = BAD7231D1A64BF5100FB4645 /* NSString+Helpers.m */; };
		BAD723261A64BF5100FB4645 /* NSUserDefaults+Helpers.m in Sources */ = {isa = PBXBuildFile; fileRef = BAD7231F1A64BF5100FB4645 /* NSUserDefaults+Helpers.m */; };
		BAD723271A64BF5100FB4645 /* UIColor+Helper.m in Sources */ = {isa = PBXBuildFile; fileRef = BAD723211A64BF5100FB4645 /* UIColor+Helper.m */; };
		BAD723281A64BF5100FB4645 /* UIImage+Gif.m in Sources */ = {isa = PBXBuildFile; fileRef = BAD723231A64BF5100FB4645 /* UIImage+Gif.m */; };
		BAD7232C1A64D3DF00FB4645 /* ServerPolicyViewController.m in Sources */ = {isa = PBXBuildFile; fileRef = BAD7232A1A64D3DF00FB4645 /* ServerPolicyViewController.m */; };
		BAD7232D1A64D3DF00FB4645 /* ServerPolicyViewController.xib in Resources */ = {isa = PBXBuildFile; fileRef = BAD7232B1A64D3DF00FB4645 /* ServerPolicyViewController.xib */; };
		BAD723361A64FA6900FB4645 /* PersonalInfoView.m in Sources */ = {isa = PBXBuildFile; fileRef = BAD723351A64FA6900FB4645 /* PersonalInfoView.m */; };
		BAD723381A64FAA300FB4645 /* PersonalInfoView.xib in Resources */ = {isa = PBXBuildFile; fileRef = BAD723371A64FAA300FB4645 /* PersonalInfoView.xib */; };
		BAD7233B1A64FC9300FB4645 /* UserModel.m in Sources */ = {isa = PBXBuildFile; fileRef = BAD7233A1A64FC9300FB4645 /* UserModel.m */; };
		BADD16CF1A78C174004AE9FC /* GetSuggestActivitiesParameter.m in Sources */ = {isa = PBXBuildFile; fileRef = BADD16CE1A78C174004AE9FC /* GetSuggestActivitiesParameter.m */; };
		BADD16D21A7A05FE004AE9FC /* GetUserInfoParameter.m in Sources */ = {isa = PBXBuildFile; fileRef = BADD16D11A7A05FE004AE9FC /* GetUserInfoParameter.m */; };
		BADD16D51A7A1785004AE9FC /* GetUserJoiningActivitiesParameter.m in Sources */ = {isa = PBXBuildFile; fileRef = BADD16D41A7A1785004AE9FC /* GetUserJoiningActivitiesParameter.m */; };
		BADD16D81A7A17DD004AE9FC /* GetFollowingParameter.m in Sources */ = {isa = PBXBuildFile; fileRef = BADD16D71A7A17DD004AE9FC /* GetFollowingParameter.m */; };
		BADD16DB1A7A17EF004AE9FC /* GetFollowersParameter.m in Sources */ = {isa = PBXBuildFile; fileRef = BADD16DA1A7A17EF004AE9FC /* GetFollowersParameter.m */; };
		BADD16DE1A7A253A004AE9FC /* FollowUserParameter.m in Sources */ = {isa = PBXBuildFile; fileRef = BADD16DD1A7A253A004AE9FC /* FollowUserParameter.m */; };
		BADD16E11A7A2547004AE9FC /* UnfollowUserParameter.m in Sources */ = {isa = PBXBuildFile; fileRef = BADD16E01A7A2547004AE9FC /* UnfollowUserParameter.m */; };
		BADD16E41A7A2B3C004AE9FC /* UserModel+helper.m in Sources */ = {isa = PBXBuildFile; fileRef = BADD16E31A7A2B3C004AE9FC /* UserModel+helper.m */; };
		BAEBBE231A6E22E200020978 /* UserCell.m in Sources */ = {isa = PBXBuildFile; fileRef = BAEBBE221A6E22E200020978 /* UserCell.m */; };
/* End PBXBuildFile section */

/* Begin PBXContainerItemProxy section */
		BAD65A831A5FA89200987B06 /* PBXContainerItemProxy */ = {
			isa = PBXContainerItemProxy;
			containerPortal = BAD65A5E1A5FA89200987B06 /* Project object */;
			proxyType = 1;
			remoteGlobalIDString = BAD65A651A5FA89200987B06;
			remoteInfo = CarChat;
		};
/* End PBXContainerItemProxy section */

/* Begin PBXFileReference section */
		12FB037F979C42EA46571C1A /* libPods.a */ = {isa = PBXFileReference; explicitFileType = archive.ar; includeInIndex = 0; path = libPods.a; sourceTree = BUILT_PRODUCTS_DIR; };
		7E2F430E1A6D428A00971789 /* PersonalProfileViewController.h */ = {isa = PBXFileReference; fileEncoding = 4; lastKnownFileType = sourcecode.c.h; path = PersonalProfileViewController.h; sourceTree = "<group>"; };
		7E2F430F1A6D428A00971789 /* PersonalProfileViewController.m */ = {isa = PBXFileReference; fileEncoding = 4; lastKnownFileType = sourcecode.c.objc; path = PersonalProfileViewController.m; sourceTree = "<group>"; };
		7E2F43101A6D428A00971789 /* PersonalProfileViewController.xib */ = {isa = PBXFileReference; fileEncoding = 4; lastKnownFileType = file.xib; path = PersonalProfileViewController.xib; sourceTree = "<group>"; };
		7E2F43131A6D46B800971789 /* UploadCertifyProfileViewController.h */ = {isa = PBXFileReference; fileEncoding = 4; lastKnownFileType = sourcecode.c.h; path = UploadCertifyProfileViewController.h; sourceTree = "<group>"; };
		7E2F43141A6D46B800971789 /* UploadCertifyProfileViewController.m */ = {isa = PBXFileReference; fileEncoding = 4; lastKnownFileType = sourcecode.c.objc; path = UploadCertifyProfileViewController.m; sourceTree = "<group>"; };
		7E2F43151A6D46B800971789 /* UploadCertifyProfileViewController.xib */ = {isa = PBXFileReference; fileEncoding = 4; lastKnownFileType = file.xib; path = UploadCertifyProfileViewController.xib; sourceTree = "<group>"; };
		7E2F43181A714DA300971789 /* CommentCollectionDelegator.h */ = {isa = PBXFileReference; fileEncoding = 4; lastKnownFileType = sourcecode.c.h; path = CommentCollectionDelegator.h; sourceTree = "<group>"; };
		7E2F43191A714DA300971789 /* CommentCollectionDelegator.m */ = {isa = PBXFileReference; fileEncoding = 4; lastKnownFileType = sourcecode.c.objc; path = CommentCollectionDelegator.m; sourceTree = "<group>"; };
		7E2F431B1A714E2A00971789 /* CommentCell.h */ = {isa = PBXFileReference; fileEncoding = 4; lastKnownFileType = sourcecode.c.h; path = CommentCell.h; sourceTree = "<group>"; };
		7E2F431C1A714E2A00971789 /* CommentCell.m */ = {isa = PBXFileReference; fileEncoding = 4; lastKnownFileType = sourcecode.c.objc; path = CommentCell.m; sourceTree = "<group>"; };
		7E415BE51A6589430025E5FB /* ActivityEditView.h */ = {isa = PBXFileReference; fileEncoding = 4; lastKnownFileType = sourcecode.c.h; path = ActivityEditView.h; sourceTree = "<group>"; };
		7E415BE61A6589430025E5FB /* ActivityEditView.m */ = {isa = PBXFileReference; fileEncoding = 4; lastKnownFileType = sourcecode.c.objc; path = ActivityEditView.m; sourceTree = "<group>"; };
		7E415BE81A65895E0025E5FB /* ActivityEditView.xib */ = {isa = PBXFileReference; fileEncoding = 4; lastKnownFileType = file.xib; path = ActivityEditView.xib; sourceTree = "<group>"; };
		7E415BEA1A66B2ED0025E5FB /* CreateActivityParameter.h */ = {isa = PBXFileReference; fileEncoding = 4; lastKnownFileType = sourcecode.c.h; path = CreateActivityParameter.h; sourceTree = "<group>"; };
		7E415BEB1A66B2ED0025E5FB /* CreateActivityParameter.m */ = {isa = PBXFileReference; fileEncoding = 4; lastKnownFileType = sourcecode.c.objc; path = CreateActivityParameter.m; sourceTree = "<group>"; };
		7E415BEE1A66CABA0025E5FB /* InviteViewController.h */ = {isa = PBXFileReference; fileEncoding = 4; lastKnownFileType = sourcecode.c.h; path = InviteViewController.h; sourceTree = "<group>"; };
		7E415BEF1A66CABA0025E5FB /* InviteViewController.m */ = {isa = PBXFileReference; fileEncoding = 4; lastKnownFileType = sourcecode.c.objc; path = InviteViewController.m; sourceTree = "<group>"; };
		7E415BF01A66CABA0025E5FB /* InviteViewController.xib */ = {isa = PBXFileReference; fileEncoding = 4; lastKnownFileType = file.xib; path = InviteViewController.xib; sourceTree = "<group>"; };
		7EF16D341A63FED00008B16F /* CCNetworkManager.h */ = {isa = PBXFileReference; fileEncoding = 4; lastKnownFileType = sourcecode.c.h; path = CCNetworkManager.h; sourceTree = "<group>"; };
		7EF16D351A63FED00008B16F /* CCNetworkManager.m */ = {isa = PBXFileReference; fileEncoding = 4; lastKnownFileType = sourcecode.c.objc; path = CCNetworkManager.m; sourceTree = "<group>"; };
		7EF6A0131A641A420022DBCE /* CCNetworkResponse.h */ = {isa = PBXFileReference; fileEncoding = 4; lastKnownFileType = sourcecode.c.h; path = CCNetworkResponse.h; sourceTree = "<group>"; };
		7EF6A0161A641ED70022DBCE /* ABCParameter.h */ = {isa = PBXFileReference; fileEncoding = 4; lastKnownFileType = sourcecode.c.h; path = ABCParameter.h; sourceTree = "<group>"; };
		7EF6A0171A641ED70022DBCE /* ABCParameter.m */ = {isa = PBXFileReference; fileEncoding = 4; lastKnownFileType = sourcecode.c.objc; path = ABCParameter.m; sourceTree = "<group>"; };
		7EF6A0191A641FEC0022DBCE /* LoginParameter.h */ = {isa = PBXFileReference; fileEncoding = 4; lastKnownFileType = sourcecode.c.h; path = LoginParameter.h; sourceTree = "<group>"; };
		7EF6A01A1A641FEC0022DBCE /* LoginParameter.m */ = {isa = PBXFileReference; fileEncoding = 4; lastKnownFileType = sourcecode.c.objc; path = LoginParameter.m; sourceTree = "<group>"; };
		91A1C4A7F3479EED06C580E1 /* Pods.debug.xcconfig */ = {isa = PBXFileReference; includeInIndex = 1; lastKnownFileType = text.xcconfig; name = Pods.debug.xcconfig; path = "Pods/Target Support Files/Pods/Pods.debug.xcconfig"; sourceTree = "<group>"; };
		A50367771A7BD3D300CACE08 /* ActivityModel+Helper.h */ = {isa = PBXFileReference; fileEncoding = 4; lastKnownFileType = sourcecode.c.h; path = "ActivityModel+Helper.h"; sourceTree = "<group>"; };
		A50367781A7BD3D300CACE08 /* ActivityModel+Helper.m */ = {isa = PBXFileReference; fileEncoding = 4; lastKnownFileType = sourcecode.c.objc; path = "ActivityModel+Helper.m"; sourceTree = "<group>"; };
		A503677A1A7CC47A00CACE08 /* ReplyInvitationParameter.h */ = {isa = PBXFileReference; fileEncoding = 4; lastKnownFileType = sourcecode.c.h; path = ReplyInvitationParameter.h; sourceTree = "<group>"; };
		A503677B1A7CC47A00CACE08 /* ReplyInvitationParameter.m */ = {isa = PBXFileReference; fileEncoding = 4; lastKnownFileType = sourcecode.c.objc; path = ReplyInvitationParameter.m; sourceTree = "<group>"; };
		A503677D1A7CD90F00CACE08 /* GetParticipantsParameter.h */ = {isa = PBXFileReference; fileEncoding = 4; lastKnownFileType = sourcecode.c.h; path = GetParticipantsParameter.h; sourceTree = "<group>"; };
		A503677E1A7CD90F00CACE08 /* GetParticipantsParameter.m */ = {isa = PBXFileReference; fileEncoding = 4; lastKnownFileType = sourcecode.c.objc; path = GetParticipantsParameter.m; sourceTree = "<group>"; };
		A58BCEA11A867D4D00C2300B /* GetUserOwningActivitiesParameter.h */ = {isa = PBXFileReference; fileEncoding = 4; lastKnownFileType = sourcecode.c.h; path = GetUserOwningActivitiesParameter.h; sourceTree = "<group>"; };
		A58BCEA21A867D4D00C2300B /* GetUserOwningActivitiesParameter.m */ = {isa = PBXFileReference; fileEncoding = 4; lastKnownFileType = sourcecode.c.objc; path = GetUserOwningActivitiesParameter.m; sourceTree = "<group>"; };
		A58BCEA41A86803100C2300B /* SubmitCertificationProfileParameter.h */ = {isa = PBXFileReference; fileEncoding = 4; lastKnownFileType = sourcecode.c.h; path = SubmitCertificationProfileParameter.h; sourceTree = "<group>"; };
		A58BCEA51A86803100C2300B /* SubmitCertificationProfileParameter.m */ = {isa = PBXFileReference; fileEncoding = 4; lastKnownFileType = sourcecode.c.objc; path = SubmitCertificationProfileParameter.m; sourceTree = "<group>"; };
		A58BCEA71A86808500C2300B /* GetActivitiesDetailParameter.h */ = {isa = PBXFileReference; fileEncoding = 4; lastKnownFileType = sourcecode.c.h; path = GetActivitiesDetailParameter.h; sourceTree = "<group>"; };
		A58BCEA81A86808500C2300B /* GetActivitiesDetailParameter.m */ = {isa = PBXFileReference; fileEncoding = 4; lastKnownFileType = sourcecode.c.objc; path = GetActivitiesDetailParameter.m; sourceTree = "<group>"; };
		A58BCEAA1A8680AF00C2300B /* InviteUsersParameter.h */ = {isa = PBXFileReference; fileEncoding = 4; lastKnownFileType = sourcecode.c.h; path = InviteUsersParameter.h; sourceTree = "<group>"; };
		A58BCEAB1A8680AF00C2300B /* InviteUsersParameter.m */ = {isa = PBXFileReference; fileEncoding = 4; lastKnownFileType = sourcecode.c.objc; path = InviteUsersParameter.m; sourceTree = "<group>"; };
		A58BCEAD1A8680DD00C2300B /* ChatToUserParameter.h */ = {isa = PBXFileReference; fileEncoding = 4; lastKnownFileType = sourcecode.c.h; path = ChatToUserParameter.h; sourceTree = "<group>"; };
		A58BCEAE1A8680DD00C2300B /* ChatToUserParameter.m */ = {isa = PBXFileReference; fileEncoding = 4; lastKnownFileType = sourcecode.c.objc; path = ChatToUserParameter.m; sourceTree = "<group>"; };
		A58BCEB01A86810F00C2300B /* UploadPhotosParameter.h */ = {isa = PBXFileReference; fileEncoding = 4; lastKnownFileType = sourcecode.c.h; path = UploadPhotosParameter.h; sourceTree = "<group>"; };
		A58BCEB11A86810F00C2300B /* UploadPhotosParameter.m */ = {isa = PBXFileReference; fileEncoding = 4; lastKnownFileType = sourcecode.c.objc; path = UploadPhotosParameter.m; sourceTree = "<group>"; };
		A58BCEB31A87A99600C2300B /* EditActivityViewController.h */ = {isa = PBXFileReference; fileEncoding = 4; lastKnownFileType = sourcecode.c.h; path = EditActivityViewController.h; sourceTree = "<group>"; };
		A58BCEB41A87A99600C2300B /* EditActivityViewController.m */ = {isa = PBXFileReference; fileEncoding = 4; lastKnownFileType = sourcecode.c.objc; path = EditActivityViewController.m; sourceTree = "<group>"; };
		A58BCEB51A87A99600C2300B /* EditActivityViewController.xib */ = {isa = PBXFileReference; fileEncoding = 4; lastKnownFileType = file.xib; path = EditActivityViewController.xib; sourceTree = "<group>"; };
		A58BCEBB1A8BB82700C2300B /* ParticipantsViewController.h */ = {isa = PBXFileReference; fileEncoding = 4; lastKnownFileType = sourcecode.c.h; path = ParticipantsViewController.h; sourceTree = "<group>"; };
		A58BCEBC1A8BB82700C2300B /* ParticipantsViewController.m */ = {isa = PBXFileReference; fileEncoding = 4; lastKnownFileType = sourcecode.c.objc; path = ParticipantsViewController.m; sourceTree = "<group>"; };
		A58BCEBD1A8BB82700C2300B /* ParticipantsViewController.xib */ = {isa = PBXFileReference; fileEncoding = 4; lastKnownFileType = file.xib; path = ParticipantsViewController.xib; sourceTree = "<group>"; };
		A5D126A01A8119E3000DE04D /* libWeChatSDK.a */ = {isa = PBXFileReference; lastKnownFileType = archive.ar; path = libWeChatSDK.a; sourceTree = "<group>"; };
		A5D126A11A8119E3000DE04D /* WXApi.h */ = {isa = PBXFileReference; fileEncoding = 4; lastKnownFileType = sourcecode.c.h; path = WXApi.h; sourceTree = "<group>"; };
		A5D126A21A8119E3000DE04D /* WXApiObject.h */ = {isa = PBXFileReference; fileEncoding = 4; lastKnownFileType = sourcecode.c.h; path = WXApiObject.h; sourceTree = "<group>"; };
		A5D126A71A8120C9000DE04D /* libz.dylib */ = {isa = PBXFileReference; lastKnownFileType = "compiled.mach-o.dylib"; name = libz.dylib; path = usr/lib/libz.dylib; sourceTree = SDKROOT; };
		A5D126A91A8120D2000DE04D /* libsqlite3.0.dylib */ = {isa = PBXFileReference; lastKnownFileType = "compiled.mach-o.dylib"; name = libsqlite3.0.dylib; path = usr/lib/libsqlite3.0.dylib; sourceTree = SDKROOT; };
		A5D126AB1A8124E8000DE04D /* libPods.a */ = {isa = PBXFileReference; lastKnownFileType = archive.ar; name = libPods.a; path = "Pods/build/Debug-iphoneos/libPods.a"; sourceTree = "<group>"; };
		A5FAA78D1A7E597600C1FD54 /* GetCommentsInActivityParameter.h */ = {isa = PBXFileReference; fileEncoding = 4; lastKnownFileType = sourcecode.c.h; path = GetCommentsInActivityParameter.h; sourceTree = "<group>"; };
		A5FAA78E1A7E597600C1FD54 /* GetCommentsInActivityParameter.m */ = {isa = PBXFileReference; fileEncoding = 4; lastKnownFileType = sourcecode.c.objc; path = GetCommentsInActivityParameter.m; sourceTree = "<group>"; };
		A5FAA7901A7E5A7E00C1FD54 /* CommentModel+helper.h */ = {isa = PBXFileReference; fileEncoding = 4; lastKnownFileType = sourcecode.c.h; path = "CommentModel+helper.h"; sourceTree = "<group>"; };
		A5FAA7911A7E5A7E00C1FD54 /* CommentModel+helper.m */ = {isa = PBXFileReference; fileEncoding = 4; lastKnownFileType = sourcecode.c.objc; path = "CommentModel+helper.m"; sourceTree = "<group>"; };
		A5FAA7931A7E5C0500C1FD54 /* ReplyActivityParameter.h */ = {isa = PBXFileReference; fileEncoding = 4; lastKnownFileType = sourcecode.c.h; path = ReplyActivityParameter.h; sourceTree = "<group>"; };
		A5FAA7941A7E5C0500C1FD54 /* ReplyActivityParameter.m */ = {isa = PBXFileReference; fileEncoding = 4; lastKnownFileType = sourcecode.c.objc; path = ReplyActivityParameter.m; sourceTree = "<group>"; };
		BA0355681A660AAB00252F99 /* ParameterFactory.h */ = {isa = PBXFileReference; fileEncoding = 4; lastKnownFileType = sourcecode.c.h; path = ParameterFactory.h; sourceTree = "<group>"; };
		BA0355691A660AAB00252F99 /* ParameterFactory.m */ = {isa = PBXFileReference; fileEncoding = 4; lastKnownFileType = sourcecode.c.objc; path = ParameterFactory.m; sourceTree = "<group>"; };
		BA03556B1A660E0400252F99 /* ValidateInviteCodeParameter.h */ = {isa = PBXFileReference; fileEncoding = 4; lastKnownFileType = sourcecode.c.h; path = ValidateInviteCodeParameter.h; sourceTree = "<group>"; };
		BA03556C1A660E0400252F99 /* ValidateInviteCodeParameter.m */ = {isa = PBXFileReference; fileEncoding = 4; lastKnownFileType = sourcecode.c.objc; path = ValidateInviteCodeParameter.m; sourceTree = "<group>"; };
		BA03556E1A66196100252F99 /* RegisterParameter.h */ = {isa = PBXFileReference; fileEncoding = 4; lastKnownFileType = sourcecode.c.h; path = RegisterParameter.h; sourceTree = "<group>"; };
		BA03556F1A66196100252F99 /* RegisterParameter.m */ = {isa = PBXFileReference; fileEncoding = 4; lastKnownFileType = sourcecode.c.objc; path = RegisterParameter.m; sourceTree = "<group>"; };
		BA0355711A661C7500252F99 /* GetVerifySMSParameter.h */ = {isa = PBXFileReference; fileEncoding = 4; lastKnownFileType = sourcecode.c.h; path = GetVerifySMSParameter.h; sourceTree = "<group>"; };
		BA0355721A661C7500252F99 /* GetVerifySMSParameter.m */ = {isa = PBXFileReference; fileEncoding = 4; lastKnownFileType = sourcecode.c.objc; path = GetVerifySMSParameter.m; sourceTree = "<group>"; };
		BA0355741A6638B100252F99 /* ResetPasswordParameter.h */ = {isa = PBXFileReference; fileEncoding = 4; lastKnownFileType = sourcecode.c.h; path = ResetPasswordParameter.h; sourceTree = "<group>"; };
		BA0355751A6638B100252F99 /* ResetPasswordParameter.m */ = {isa = PBXFileReference; fileEncoding = 4; lastKnownFileType = sourcecode.c.objc; path = ResetPasswordParameter.m; sourceTree = "<group>"; };
		BA03557E1A66502200252F99 /* ConcreteResponseObject.h */ = {isa = PBXFileReference; fileEncoding = 4; lastKnownFileType = sourcecode.c.h; path = ConcreteResponseObject.h; sourceTree = "<group>"; };
		BA03557F1A66502200252F99 /* ConcreteResponseObject.m */ = {isa = PBXFileReference; fileEncoding = 4; lastKnownFileType = sourcecode.c.objc; path = ConcreteResponseObject.m; sourceTree = "<group>"; };
		BA2009C31A6F84320052EE0F /* UserCreatedActivityViewController.h */ = {isa = PBXFileReference; fileEncoding = 4; lastKnownFileType = sourcecode.c.h; path = UserCreatedActivityViewController.h; sourceTree = "<group>"; };
		BA2009C41A6F84320052EE0F /* UserCreatedActivityViewController.m */ = {isa = PBXFileReference; fileEncoding = 4; lastKnownFileType = sourcecode.c.objc; path = UserCreatedActivityViewController.m; sourceTree = "<group>"; };
		BA2009C51A6F84320052EE0F /* UserCreatedActivityViewController.xib */ = {isa = PBXFileReference; fileEncoding = 4; lastKnownFileType = file.xib; path = UserCreatedActivityViewController.xib; sourceTree = "<group>"; };
		BA2009C81A6F90A60052EE0F /* CommentViewController.h */ = {isa = PBXFileReference; fileEncoding = 4; lastKnownFileType = sourcecode.c.h; path = CommentViewController.h; sourceTree = "<group>"; };
		BA2009C91A6F90A60052EE0F /* CommentViewController.m */ = {isa = PBXFileReference; fileEncoding = 4; lastKnownFileType = sourcecode.c.objc; path = CommentViewController.m; sourceTree = "<group>"; };
		BA2009CA1A6F90A60052EE0F /* CommentViewController.xib */ = {isa = PBXFileReference; fileEncoding = 4; lastKnownFileType = file.xib; path = CommentViewController.xib; sourceTree = "<group>"; };
		BA2009D01A6F9B2F0052EE0F /* CommentModel.h */ = {isa = PBXFileReference; fileEncoding = 4; lastKnownFileType = sourcecode.c.h; path = CommentModel.h; sourceTree = "<group>"; };
		BA2009D11A6F9B2F0052EE0F /* CommentModel.m */ = {isa = PBXFileReference; fileEncoding = 4; lastKnownFileType = sourcecode.c.objc; path = CommentModel.m; sourceTree = "<group>"; };
		BA2009D31A6FA5150052EE0F /* CollectionDelegator.h */ = {isa = PBXFileReference; fileEncoding = 4; lastKnownFileType = sourcecode.c.h; path = CollectionDelegator.h; sourceTree = "<group>"; };
		BA2009D41A6FA5150052EE0F /* CollectionDelegator.m */ = {isa = PBXFileReference; fileEncoding = 4; lastKnownFileType = sourcecode.c.objc; path = CollectionDelegator.m; sourceTree = "<group>"; };
		BA2009D61A6FB49D0052EE0F /* UsersCollectionDelegator.h */ = {isa = PBXFileReference; fileEncoding = 4; lastKnownFileType = sourcecode.c.h; path = UsersCollectionDelegator.h; sourceTree = "<group>"; };
		BA2009D71A6FB49D0052EE0F /* UsersCollectionDelegator.m */ = {isa = PBXFileReference; fileEncoding = 4; lastKnownFileType = sourcecode.c.objc; path = UsersCollectionDelegator.m; sourceTree = "<group>"; };
		BA2009D91A70D7060052EE0F /* UserDetailViewController.h */ = {isa = PBXFileReference; fileEncoding = 4; lastKnownFileType = sourcecode.c.h; path = UserDetailViewController.h; sourceTree = "<group>"; };
		BA2009DA1A70D7060052EE0F /* UserDetailViewController.m */ = {isa = PBXFileReference; fileEncoding = 4; lastKnownFileType = sourcecode.c.objc; path = UserDetailViewController.m; sourceTree = "<group>"; };
		BA2009DB1A70D7060052EE0F /* UserDetailViewController.xib */ = {isa = PBXFileReference; fileEncoding = 4; lastKnownFileType = file.xib; path = UserDetailViewController.xib; sourceTree = "<group>"; };
		BA2009E11A71E0A40052EE0F /* TestViewController.h */ = {isa = PBXFileReference; fileEncoding = 4; lastKnownFileType = sourcecode.c.h; path = TestViewController.h; sourceTree = "<group>"; };
		BA2009E21A71E0A40052EE0F /* TestViewController.m */ = {isa = PBXFileReference; fileEncoding = 4; lastKnownFileType = sourcecode.c.objc; path = TestViewController.m; sourceTree = "<group>"; };
		BA2009E31A71E0A40052EE0F /* TestViewController.xib */ = {isa = PBXFileReference; fileEncoding = 4; lastKnownFileType = file.xib; path = TestViewController.xib; sourceTree = "<group>"; };
		BA2009E61A7770F20052EE0F /* ValidateVerifyCodeParameter.h */ = {isa = PBXFileReference; fileEncoding = 4; lastKnownFileType = sourcecode.c.h; path = ValidateVerifyCodeParameter.h; sourceTree = "<group>"; };
		BA2009E71A7770F20052EE0F /* ValidateVerifyCodeParameter.m */ = {isa = PBXFileReference; fileEncoding = 4; lastKnownFileType = sourcecode.c.objc; path = ValidateVerifyCodeParameter.m; sourceTree = "<group>"; };
		BA2009E91A778BFF0052EE0F /* SetPersonalInfoParameter.h */ = {isa = PBXFileReference; fileEncoding = 4; lastKnownFileType = sourcecode.c.h; path = SetPersonalInfoParameter.h; sourceTree = "<group>"; };
		BA2009EA1A778BFF0052EE0F /* SetPersonalInfoParameter.m */ = {isa = PBXFileReference; fileEncoding = 4; lastKnownFileType = sourcecode.c.objc; path = SetPersonalInfoParameter.m; sourceTree = "<group>"; };
		BA6BC70D1A635FE400DA033C /* AppDelegate.h */ = {isa = PBXFileReference; fileEncoding = 4; lastKnownFileType = sourcecode.c.h; path = AppDelegate.h; sourceTree = "<group>"; };
		BA6BC70E1A635FE400DA033C /* AppDelegate.m */ = {isa = PBXFileReference; fileEncoding = 4; lastKnownFileType = sourcecode.c.objc; path = AppDelegate.m; sourceTree = "<group>"; };
		BA6BC7151A63606700DA033C /* RegisterViewController.h */ = {isa = PBXFileReference; fileEncoding = 4; lastKnownFileType = sourcecode.c.h; path = RegisterViewController.h; sourceTree = "<group>"; };
		BA6BC7161A63606700DA033C /* RegisterViewController.m */ = {isa = PBXFileReference; fileEncoding = 4; lastKnownFileType = sourcecode.c.objc; path = RegisterViewController.m; sourceTree = "<group>"; };
		BA6BC71A1A63607F00DA033C /* RegisterViewController.xib */ = {isa = PBXFileReference; fileEncoding = 4; lastKnownFileType = file.xib; path = RegisterViewController.xib; sourceTree = "<group>"; };
		BA6BC71E1A63627B00DA033C /* LoginViewController.h */ = {isa = PBXFileReference; fileEncoding = 4; lastKnownFileType = sourcecode.c.h; path = LoginViewController.h; sourceTree = "<group>"; };
		BA6BC71F1A63627B00DA033C /* LoginViewController.m */ = {isa = PBXFileReference; fileEncoding = 4; lastKnownFileType = sourcecode.c.objc; path = LoginViewController.m; sourceTree = "<group>"; };
		BA6BC7201A63627B00DA033C /* LoginViewController.xib */ = {isa = PBXFileReference; fileEncoding = 4; lastKnownFileType = file.xib; path = LoginViewController.xib; sourceTree = "<group>"; };
		BA6BC7211A63627B00DA033C /* MainActivitiesViewController.h */ = {isa = PBXFileReference; fileEncoding = 4; lastKnownFileType = sourcecode.c.h; path = MainActivitiesViewController.h; sourceTree = "<group>"; };
		BA6BC7221A63627B00DA033C /* MainActivitiesViewController.m */ = {isa = PBXFileReference; fileEncoding = 4; lastKnownFileType = sourcecode.c.objc; path = MainActivitiesViewController.m; sourceTree = "<group>"; };
		BA6BC7231A63627B00DA033C /* MainActivitiesViewController.xib */ = {isa = PBXFileReference; fileEncoding = 4; lastKnownFileType = file.xib; path = MainActivitiesViewController.xib; sourceTree = "<group>"; };
		BA6BC7291A63628800DA033C /* ActivityModel.h */ = {isa = PBXFileReference; fileEncoding = 4; lastKnownFileType = sourcecode.c.h; path = ActivityModel.h; sourceTree = "<group>"; };
		BA6BC72A1A63628800DA033C /* ActivityModel.m */ = {isa = PBXFileReference; fileEncoding = 4; lastKnownFileType = sourcecode.c.objc; path = ActivityModel.m; sourceTree = "<group>"; };
		BA6BC72C1A63629400DA033C /* ActivitiesCollectionDelegator.h */ = {isa = PBXFileReference; fileEncoding = 4; lastKnownFileType = sourcecode.c.h; path = ActivitiesCollectionDelegator.h; sourceTree = "<group>"; };
		BA6BC72D1A63629400DA033C /* ActivitiesCollectionDelegator.m */ = {isa = PBXFileReference; fileEncoding = 4; lastKnownFileType = sourcecode.c.objc; path = ActivitiesCollectionDelegator.m; sourceTree = "<group>"; };
		BA6BC72E1A63629400DA033C /* ControllerCoordinator.h */ = {isa = PBXFileReference; fileEncoding = 4; lastKnownFileType = sourcecode.c.h; path = ControllerCoordinator.h; sourceTree = "<group>"; };
		BA6BC72F1A63629400DA033C /* ControllerCoordinator.m */ = {isa = PBXFileReference; fileEncoding = 4; lastKnownFileType = sourcecode.c.objc; path = ControllerCoordinator.m; sourceTree = "<group>"; };
		BA6BC7321A63644500DA033C /* AbstractViewController.h */ = {isa = PBXFileReference; fileEncoding = 4; lastKnownFileType = sourcecode.c.h; path = AbstractViewController.h; sourceTree = "<group>"; };
		BA6BC7331A63644500DA033C /* AbstractViewController.m */ = {isa = PBXFileReference; fileEncoding = 4; lastKnownFileType = sourcecode.c.objc; path = AbstractViewController.m; sourceTree = "<group>"; };
		BA6BC73A1A63651600DA033C /* UIView+HUD.h */ = {isa = PBXFileReference; fileEncoding = 4; lastKnownFileType = sourcecode.c.h; path = "UIView+HUD.h"; sourceTree = "<group>"; };
		BA6BC73B1A63651600DA033C /* UIView+HUD.m */ = {isa = PBXFileReference; fileEncoding = 4; lastKnownFileType = sourcecode.c.objc; path = "UIView+HUD.m"; sourceTree = "<group>"; };
		BAB11C7A1A6667C4007FDE38 /* CCStatusManager.h */ = {isa = PBXFileReference; fileEncoding = 4; lastKnownFileType = sourcecode.c.h; path = CCStatusManager.h; sourceTree = "<group>"; };
		BAB11C7B1A6667C4007FDE38 /* CCStatusManager.m */ = {isa = PBXFileReference; fileEncoding = 4; lastKnownFileType = sourcecode.c.objc; path = CCStatusManager.m; sourceTree = "<group>"; };
		BAB11C7D1A6670FB007FDE38 /* GetActivityWithInviteCodeParameter.h */ = {isa = PBXFileReference; fileEncoding = 4; lastKnownFileType = sourcecode.c.h; path = GetActivityWithInviteCodeParameter.h; sourceTree = "<group>"; };
		BAB11C7E1A6670FB007FDE38 /* GetActivityWithInviteCodeParameter.m */ = {isa = PBXFileReference; fileEncoding = 4; lastKnownFileType = sourcecode.c.objc; path = GetActivityWithInviteCodeParameter.m; sourceTree = "<group>"; };
		BAB11C801A668C80007FDE38 /* InviteActivityDetailViewController.h */ = {isa = PBXFileReference; fileEncoding = 4; lastKnownFileType = sourcecode.c.h; path = InviteActivityDetailViewController.h; sourceTree = "<group>"; };
		BAB11C811A668C80007FDE38 /* InviteActivityDetailViewController.m */ = {isa = PBXFileReference; fileEncoding = 4; lastKnownFileType = sourcecode.c.objc; path = InviteActivityDetailViewController.m; sourceTree = "<group>"; };
		BAB11C821A668C80007FDE38 /* InviteActivityDetailViewController.xib */ = {isa = PBXFileReference; fileEncoding = 4; lastKnownFileType = file.xib; path = InviteActivityDetailViewController.xib; sourceTree = "<group>"; };
		BAB11C851A675B0E007FDE38 /* MyViewController.h */ = {isa = PBXFileReference; fileEncoding = 4; lastKnownFileType = sourcecode.c.h; path = MyViewController.h; sourceTree = "<group>"; };
		BAB11C861A675B0E007FDE38 /* MyViewController.m */ = {isa = PBXFileReference; fileEncoding = 4; lastKnownFileType = sourcecode.c.objc; path = MyViewController.m; sourceTree = "<group>"; };
		BAB11C871A675B0E007FDE38 /* MyViewController.xib */ = {isa = PBXFileReference; fileEncoding = 4; lastKnownFileType = file.xib; path = MyViewController.xib; sourceTree = "<group>"; };
		BAB11C8A1A679C9A007FDE38 /* FollowingViewController.h */ = {isa = PBXFileReference; fileEncoding = 4; lastKnownFileType = sourcecode.c.h; path = FollowingViewController.h; sourceTree = "<group>"; };
		BAB11C8B1A679C9A007FDE38 /* FollowingViewController.m */ = {isa = PBXFileReference; fileEncoding = 4; lastKnownFileType = sourcecode.c.objc; path = FollowingViewController.m; sourceTree = "<group>"; };
		BAB11C8C1A679C9A007FDE38 /* FollowingViewController.xib */ = {isa = PBXFileReference; fileEncoding = 4; lastKnownFileType = file.xib; path = FollowingViewController.xib; sourceTree = "<group>"; };
		BAB11C8F1A679CE7007FDE38 /* UserActivitiesViewController.h */ = {isa = PBXFileReference; fileEncoding = 4; lastKnownFileType = sourcecode.c.h; path = UserActivitiesViewController.h; sourceTree = "<group>"; };
		BAB11C901A679CE7007FDE38 /* UserActivitiesViewController.m */ = {isa = PBXFileReference; fileEncoding = 4; lastKnownFileType = sourcecode.c.objc; path = UserActivitiesViewController.m; sourceTree = "<group>"; };
		BAB11C911A679CE7007FDE38 /* UserActivitiesViewController.xib */ = {isa = PBXFileReference; fileEncoding = 4; lastKnownFileType = file.xib; path = UserActivitiesViewController.xib; sourceTree = "<group>"; };
		BAB11C941A67A28B007FDE38 /* FollowerViewController.h */ = {isa = PBXFileReference; fileEncoding = 4; lastKnownFileType = sourcecode.c.h; path = FollowerViewController.h; sourceTree = "<group>"; };
		BAB11C951A67A28B007FDE38 /* FollowerViewController.m */ = {isa = PBXFileReference; fileEncoding = 4; lastKnownFileType = sourcecode.c.objc; path = FollowerViewController.m; sourceTree = "<group>"; };
		BAB11C961A67A28B007FDE38 /* FollowerViewController.xib */ = {isa = PBXFileReference; fileEncoding = 4; lastKnownFileType = file.xib; path = FollowerViewController.xib; sourceTree = "<group>"; };
		BAB11C9E1A68F7A1007FDE38 /* Common.h */ = {isa = PBXFileReference; lastKnownFileType = sourcecode.c.h; path = Common.h; sourceTree = "<group>"; };
		BAB11C9F1A690E6F007FDE38 /* UIImage+color.h */ = {isa = PBXFileReference; fileEncoding = 4; lastKnownFileType = sourcecode.c.h; path = "UIImage+color.h"; sourceTree = "<group>"; };
		BAB11CA01A690E6F007FDE38 /* UIImage+color.m */ = {isa = PBXFileReference; fileEncoding = 4; lastKnownFileType = sourcecode.c.objc; path = "UIImage+color.m"; sourceTree = "<group>"; };
		BAB11CA21A6910E9007FDE38 /* UIView+square2Round.h */ = {isa = PBXFileReference; fileEncoding = 4; lastKnownFileType = sourcecode.c.h; path = "UIView+square2Round.h"; sourceTree = "<group>"; };
		BAB11CA31A6910E9007FDE38 /* UIView+square2Round.m */ = {isa = PBXFileReference; fileEncoding = 4; lastKnownFileType = sourcecode.c.objc; path = "UIView+square2Round.m"; sourceTree = "<group>"; };
		BAB11CA71A69FE5B007FDE38 /* ActivityCell.h */ = {isa = PBXFileReference; fileEncoding = 4; lastKnownFileType = sourcecode.c.h; path = ActivityCell.h; sourceTree = "<group>"; };
		BAB11CA81A69FE5B007FDE38 /* ActivityCell.m */ = {isa = PBXFileReference; fileEncoding = 4; lastKnownFileType = sourcecode.c.objc; path = ActivityCell.m; sourceTree = "<group>"; };
		BAB11CAA1A6CE021007FDE38 /* UserProfileCard.h */ = {isa = PBXFileReference; fileEncoding = 4; lastKnownFileType = sourcecode.c.h; path = UserProfileCard.h; sourceTree = "<group>"; };
		BAB11CAB1A6CE021007FDE38 /* UserProfileCard.m */ = {isa = PBXFileReference; fileEncoding = 4; lastKnownFileType = sourcecode.c.objc; path = UserProfileCard.m; sourceTree = "<group>"; };
		BAB11CAD1A6CE032007FDE38 /* UserProfileCard.xib */ = {isa = PBXFileReference; fileEncoding = 4; lastKnownFileType = file.xib; path = UserProfileCard.xib; sourceTree = "<group>"; };
		BAB11CAF1A6CFDC5007FDE38 /* UIView+frame.h */ = {isa = PBXFileReference; fileEncoding = 4; lastKnownFileType = sourcecode.c.h; path = "UIView+frame.h"; sourceTree = "<group>"; };
		BAB11CB01A6CFDC5007FDE38 /* UIView+frame.m */ = {isa = PBXFileReference; fileEncoding = 4; lastKnownFileType = sourcecode.c.objc; path = "UIView+frame.m"; sourceTree = "<group>"; };
		BAB8108D1A638FA800142DDA /* PrefixHeader.pch */ = {isa = PBXFileReference; lastKnownFileType = sourcecode.c.h; path = PrefixHeader.pch; sourceTree = "<group>"; };
		BAB810931A639D1900142DDA /* ForgetPasswordViewController.h */ = {isa = PBXFileReference; fileEncoding = 4; lastKnownFileType = sourcecode.c.h; path = ForgetPasswordViewController.h; sourceTree = "<group>"; };
		BAB810941A639D1900142DDA /* ForgetPasswordViewController.m */ = {isa = PBXFileReference; fileEncoding = 4; lastKnownFileType = sourcecode.c.objc; path = ForgetPasswordViewController.m; sourceTree = "<group>"; };
		BAB810951A639D1900142DDA /* ForgetPasswordViewController.xib */ = {isa = PBXFileReference; fileEncoding = 4; lastKnownFileType = file.xib; path = ForgetPasswordViewController.xib; sourceTree = "<group>"; };
		BAB810981A63A85D00142DDA /* CompletePersonalInfoViewController.h */ = {isa = PBXFileReference; fileEncoding = 4; lastKnownFileType = sourcecode.c.h; path = CompletePersonalInfoViewController.h; sourceTree = "<group>"; };
		BAB810991A63A85D00142DDA /* CompletePersonalInfoViewController.m */ = {isa = PBXFileReference; fileEncoding = 4; lastKnownFileType = sourcecode.c.objc; path = CompletePersonalInfoViewController.m; sourceTree = "<group>"; };
		BAB8109A1A63A85D00142DDA /* CompletePersonalInfoViewController.xib */ = {isa = PBXFileReference; fileEncoding = 4; lastKnownFileType = file.xib; path = CompletePersonalInfoViewController.xib; sourceTree = "<group>"; };
		BAB810A01A63C1A100142DDA /* UserCreatActivityDescriptionView.h */ = {isa = PBXFileReference; fileEncoding = 4; lastKnownFileType = sourcecode.c.h; path = UserCreatActivityDescriptionView.h; sourceTree = "<group>"; };
		BAB810A11A63C1A100142DDA /* UserCreatActivityDescriptionView.m */ = {isa = PBXFileReference; fileEncoding = 4; lastKnownFileType = sourcecode.c.objc; path = UserCreatActivityDescriptionView.m; sourceTree = "<group>"; };
		BAB810A31A63C1B400142DDA /* UserCreatActivityDescriptionView.xib */ = {isa = PBXFileReference; fileEncoding = 4; lastKnownFileType = file.xib; path = UserCreatActivityDescriptionView.xib; sourceTree = "<group>"; };
		BAD65A661A5FA89200987B06 /* CarChat.app */ = {isa = PBXFileReference; explicitFileType = wrapper.application; includeInIndex = 0; path = CarChat.app; sourceTree = BUILT_PRODUCTS_DIR; };
		BAD65A6A1A5FA89200987B06 /* Info.plist */ = {isa = PBXFileReference; lastKnownFileType = text.plist.xml; path = Info.plist; sourceTree = "<group>"; };
		BAD65A6B1A5FA89200987B06 /* main.mm */ = {isa = PBXFileReference; lastKnownFileType = sourcecode.cpp.objcpp; path = main.mm; sourceTree = "<group>"; };
		BAD65A711A5FA89200987B06 /* CarChat.xcdatamodel */ = {isa = PBXFileReference; lastKnownFileType = wrapper.xcdatamodel; path = CarChat.xcdatamodel; sourceTree = "<group>"; };
		BAD65A771A5FA89200987B06 /* Base */ = {isa = PBXFileReference; lastKnownFileType = file.storyboard; name = Base; path = Base.lproj/Main.storyboard; sourceTree = "<group>"; };
		BAD65A791A5FA89200987B06 /* Images.xcassets */ = {isa = PBXFileReference; lastKnownFileType = folder.assetcatalog; path = Images.xcassets; sourceTree = "<group>"; };
		BAD65A7C1A5FA89200987B06 /* Base */ = {isa = PBXFileReference; lastKnownFileType = file.xib; name = Base; path = Base.lproj/LaunchScreen.xib; sourceTree = "<group>"; };
		BAD65A821A5FA89200987B06 /* CarChatTests.xctest */ = {isa = PBXFileReference; explicitFileType = wrapper.cfbundle; includeInIndex = 0; path = CarChatTests.xctest; sourceTree = BUILT_PRODUCTS_DIR; };
		BAD65A871A5FA89200987B06 /* Info.plist */ = {isa = PBXFileReference; lastKnownFileType = text.plist.xml; path = Info.plist; sourceTree = "<group>"; };
		BAD65A881A5FA89200987B06 /* CarChatTests.m */ = {isa = PBXFileReference; lastKnownFileType = sourcecode.c.objc; path = CarChatTests.m; sourceTree = "<group>"; };
		BAD7231A1A64BF5100FB4645 /* NSDate+Helpers.h */ = {isa = PBXFileReference; fileEncoding = 4; lastKnownFileType = sourcecode.c.h; path = "NSDate+Helpers.h"; sourceTree = "<group>"; };
		BAD7231B1A64BF5100FB4645 /* NSDate+Helpers.m */ = {isa = PBXFileReference; fileEncoding = 4; lastKnownFileType = sourcecode.c.objc; path = "NSDate+Helpers.m"; sourceTree = "<group>"; };
		BAD7231C1A64BF5100FB4645 /* NSString+Helpers.h */ = {isa = PBXFileReference; fileEncoding = 4; lastKnownFileType = sourcecode.c.h; path = "NSString+Helpers.h"; sourceTree = "<group>"; };
		BAD7231D1A64BF5100FB4645 /* NSString+Helpers.m */ = {isa = PBXFileReference; fileEncoding = 4; lastKnownFileType = sourcecode.c.objc; path = "NSString+Helpers.m"; sourceTree = "<group>"; };
		BAD7231E1A64BF5100FB4645 /* NSUserDefaults+Helpers.h */ = {isa = PBXFileReference; fileEncoding = 4; lastKnownFileType = sourcecode.c.h; path = "NSUserDefaults+Helpers.h"; sourceTree = "<group>"; };
		BAD7231F1A64BF5100FB4645 /* NSUserDefaults+Helpers.m */ = {isa = PBXFileReference; fileEncoding = 4; lastKnownFileType = sourcecode.c.objc; path = "NSUserDefaults+Helpers.m"; sourceTree = "<group>"; };
		BAD723201A64BF5100FB4645 /* UIColor+Helper.h */ = {isa = PBXFileReference; fileEncoding = 4; lastKnownFileType = sourcecode.c.h; path = "UIColor+Helper.h"; sourceTree = "<group>"; };
		BAD723211A64BF5100FB4645 /* UIColor+Helper.m */ = {isa = PBXFileReference; fileEncoding = 4; lastKnownFileType = sourcecode.c.objc; path = "UIColor+Helper.m"; sourceTree = "<group>"; };
		BAD723221A64BF5100FB4645 /* UIImage+Gif.h */ = {isa = PBXFileReference; fileEncoding = 4; lastKnownFileType = sourcecode.c.h; path = "UIImage+Gif.h"; sourceTree = "<group>"; };
		BAD723231A64BF5100FB4645 /* UIImage+Gif.m */ = {isa = PBXFileReference; fileEncoding = 4; lastKnownFileType = sourcecode.c.objc; path = "UIImage+Gif.m"; sourceTree = "<group>"; };
		BAD723291A64D3DF00FB4645 /* ServerPolicyViewController.h */ = {isa = PBXFileReference; fileEncoding = 4; lastKnownFileType = sourcecode.c.h; path = ServerPolicyViewController.h; sourceTree = "<group>"; };
		BAD7232A1A64D3DF00FB4645 /* ServerPolicyViewController.m */ = {isa = PBXFileReference; fileEncoding = 4; lastKnownFileType = sourcecode.c.objc; path = ServerPolicyViewController.m; sourceTree = "<group>"; };
		BAD7232B1A64D3DF00FB4645 /* ServerPolicyViewController.xib */ = {isa = PBXFileReference; fileEncoding = 4; lastKnownFileType = file.xib; path = ServerPolicyViewController.xib; sourceTree = "<group>"; };
		BAD723341A64FA6900FB4645 /* PersonalInfoView.h */ = {isa = PBXFileReference; fileEncoding = 4; lastKnownFileType = sourcecode.c.h; path = PersonalInfoView.h; sourceTree = "<group>"; };
		BAD723351A64FA6900FB4645 /* PersonalInfoView.m */ = {isa = PBXFileReference; fileEncoding = 4; lastKnownFileType = sourcecode.c.objc; path = PersonalInfoView.m; sourceTree = "<group>"; };
		BAD723371A64FAA300FB4645 /* PersonalInfoView.xib */ = {isa = PBXFileReference; fileEncoding = 4; lastKnownFileType = file.xib; path = PersonalInfoView.xib; sourceTree = "<group>"; };
		BAD723391A64FC9300FB4645 /* UserModel.h */ = {isa = PBXFileReference; fileEncoding = 4; lastKnownFileType = sourcecode.c.h; path = UserModel.h; sourceTree = "<group>"; };
		BAD7233A1A64FC9300FB4645 /* UserModel.m */ = {isa = PBXFileReference; fileEncoding = 4; lastKnownFileType = sourcecode.c.objc; path = UserModel.m; sourceTree = "<group>"; };
		BADD16CD1A78C174004AE9FC /* GetSuggestActivitiesParameter.h */ = {isa = PBXFileReference; fileEncoding = 4; lastKnownFileType = sourcecode.c.h; path = GetSuggestActivitiesParameter.h; sourceTree = "<group>"; };
		BADD16CE1A78C174004AE9FC /* GetSuggestActivitiesParameter.m */ = {isa = PBXFileReference; fileEncoding = 4; lastKnownFileType = sourcecode.c.objc; path = GetSuggestActivitiesParameter.m; sourceTree = "<group>"; };
		BADD16D01A7A05FE004AE9FC /* GetUserInfoParameter.h */ = {isa = PBXFileReference; fileEncoding = 4; lastKnownFileType = sourcecode.c.h; path = GetUserInfoParameter.h; sourceTree = "<group>"; };
		BADD16D11A7A05FE004AE9FC /* GetUserInfoParameter.m */ = {isa = PBXFileReference; fileEncoding = 4; lastKnownFileType = sourcecode.c.objc; path = GetUserInfoParameter.m; sourceTree = "<group>"; };
		BADD16D31A7A1785004AE9FC /* GetUserJoiningActivitiesParameter.h */ = {isa = PBXFileReference; fileEncoding = 4; lastKnownFileType = sourcecode.c.h; path = GetUserJoiningActivitiesParameter.h; sourceTree = "<group>"; };
		BADD16D41A7A1785004AE9FC /* GetUserJoiningActivitiesParameter.m */ = {isa = PBXFileReference; fileEncoding = 4; lastKnownFileType = sourcecode.c.objc; path = GetUserJoiningActivitiesParameter.m; sourceTree = "<group>"; };
		BADD16D61A7A17DD004AE9FC /* GetFollowingParameter.h */ = {isa = PBXFileReference; fileEncoding = 4; lastKnownFileType = sourcecode.c.h; path = GetFollowingParameter.h; sourceTree = "<group>"; };
		BADD16D71A7A17DD004AE9FC /* GetFollowingParameter.m */ = {isa = PBXFileReference; fileEncoding = 4; lastKnownFileType = sourcecode.c.objc; path = GetFollowingParameter.m; sourceTree = "<group>"; };
		BADD16D91A7A17EF004AE9FC /* GetFollowersParameter.h */ = {isa = PBXFileReference; fileEncoding = 4; lastKnownFileType = sourcecode.c.h; path = GetFollowersParameter.h; sourceTree = "<group>"; };
		BADD16DA1A7A17EF004AE9FC /* GetFollowersParameter.m */ = {isa = PBXFileReference; fileEncoding = 4; lastKnownFileType = sourcecode.c.objc; path = GetFollowersParameter.m; sourceTree = "<group>"; };
		BADD16DC1A7A253A004AE9FC /* FollowUserParameter.h */ = {isa = PBXFileReference; fileEncoding = 4; lastKnownFileType = sourcecode.c.h; path = FollowUserParameter.h; sourceTree = "<group>"; };
		BADD16DD1A7A253A004AE9FC /* FollowUserParameter.m */ = {isa = PBXFileReference; fileEncoding = 4; lastKnownFileType = sourcecode.c.objc; path = FollowUserParameter.m; sourceTree = "<group>"; };
		BADD16DF1A7A2547004AE9FC /* UnfollowUserParameter.h */ = {isa = PBXFileReference; fileEncoding = 4; lastKnownFileType = sourcecode.c.h; path = UnfollowUserParameter.h; sourceTree = "<group>"; };
		BADD16E01A7A2547004AE9FC /* UnfollowUserParameter.m */ = {isa = PBXFileReference; fileEncoding = 4; lastKnownFileType = sourcecode.c.objc; path = UnfollowUserParameter.m; sourceTree = "<group>"; };
		BADD16E21A7A2B3C004AE9FC /* UserModel+helper.h */ = {isa = PBXFileReference; fileEncoding = 4; lastKnownFileType = sourcecode.c.h; path = "UserModel+helper.h"; sourceTree = "<group>"; };
		BADD16E31A7A2B3C004AE9FC /* UserModel+helper.m */ = {isa = PBXFileReference; fileEncoding = 4; lastKnownFileType = sourcecode.c.objc; path = "UserModel+helper.m"; sourceTree = "<group>"; };
		BAEBBE211A6E22E200020978 /* UserCell.h */ = {isa = PBXFileReference; fileEncoding = 4; lastKnownFileType = sourcecode.c.h; path = UserCell.h; sourceTree = "<group>"; };
		BAEBBE221A6E22E200020978 /* UserCell.m */ = {isa = PBXFileReference; fileEncoding = 4; lastKnownFileType = sourcecode.c.objc; path = UserCell.m; sourceTree = "<group>"; };
		D0739C1B0EA98A7CE326B445 /* Pods.release.xcconfig */ = {isa = PBXFileReference; includeInIndex = 1; lastKnownFileType = text.xcconfig; name = Pods.release.xcconfig; path = "Pods/Target Support Files/Pods/Pods.release.xcconfig"; sourceTree = "<group>"; };
/* End PBXFileReference section */

/* Begin PBXFrameworksBuildPhase section */
		BAD65A631A5FA89200987B06 /* Frameworks */ = {
			isa = PBXFrameworksBuildPhase;
			buildActionMask = 2147483647;
			files = (
				A5D126AC1A8124E8000DE04D /* libPods.a in Frameworks */,
				A5D126AA1A8120D2000DE04D /* libsqlite3.0.dylib in Frameworks */,
				A5D126A81A8120C9000DE04D /* libz.dylib in Frameworks */,
				A5D126A41A8119FF000DE04D /* libWeChatSDK.a in Frameworks */,
			);
			runOnlyForDeploymentPostprocessing = 0;
		};
		BAD65A7F1A5FA89200987B06 /* Frameworks */ = {
			isa = PBXFrameworksBuildPhase;
			buildActionMask = 2147483647;
			files = (
			);
			runOnlyForDeploymentPostprocessing = 0;
		};
/* End PBXFrameworksBuildPhase section */

/* Begin PBXGroup section */
		4607AC9485DFC4302F334B2B /* Frameworks */ = {
			isa = PBXGroup;
			children = (
				A5D126AB1A8124E8000DE04D /* libPods.a */,
				A5D126A91A8120D2000DE04D /* libsqlite3.0.dylib */,
				A5D126A71A8120C9000DE04D /* libz.dylib */,
				12FB037F979C42EA46571C1A /* libPods.a */,
			);
			name = Frameworks;
			sourceTree = "<group>";
		};
		7E415BED1A66C4B20025E5FB /* My */ = {
			isa = PBXGroup;
			children = (
				BAB11C851A675B0E007FDE38 /* MyViewController.h */,
				BAB11C861A675B0E007FDE38 /* MyViewController.m */,
				BAB11C871A675B0E007FDE38 /* MyViewController.xib */,
				7E2F430E1A6D428A00971789 /* PersonalProfileViewController.h */,
				7E2F430F1A6D428A00971789 /* PersonalProfileViewController.m */,
				7E2F43101A6D428A00971789 /* PersonalProfileViewController.xib */,
				7E2F43131A6D46B800971789 /* UploadCertifyProfileViewController.h */,
				7E2F43141A6D46B800971789 /* UploadCertifyProfileViewController.m */,
				7E2F43151A6D46B800971789 /* UploadCertifyProfileViewController.xib */,
				7E415BEE1A66CABA0025E5FB /* InviteViewController.h */,
				7E415BEF1A66CABA0025E5FB /* InviteViewController.m */,
				7E415BF01A66CABA0025E5FB /* InviteViewController.xib */,
				BA2009D91A70D7060052EE0F /* UserDetailViewController.h */,
				BA2009DA1A70D7060052EE0F /* UserDetailViewController.m */,
				BA2009DB1A70D7060052EE0F /* UserDetailViewController.xib */,
				BAB11C8A1A679C9A007FDE38 /* FollowingViewController.h */,
				BAB11C8B1A679C9A007FDE38 /* FollowingViewController.m */,
				BAB11C8C1A679C9A007FDE38 /* FollowingViewController.xib */,
				BAB11C941A67A28B007FDE38 /* FollowerViewController.h */,
				BAB11C951A67A28B007FDE38 /* FollowerViewController.m */,
				BAB11C961A67A28B007FDE38 /* FollowerViewController.xib */,
				BAB11C8F1A679CE7007FDE38 /* UserActivitiesViewController.h */,
				BAB11C901A679CE7007FDE38 /* UserActivitiesViewController.m */,
				BAB11C911A679CE7007FDE38 /* UserActivitiesViewController.xib */,
			);
			name = My;
			sourceTree = "<group>";
		};
		7EF6A0141A641E510022DBCE /* Networking */ = {
			isa = PBXGroup;
			children = (
				BA0355771A664BC700252F99 /* responseObject */,
				7EF6A0151A641E5B0022DBCE /* requestParameter */,
				7EF16D341A63FED00008B16F /* CCNetworkManager.h */,
				7EF16D351A63FED00008B16F /* CCNetworkManager.m */,
				7EF6A0131A641A420022DBCE /* CCNetworkResponse.h */,
			);
			name = Networking;
			sourceTree = "<group>";
		};
		7EF6A0151A641E5B0022DBCE /* requestParameter */ = {
			isa = PBXGroup;
			children = (
				7EF6A0161A641ED70022DBCE /* ABCParameter.h */,
				7EF6A0171A641ED70022DBCE /* ABCParameter.m */,
				BADD16CD1A78C174004AE9FC /* GetSuggestActivitiesParameter.h */,
				BADD16CE1A78C174004AE9FC /* GetSuggestActivitiesParameter.m */,
				A58BCEA41A86803100C2300B /* SubmitCertificationProfileParameter.h */,
				A58BCEA51A86803100C2300B /* SubmitCertificationProfileParameter.m */,
				A58BCEA71A86808500C2300B /* GetActivitiesDetailParameter.h */,
				A58BCEA81A86808500C2300B /* GetActivitiesDetailParameter.m */,
				A58BCEAA1A8680AF00C2300B /* InviteUsersParameter.h */,
				A58BCEAB1A8680AF00C2300B /* InviteUsersParameter.m */,
				A58BCEAD1A8680DD00C2300B /* ChatToUserParameter.h */,
				A58BCEAE1A8680DD00C2300B /* ChatToUserParameter.m */,
				A58BCEB01A86810F00C2300B /* UploadPhotosParameter.h */,
				A58BCEB11A86810F00C2300B /* UploadPhotosParameter.m */,
				BA0355681A660AAB00252F99 /* ParameterFactory.h */,
				BA0355691A660AAB00252F99 /* ParameterFactory.m */,
				7EF6A0191A641FEC0022DBCE /* LoginParameter.h */,
				7EF6A01A1A641FEC0022DBCE /* LoginParameter.m */,
				BA03556B1A660E0400252F99 /* ValidateInviteCodeParameter.h */,
				BA03556C1A660E0400252F99 /* ValidateInviteCodeParameter.m */,
				BA03556E1A66196100252F99 /* RegisterParameter.h */,
				BA03556F1A66196100252F99 /* RegisterParameter.m */,
				BA2009E91A778BFF0052EE0F /* SetPersonalInfoParameter.h */,
				BA2009EA1A778BFF0052EE0F /* SetPersonalInfoParameter.m */,
				BADD16D01A7A05FE004AE9FC /* GetUserInfoParameter.h */,
				BADD16D11A7A05FE004AE9FC /* GetUserInfoParameter.m */,
				BA0355711A661C7500252F99 /* GetVerifySMSParameter.h */,
				BA0355721A661C7500252F99 /* GetVerifySMSParameter.m */,
				BA2009E61A7770F20052EE0F /* ValidateVerifyCodeParameter.h */,
				BA2009E71A7770F20052EE0F /* ValidateVerifyCodeParameter.m */,
				BA0355741A6638B100252F99 /* ResetPasswordParameter.h */,
				BA0355751A6638B100252F99 /* ResetPasswordParameter.m */,
				BAB11C7D1A6670FB007FDE38 /* GetActivityWithInviteCodeParameter.h */,
				BAB11C7E1A6670FB007FDE38 /* GetActivityWithInviteCodeParameter.m */,
				A503677A1A7CC47A00CACE08 /* ReplyInvitationParameter.h */,
				A503677B1A7CC47A00CACE08 /* ReplyInvitationParameter.m */,
				A503677D1A7CD90F00CACE08 /* GetParticipantsParameter.h */,
				A503677E1A7CD90F00CACE08 /* GetParticipantsParameter.m */,
				7E415BEA1A66B2ED0025E5FB /* CreateActivityParameter.h */,
				7E415BEB1A66B2ED0025E5FB /* CreateActivityParameter.m */,
				BADD16D31A7A1785004AE9FC /* GetUserJoiningActivitiesParameter.h */,
				BADD16D41A7A1785004AE9FC /* GetUserJoiningActivitiesParameter.m */,
				A58BCEA11A867D4D00C2300B /* GetUserOwningActivitiesParameter.h */,
				A58BCEA21A867D4D00C2300B /* GetUserOwningActivitiesParameter.m */,
				A5FAA7931A7E5C0500C1FD54 /* ReplyActivityParameter.h */,
				A5FAA7941A7E5C0500C1FD54 /* ReplyActivityParameter.m */,
				A5FAA78D1A7E597600C1FD54 /* GetCommentsInActivityParameter.h */,
				A5FAA78E1A7E597600C1FD54 /* GetCommentsInActivityParameter.m */,
				BADD16D61A7A17DD004AE9FC /* GetFollowingParameter.h */,
				BADD16D71A7A17DD004AE9FC /* GetFollowingParameter.m */,
				BADD16D91A7A17EF004AE9FC /* GetFollowersParameter.h */,
				BADD16DA1A7A17EF004AE9FC /* GetFollowersParameter.m */,
				BADD16DC1A7A253A004AE9FC /* FollowUserParameter.h */,
				BADD16DD1A7A253A004AE9FC /* FollowUserParameter.m */,
				BADD16DF1A7A2547004AE9FC /* UnfollowUserParameter.h */,
				BADD16E01A7A2547004AE9FC /* UnfollowUserParameter.m */,
			);
			name = requestParameter;
			sourceTree = "<group>";
		};
		A5D1269F1A8119E2000DE04D /* 3rd_Party */ = {
			isa = PBXGroup;
			children = (
				A5D126A01A8119E3000DE04D /* libWeChatSDK.a */,
				A5D126A11A8119E3000DE04D /* WXApi.h */,
				A5D126A21A8119E3000DE04D /* WXApiObject.h */,
			);
			path = 3rd_Party;
			sourceTree = "<group>";
		};
		BA0355771A664BC700252F99 /* responseObject */ = {
			isa = PBXGroup;
			children = (
				BA03557E1A66502200252F99 /* ConcreteResponseObject.h */,
				BA03557F1A66502200252F99 /* ConcreteResponseObject.m */,
			);
			name = responseObject;
			sourceTree = "<group>";
		};
		BA6BC70C1A635FE400DA033C /* AppDelegate */ = {
			isa = PBXGroup;
			children = (
				BA6BC70D1A635FE400DA033C /* AppDelegate.h */,
				BA6BC70E1A635FE400DA033C /* AppDelegate.m */,
				BA2009E11A71E0A40052EE0F /* TestViewController.h */,
				BA2009E21A71E0A40052EE0F /* TestViewController.m */,
				BA2009E31A71E0A40052EE0F /* TestViewController.xib */,
			);
			path = AppDelegate;
			sourceTree = "<group>";
		};
		BA6BC7101A63603E00DA033C /* Helpers */ = {
			isa = PBXGroup;
			children = (
				BAD7231A1A64BF5100FB4645 /* NSDate+Helpers.h */,
				BAD7231B1A64BF5100FB4645 /* NSDate+Helpers.m */,
				BAD7231C1A64BF5100FB4645 /* NSString+Helpers.h */,
				BAD7231D1A64BF5100FB4645 /* NSString+Helpers.m */,
				BAD7231E1A64BF5100FB4645 /* NSUserDefaults+Helpers.h */,
				BAD7231F1A64BF5100FB4645 /* NSUserDefaults+Helpers.m */,
				BAD723201A64BF5100FB4645 /* UIColor+Helper.h */,
				BAD723211A64BF5100FB4645 /* UIColor+Helper.m */,
				BAD723221A64BF5100FB4645 /* UIImage+Gif.h */,
				BAD723231A64BF5100FB4645 /* UIImage+Gif.m */,
				BA6BC73A1A63651600DA033C /* UIView+HUD.h */,
				BA6BC73B1A63651600DA033C /* UIView+HUD.m */,
				BAB11C9F1A690E6F007FDE38 /* UIImage+color.h */,
				BAB11CA01A690E6F007FDE38 /* UIImage+color.m */,
				BAB11CA21A6910E9007FDE38 /* UIView+square2Round.h */,
				BAB11CA31A6910E9007FDE38 /* UIView+square2Round.m */,
				BAB11CAF1A6CFDC5007FDE38 /* UIView+frame.h */,
				BAB11CB01A6CFDC5007FDE38 /* UIView+frame.m */,
			);
			path = Helpers;
			sourceTree = "<group>";
		};
		BA6BC7111A63603E00DA033C /* Models */ = {
			isa = PBXGroup;
			children = (
				BA6BC7291A63628800DA033C /* ActivityModel.h */,
				BA6BC72A1A63628800DA033C /* ActivityModel.m */,
				A50367771A7BD3D300CACE08 /* ActivityModel+Helper.h */,
				A50367781A7BD3D300CACE08 /* ActivityModel+Helper.m */,
				BAD723391A64FC9300FB4645 /* UserModel.h */,
				BAD7233A1A64FC9300FB4645 /* UserModel.m */,
				BADD16E21A7A2B3C004AE9FC /* UserModel+helper.h */,
				BADD16E31A7A2B3C004AE9FC /* UserModel+helper.m */,
				BA2009D01A6F9B2F0052EE0F /* CommentModel.h */,
				BA2009D11A6F9B2F0052EE0F /* CommentModel.m */,
				A5FAA7901A7E5A7E00C1FD54 /* CommentModel+helper.h */,
				A5FAA7911A7E5A7E00C1FD54 /* CommentModel+helper.m */,
			);
			path = Models;
			sourceTree = "<group>";
		};
		BA6BC7121A63603E00DA033C /* Modules */ = {
			isa = PBXGroup;
			children = (
				BA6BC72E1A63629400DA033C /* ControllerCoordinator.h */,
				BA6BC72F1A63629400DA033C /* ControllerCoordinator.m */,
				BAB11C7A1A6667C4007FDE38 /* CCStatusManager.h */,
				BAB11C7B1A6667C4007FDE38 /* CCStatusManager.m */,
				BAB11C791A666793007FDE38 /* CollectionDelegator */,
				7EF6A0141A641E510022DBCE /* Networking */,
				BAB11C9E1A68F7A1007FDE38 /* Common.h */,
			);
			path = Modules;
			sourceTree = "<group>";
		};
		BA6BC7141A63606700DA033C /* Controllers */ = {
			isa = PBXGroup;
			children = (
				7E415BED1A66C4B20025E5FB /* My */,
				BA6BC73F1A63718700DA033C /* MainActivities */,
				BA6BC7401A63719700DA033C /* ActivityDetail */,
				BA6BC73E1A63717500DA033C /* Login */,
				BA6BC73D1A63716700DA033C /* Register */,
				BAD723301A64F95100FB4645 /* PersonalProfile */,
				BA6BC7381A63647C00DA033C /* ABC */,
			);
			path = Controllers;
			sourceTree = "<group>";
		};
		BA6BC7381A63647C00DA033C /* ABC */ = {
			isa = PBXGroup;
			children = (
				BA6BC7321A63644500DA033C /* AbstractViewController.h */,
				BA6BC7331A63644500DA033C /* AbstractViewController.m */,
			);
			name = ABC;
			sourceTree = "<group>";
		};
		BA6BC73D1A63716700DA033C /* Register */ = {
			isa = PBXGroup;
			children = (
				BA6BC7151A63606700DA033C /* RegisterViewController.h */,
				BA6BC7161A63606700DA033C /* RegisterViewController.m */,
				BA6BC71A1A63607F00DA033C /* RegisterViewController.xib */,
				BAD723291A64D3DF00FB4645 /* ServerPolicyViewController.h */,
				BAD7232A1A64D3DF00FB4645 /* ServerPolicyViewController.m */,
				BAD7232B1A64D3DF00FB4645 /* ServerPolicyViewController.xib */,
			);
			name = Register;
			sourceTree = "<group>";
		};
		BA6BC73E1A63717500DA033C /* Login */ = {
			isa = PBXGroup;
			children = (
				BA6BC71E1A63627B00DA033C /* LoginViewController.h */,
				BA6BC71F1A63627B00DA033C /* LoginViewController.m */,
				BA6BC7201A63627B00DA033C /* LoginViewController.xib */,
				BAB810931A639D1900142DDA /* ForgetPasswordViewController.h */,
				BAB810941A639D1900142DDA /* ForgetPasswordViewController.m */,
				BAB810951A639D1900142DDA /* ForgetPasswordViewController.xib */,
			);
			name = Login;
			sourceTree = "<group>";
		};
		BA6BC73F1A63718700DA033C /* MainActivities */ = {
			isa = PBXGroup;
			children = (
				BA6BC7211A63627B00DA033C /* MainActivitiesViewController.h */,
				BA6BC7221A63627B00DA033C /* MainActivitiesViewController.m */,
				BA6BC7231A63627B00DA033C /* MainActivitiesViewController.xib */,
			);
			name = MainActivities;
			sourceTree = "<group>";
		};
		BA6BC7401A63719700DA033C /* ActivityDetail */ = {
			isa = PBXGroup;
			children = (
				BAB11C801A668C80007FDE38 /* InviteActivityDetailViewController.h */,
				BAB11C811A668C80007FDE38 /* InviteActivityDetailViewController.m */,
				BAB11C821A668C80007FDE38 /* InviteActivityDetailViewController.xib */,
				BA2009C31A6F84320052EE0F /* UserCreatedActivityViewController.h */,
				BA2009C41A6F84320052EE0F /* UserCreatedActivityViewController.m */,
				BA2009C51A6F84320052EE0F /* UserCreatedActivityViewController.xib */,
				A58BCEBB1A8BB82700C2300B /* ParticipantsViewController.h */,
				A58BCEBC1A8BB82700C2300B /* ParticipantsViewController.m */,
				A58BCEBD1A8BB82700C2300B /* ParticipantsViewController.xib */,
				BA2009C81A6F90A60052EE0F /* CommentViewController.h */,
				BA2009C91A6F90A60052EE0F /* CommentViewController.m */,
				BA2009CA1A6F90A60052EE0F /* CommentViewController.xib */,
				A58BCEB31A87A99600C2300B /* EditActivityViewController.h */,
				A58BCEB41A87A99600C2300B /* EditActivityViewController.m */,
				A58BCEB51A87A99600C2300B /* EditActivityViewController.xib */,
			);
			name = ActivityDetail;
			sourceTree = "<group>";
		};
		BAB11C791A666793007FDE38 /* CollectionDelegator */ = {
			isa = PBXGroup;
			children = (
				BA2009D31A6FA5150052EE0F /* CollectionDelegator.h */,
				BA2009D41A6FA5150052EE0F /* CollectionDelegator.m */,
				BA6BC72C1A63629400DA033C /* ActivitiesCollectionDelegator.h */,
				BA6BC72D1A63629400DA033C /* ActivitiesCollectionDelegator.m */,
				BA2009D61A6FB49D0052EE0F /* UsersCollectionDelegator.h */,
				BA2009D71A6FB49D0052EE0F /* UsersCollectionDelegator.m */,
				7E2F43181A714DA300971789 /* CommentCollectionDelegator.h */,
				7E2F43191A714DA300971789 /* CommentCollectionDelegator.m */,
			);
			name = CollectionDelegator;
			sourceTree = "<group>";
		};
		BAB8109F1A63C18900142DDA /* Views */ = {
			isa = PBXGroup;
			children = (
				BAD723331A64F98800FB4645 /* PersonalProfile */,
				BAD723321A64F97B00FB4645 /* Activity */,
			);
			path = Views;
			sourceTree = "<group>";
		};
		BAD65A5D1A5FA89200987B06 = {
			isa = PBXGroup;
			children = (
				BAD65A681A5FA89200987B06 /* CarChat */,
				BAD65A671A5FA89200987B06 /* Products */,
				C2A044BD05448574EAB491E7 /* Pods */,
				BAD65A851A5FA89200987B06 /* CarChatTests */,
				4607AC9485DFC4302F334B2B /* Frameworks */,
			);
			sourceTree = "<group>";
		};
		BAD65A671A5FA89200987B06 /* Products */ = {
			isa = PBXGroup;
			children = (
				BAD65A661A5FA89200987B06 /* CarChat.app */,
				BAD65A821A5FA89200987B06 /* CarChatTests.xctest */,
			);
			name = Products;
			sourceTree = "<group>";
		};
		BAD65A681A5FA89200987B06 /* CarChat */ = {
			isa = PBXGroup;
			children = (
				BA6BC7141A63606700DA033C /* Controllers */,
				BAB8109F1A63C18900142DDA /* Views */,
				BA6BC7111A63603E00DA033C /* Models */,
				BA6BC7101A63603E00DA033C /* Helpers */,
				BA6BC7121A63603E00DA033C /* Modules */,
				BAD65A691A5FA89200987B06 /* Supporting Files */,
				A5D1269F1A8119E2000DE04D /* 3rd_Party */,
			);
			path = CarChat;
			sourceTree = "<group>";
		};
		BAD65A691A5FA89200987B06 /* Supporting Files */ = {
			isa = PBXGroup;
			children = (
				BA6BC70C1A635FE400DA033C /* AppDelegate */,
				BAD65A701A5FA89200987B06 /* CarChat.xcdatamodeld */,
				BAD65A791A5FA89200987B06 /* Images.xcassets */,
				BAD65A7B1A5FA89200987B06 /* LaunchScreen.xib */,
				BAD65A761A5FA89200987B06 /* Main.storyboard */,
				BAD65A6A1A5FA89200987B06 /* Info.plist */,
				BAD65A6B1A5FA89200987B06 /* main.mm */,
				BAB8108D1A638FA800142DDA /* PrefixHeader.pch */,
			);
			name = "Supporting Files";
			sourceTree = "<group>";
		};
		BAD65A851A5FA89200987B06 /* CarChatTests */ = {
			isa = PBXGroup;
			children = (
				BAD65A881A5FA89200987B06 /* CarChatTests.m */,
				BAD65A861A5FA89200987B06 /* Supporting Files */,
			);
			path = CarChatTests;
			sourceTree = "<group>";
		};
		BAD65A861A5FA89200987B06 /* Supporting Files */ = {
			isa = PBXGroup;
			children = (
				BAD65A871A5FA89200987B06 /* Info.plist */,
			);
			name = "Supporting Files";
			sourceTree = "<group>";
		};
		BAD723301A64F95100FB4645 /* PersonalProfile */ = {
			isa = PBXGroup;
			children = (
				BAB810981A63A85D00142DDA /* CompletePersonalInfoViewController.h */,
				BAB810991A63A85D00142DDA /* CompletePersonalInfoViewController.m */,
				BAB8109A1A63A85D00142DDA /* CompletePersonalInfoViewController.xib */,
			);
			name = PersonalProfile;
			sourceTree = "<group>";
		};
		BAD723321A64F97B00FB4645 /* Activity */ = {
			isa = PBXGroup;
			children = (
				BAB810A01A63C1A100142DDA /* UserCreatActivityDescriptionView.h */,
				BAB810A11A63C1A100142DDA /* UserCreatActivityDescriptionView.m */,
				BAB810A31A63C1B400142DDA /* UserCreatActivityDescriptionView.xib */,
				7E415BE51A6589430025E5FB /* ActivityEditView.h */,
				7E415BE61A6589430025E5FB /* ActivityEditView.m */,
				7E415BE81A65895E0025E5FB /* ActivityEditView.xib */,
				BAB11CA71A69FE5B007FDE38 /* ActivityCell.h */,
				BAB11CA81A69FE5B007FDE38 /* ActivityCell.m */,
			);
			name = Activity;
			sourceTree = "<group>";
		};
		BAD723331A64F98800FB4645 /* PersonalProfile */ = {
			isa = PBXGroup;
			children = (
				BAD723341A64FA6900FB4645 /* PersonalInfoView.h */,
				BAD723351A64FA6900FB4645 /* PersonalInfoView.m */,
				BAD723371A64FAA300FB4645 /* PersonalInfoView.xib */,
				BAB11CAA1A6CE021007FDE38 /* UserProfileCard.h */,
				BAB11CAB1A6CE021007FDE38 /* UserProfileCard.m */,
				BAB11CAD1A6CE032007FDE38 /* UserProfileCard.xib */,
				BAEBBE211A6E22E200020978 /* UserCell.h */,
				BAEBBE221A6E22E200020978 /* UserCell.m */,
				7E2F431B1A714E2A00971789 /* CommentCell.h */,
				7E2F431C1A714E2A00971789 /* CommentCell.m */,
			);
			name = PersonalProfile;
			sourceTree = "<group>";
		};
		C2A044BD05448574EAB491E7 /* Pods */ = {
			isa = PBXGroup;
			children = (
				91A1C4A7F3479EED06C580E1 /* Pods.debug.xcconfig */,
				D0739C1B0EA98A7CE326B445 /* Pods.release.xcconfig */,
			);
			name = Pods;
			sourceTree = "<group>";
		};
/* End PBXGroup section */

/* Begin PBXNativeTarget section */
		BAD65A651A5FA89200987B06 /* CarChat */ = {
			isa = PBXNativeTarget;
			buildConfigurationList = BAD65A8C1A5FA89200987B06 /* Build configuration list for PBXNativeTarget "CarChat" */;
			buildPhases = (
				1E58D4F1B54F5FBD9F703C40 /* Check Pods Manifest.lock */,
				BAD65A621A5FA89200987B06 /* Sources */,
				BAD65A631A5FA89200987B06 /* Frameworks */,
				BAD65A641A5FA89200987B06 /* Resources */,
				291191FCB4379503F81E8FD4 /* Copy Pods Resources */,
			);
			buildRules = (
			);
			dependencies = (
			);
			name = CarChat;
			productName = CarChat;
			productReference = BAD65A661A5FA89200987B06 /* CarChat.app */;
			productType = "com.apple.product-type.application";
		};
		BAD65A811A5FA89200987B06 /* CarChatTests */ = {
			isa = PBXNativeTarget;
			buildConfigurationList = BAD65A8F1A5FA89200987B06 /* Build configuration list for PBXNativeTarget "CarChatTests" */;
			buildPhases = (
				BAD65A7E1A5FA89200987B06 /* Sources */,
				BAD65A7F1A5FA89200987B06 /* Frameworks */,
				BAD65A801A5FA89200987B06 /* Resources */,
			);
			buildRules = (
			);
			dependencies = (
				BAD65A841A5FA89200987B06 /* PBXTargetDependency */,
			);
			name = CarChatTests;
			productName = CarChatTests;
			productReference = BAD65A821A5FA89200987B06 /* CarChatTests.xctest */;
			productType = "com.apple.product-type.bundle.unit-test";
		};
/* End PBXNativeTarget section */

/* Begin PBXProject section */
		BAD65A5E1A5FA89200987B06 /* Project object */ = {
			isa = PBXProject;
			attributes = {
				LastUpgradeCheck = 0610;
				ORGANIZATIONNAME = GongPingJia;
				TargetAttributes = {
					BAD65A651A5FA89200987B06 = {
						CreatedOnToolsVersion = 6.1.1;
					};
					BAD65A811A5FA89200987B06 = {
						CreatedOnToolsVersion = 6.1.1;
						TestTargetID = BAD65A651A5FA89200987B06;
					};
				};
			};
			buildConfigurationList = BAD65A611A5FA89200987B06 /* Build configuration list for PBXProject "CarChat" */;
			compatibilityVersion = "Xcode 3.2";
			developmentRegion = English;
			hasScannedForEncodings = 0;
			knownRegions = (
				en,
				Base,
			);
			mainGroup = BAD65A5D1A5FA89200987B06;
			productRefGroup = BAD65A671A5FA89200987B06 /* Products */;
			projectDirPath = "";
			projectRoot = "";
			targets = (
				BAD65A651A5FA89200987B06 /* CarChat */,
				BAD65A811A5FA89200987B06 /* CarChatTests */,
			);
		};
/* End PBXProject section */

/* Begin PBXResourcesBuildPhase section */
		BAD65A641A5FA89200987B06 /* Resources */ = {
			isa = PBXResourcesBuildPhase;
			buildActionMask = 2147483647;
			files = (
				BAB11C891A675B0E007FDE38 /* MyViewController.xib in Resources */,
				A58BCEB71A87A99600C2300B /* EditActivityViewController.xib in Resources */,
				BAB8109C1A63A85D00142DDA /* CompletePersonalInfoViewController.xib in Resources */,
				BAB11C8E1A679C9A007FDE38 /* FollowingViewController.xib in Resources */,
				BAB810971A639D1900142DDA /* ForgetPasswordViewController.xib in Resources */,
				BA2009E51A71E0A40052EE0F /* TestViewController.xib in Resources */,
				BA2009C71A6F84320052EE0F /* UserCreatedActivityViewController.xib in Resources */,
				BA6BC7261A63627B00DA033C /* LoginViewController.xib in Resources */,
				BAD65A781A5FA89200987B06 /* Main.storyboard in Resources */,
				7E2F43121A6D428A00971789 /* PersonalProfileViewController.xib in Resources */,
				BAD723381A64FAA300FB4645 /* PersonalInfoView.xib in Resources */,
				BAB11CAE1A6CE032007FDE38 /* UserProfileCard.xib in Resources */,
				BAB11C981A67A28B007FDE38 /* FollowerViewController.xib in Resources */,
				BAB11C931A679CE7007FDE38 /* UserActivitiesViewController.xib in Resources */,
				BA2009CC1A6F90A60052EE0F /* CommentViewController.xib in Resources */,
				BAB810A41A63C1B400142DDA /* UserCreatActivityDescriptionView.xib in Resources */,
				7E415BF21A66CABA0025E5FB /* InviteViewController.xib in Resources */,
				BA6BC71B1A63607F00DA033C /* RegisterViewController.xib in Resources */,
				A58BCEBF1A8BB82700C2300B /* ParticipantsViewController.xib in Resources */,
				BA2009DD1A70D7060052EE0F /* UserDetailViewController.xib in Resources */,
				BA6BC7281A63627B00DA033C /* MainActivitiesViewController.xib in Resources */,
				BAD65A7D1A5FA89200987B06 /* LaunchScreen.xib in Resources */,
				7E415BE91A65895E0025E5FB /* ActivityEditView.xib in Resources */,
				BAD7232D1A64D3DF00FB4645 /* ServerPolicyViewController.xib in Resources */,
				BAD65A7A1A5FA89200987B06 /* Images.xcassets in Resources */,
				7E2F43171A6D46B800971789 /* UploadCertifyProfileViewController.xib in Resources */,
				BAB11C841A668C80007FDE38 /* InviteActivityDetailViewController.xib in Resources */,
			);
			runOnlyForDeploymentPostprocessing = 0;
		};
		BAD65A801A5FA89200987B06 /* Resources */ = {
			isa = PBXResourcesBuildPhase;
			buildActionMask = 2147483647;
			files = (
			);
			runOnlyForDeploymentPostprocessing = 0;
		};
/* End PBXResourcesBuildPhase section */

/* Begin PBXShellScriptBuildPhase section */
		1E58D4F1B54F5FBD9F703C40 /* Check Pods Manifest.lock */ = {
			isa = PBXShellScriptBuildPhase;
			buildActionMask = 2147483647;
			files = (
			);
			inputPaths = (
			);
			name = "Check Pods Manifest.lock";
			outputPaths = (
			);
			runOnlyForDeploymentPostprocessing = 0;
			shellPath = /bin/sh;
			shellScript = "diff \"${PODS_ROOT}/../Podfile.lock\" \"${PODS_ROOT}/Manifest.lock\" > /dev/null\nif [[ $? != 0 ]] ; then\n    cat << EOM\nerror: The sandbox is not in sync with the Podfile.lock. Run 'pod install' or update your CocoaPods installation.\nEOM\n    exit 1\nfi\n";
			showEnvVarsInLog = 0;
		};
		291191FCB4379503F81E8FD4 /* Copy Pods Resources */ = {
			isa = PBXShellScriptBuildPhase;
			buildActionMask = 2147483647;
			files = (
			);
			inputPaths = (
			);
			name = "Copy Pods Resources";
			outputPaths = (
			);
			runOnlyForDeploymentPostprocessing = 0;
			shellPath = /bin/sh;
			shellScript = "\"${SRCROOT}/Pods/Target Support Files/Pods/Pods-resources.sh\"\n";
			showEnvVarsInLog = 0;
		};
/* End PBXShellScriptBuildPhase section */

/* Begin PBXSourcesBuildPhase section */
		BAD65A621A5FA89200987B06 /* Sources */ = {
			isa = PBXSourcesBuildPhase;
			buildActionMask = 2147483647;
			files = (
				BA2009DC1A70D7060052EE0F /* UserDetailViewController.m in Sources */,
				A58BCEA61A86803100C2300B /* SubmitCertificationProfileParameter.m in Sources */,
				BA0355761A6638B100252F99 /* ResetPasswordParameter.m in Sources */,
				BAD723261A64BF5100FB4645 /* NSUserDefaults+Helpers.m in Sources */,
				BA6BC73C1A63651600DA033C /* UIView+HUD.m in Sources */,
				A58BCEAF1A8680DD00C2300B /* ChatToUserParameter.m in Sources */,
				BA6BC7311A63629400DA033C /* ControllerCoordinator.m in Sources */,
				BAB11C8D1A679C9A007FDE38 /* FollowingViewController.m in Sources */,
				A58BCEA31A867D4D00C2300B /* GetUserOwningActivitiesParameter.m in Sources */,
				BA6BC7301A63629400DA033C /* ActivitiesCollectionDelegator.m in Sources */,
				BA0355731A661C7500252F99 /* GetVerifySMSParameter.m in Sources */,
				BAD723281A64BF5100FB4645 /* UIImage+Gif.m in Sources */,
				BAB11CB11A6CFDC5007FDE38 /* UIView+frame.m in Sources */,
				BAD723241A64BF5100FB4645 /* NSDate+Helpers.m in Sources */,
				A50367791A7BD3D300CACE08 /* ActivityModel+Helper.m in Sources */,
				BA2009E81A7770F20052EE0F /* ValidateVerifyCodeParameter.m in Sources */,
				A5FAA7951A7E5C0500C1FD54 /* ReplyActivityParameter.m in Sources */,
				BAB11C921A679CE7007FDE38 /* UserActivitiesViewController.m in Sources */,
				BA6BC7341A63644500DA033C /* AbstractViewController.m in Sources */,
				A503677C1A7CC47A00CACE08 /* ReplyInvitationParameter.m in Sources */,
				BA03556D1A660E0400252F99 /* ValidateInviteCodeParameter.m in Sources */,
				BA2009C61A6F84320052EE0F /* UserCreatedActivityViewController.m in Sources */,
				BA6BC72B1A63628800DA033C /* ActivityModel.m in Sources */,
				BAD7233B1A64FC9300FB4645 /* UserModel.m in Sources */,
				BA6BC7271A63627B00DA033C /* MainActivitiesViewController.m in Sources */,
				BAB11CA41A6910E9007FDE38 /* UIView+square2Round.m in Sources */,
				BAB810961A639D1900142DDA /* ForgetPasswordViewController.m in Sources */,
				7E415BE71A6589430025E5FB /* ActivityEditView.m in Sources */,
				7E2F43111A6D428A00971789 /* PersonalProfileViewController.m in Sources */,
				BAB11C7F1A6670FB007FDE38 /* GetActivityWithInviteCodeParameter.m in Sources */,
				7EF6A01B1A641FEC0022DBCE /* LoginParameter.m in Sources */,
				BADD16DB1A7A17EF004AE9FC /* GetFollowersParameter.m in Sources */,
				7E2F43161A6D46B800971789 /* UploadCertifyProfileViewController.m in Sources */,
				BA6BC70F1A635FE400DA033C /* AppDelegate.m in Sources */,
				BADD16D51A7A1785004AE9FC /* GetUserJoiningActivitiesParameter.m in Sources */,
				A58BCEA91A86808500C2300B /* GetActivitiesDetailParameter.m in Sources */,
				BA03556A1A660AAB00252F99 /* ParameterFactory.m in Sources */,
				7EF16D361A63FED00008B16F /* CCNetworkManager.m in Sources */,
				BADD16DE1A7A253A004AE9FC /* FollowUserParameter.m in Sources */,
				BADD16D21A7A05FE004AE9FC /* GetUserInfoParameter.m in Sources */,
				BA0355801A66502200252F99 /* ConcreteResponseObject.m in Sources */,
				BAD723361A64FA6900FB4645 /* PersonalInfoView.m in Sources */,
				BAD65A721A5FA89200987B06 /* CarChat.xcdatamodeld in Sources */,
				BADD16D81A7A17DD004AE9FC /* GetFollowingParameter.m in Sources */,
				BAB810A21A63C1A100142DDA /* UserCreatActivityDescriptionView.m in Sources */,
				A58BCEBE1A8BB82700C2300B /* ParticipantsViewController.m in Sources */,
				BA6BC7251A63627B00DA033C /* LoginViewController.m in Sources */,
				A503677F1A7CD90F00CACE08 /* GetParticipantsParameter.m in Sources */,
				BAB11CA91A69FE5B007FDE38 /* ActivityCell.m in Sources */,
				BA2009E41A71E0A40052EE0F /* TestViewController.m in Sources */,
				BAB11C7C1A6667C4007FDE38 /* CCStatusManager.m in Sources */,
				BA2009D51A6FA5150052EE0F /* CollectionDelegator.m in Sources */,
				BA2009EB1A778BFF0052EE0F /* SetPersonalInfoParameter.m in Sources */,
				7E415BEC1A66B2ED0025E5FB /* CreateActivityParameter.m in Sources */,
				BAD723271A64BF5100FB4645 /* UIColor+Helper.m in Sources */,
				BAB8109B1A63A85D00142DDA /* CompletePersonalInfoViewController.m in Sources */,
				BAD65A6C1A5FA89200987B06 /* main.mm in Sources */,
				BAB11CAC1A6CE021007FDE38 /* UserProfileCard.m in Sources */,
				BAEBBE231A6E22E200020978 /* UserCell.m in Sources */,
				BADD16E41A7A2B3C004AE9FC /* UserModel+helper.m in Sources */,
				7E2F431D1A714E2A00971789 /* CommentCell.m in Sources */,
				BA6BC7181A63606700DA033C /* RegisterViewController.m in Sources */,
				A58BCEB21A86810F00C2300B /* UploadPhotosParameter.m in Sources */,
				A5FAA7921A7E5A7E00C1FD54 /* CommentModel+helper.m in Sources */,
				A58BCEAC1A8680AF00C2300B /* InviteUsersParameter.m in Sources */,
				BA2009CB1A6F90A60052EE0F /* CommentViewController.m in Sources */,
				BADD16CF1A78C174004AE9FC /* GetSuggestActivitiesParameter.m in Sources */,
				BAB11CA11A690E6F007FDE38 /* UIImage+color.m in Sources */,
				BAD7232C1A64D3DF00FB4645 /* ServerPolicyViewController.m in Sources */,
				BAB11C831A668C80007FDE38 /* InviteActivityDetailViewController.m in Sources */,
				BAB11C881A675B0E007FDE38 /* MyViewController.m in Sources */,
				BAB11C971A67A28B007FDE38 /* FollowerViewController.m in Sources */,
				BA2009D81A6FB49D0052EE0F /* UsersCollectionDelegator.m in Sources */,
				A58BCEB61A87A99600C2300B /* EditActivityViewController.m in Sources */,
				7E2F431A1A714DA300971789 /* CommentCollectionDelegator.m in Sources */,
				7EF6A0181A641ED70022DBCE /* ABCParameter.m in Sources */,
				BA2009D21A6F9B2F0052EE0F /* CommentModel.m in Sources */,
				BA0355701A66196100252F99 /* RegisterParameter.m in Sources */,
				A5FAA78F1A7E597600C1FD54 /* GetCommentsInActivityParameter.m in Sources */,
				7E415BF11A66CABA0025E5FB /* InviteViewController.m in Sources */,
				BAD723251A64BF5100FB4645 /* NSString+Helpers.m in Sources */,
				BADD16E11A7A2547004AE9FC /* UnfollowUserParameter.m in Sources */,
			);
			runOnlyForDeploymentPostprocessing = 0;
		};
		BAD65A7E1A5FA89200987B06 /* Sources */ = {
			isa = PBXSourcesBuildPhase;
			buildActionMask = 2147483647;
			files = (
				BAD65A891A5FA89200987B06 /* CarChatTests.m in Sources */,
			);
			runOnlyForDeploymentPostprocessing = 0;
		};
/* End PBXSourcesBuildPhase section */

/* Begin PBXTargetDependency section */
		BAD65A841A5FA89200987B06 /* PBXTargetDependency */ = {
			isa = PBXTargetDependency;
			target = BAD65A651A5FA89200987B06 /* CarChat */;
			targetProxy = BAD65A831A5FA89200987B06 /* PBXContainerItemProxy */;
		};
/* End PBXTargetDependency section */

/* Begin PBXVariantGroup section */
		BAD65A761A5FA89200987B06 /* Main.storyboard */ = {
			isa = PBXVariantGroup;
			children = (
				BAD65A771A5FA89200987B06 /* Base */,
			);
			name = Main.storyboard;
			sourceTree = "<group>";
		};
		BAD65A7B1A5FA89200987B06 /* LaunchScreen.xib */ = {
			isa = PBXVariantGroup;
			children = (
				BAD65A7C1A5FA89200987B06 /* Base */,
			);
			name = LaunchScreen.xib;
			sourceTree = "<group>";
		};
/* End PBXVariantGroup section */

/* Begin XCBuildConfiguration section */
		BAD65A8A1A5FA89200987B06 /* Debug */ = {
			isa = XCBuildConfiguration;
			buildSettings = {
				ALWAYS_SEARCH_USER_PATHS = NO;
				CLANG_CXX_LANGUAGE_STANDARD = "gnu++0x";
				CLANG_CXX_LIBRARY = "libc++";
				CLANG_ENABLE_MODULES = YES;
				CLANG_ENABLE_OBJC_ARC = YES;
				CLANG_MODULES_AUTOLINK = YES;
				CLANG_WARN_BOOL_CONVERSION = YES;
				CLANG_WARN_CONSTANT_CONVERSION = YES;
				CLANG_WARN_DIRECT_OBJC_ISA_USAGE = YES_ERROR;
				CLANG_WARN_EMPTY_BODY = YES;
				CLANG_WARN_ENUM_CONVERSION = YES;
				CLANG_WARN_INT_CONVERSION = YES;
				CLANG_WARN_OBJC_ROOT_CLASS = YES_ERROR;
				CLANG_WARN_UNREACHABLE_CODE = YES;
				CLANG_WARN__DUPLICATE_METHOD_MATCH = YES;
				"CODE_SIGN_IDENTITY[sdk=iphoneos*]" = "iPhone Developer";
				COPY_PHASE_STRIP = NO;
				ENABLE_STRICT_OBJC_MSGSEND = YES;
				GCC_C_LANGUAGE_STANDARD = gnu99;
				GCC_DYNAMIC_NO_PIC = NO;
				GCC_OPTIMIZATION_LEVEL = 0;
				GCC_PREPROCESSOR_DEFINITIONS = (
					"DEBUG=1",
					"$(inherited)",
				);
				GCC_SYMBOLS_PRIVATE_EXTERN = NO;
				GCC_WARN_64_TO_32_BIT_CONVERSION = YES;
				GCC_WARN_ABOUT_RETURN_TYPE = YES_ERROR;
				GCC_WARN_UNDECLARED_SELECTOR = YES;
				GCC_WARN_UNINITIALIZED_AUTOS = YES_AGGRESSIVE;
				GCC_WARN_UNUSED_FUNCTION = YES;
				GCC_WARN_UNUSED_VARIABLE = YES;
				IPHONEOS_DEPLOYMENT_TARGET = 8.1;
				MTL_ENABLE_DEBUG_INFO = YES;
				ONLY_ACTIVE_ARCH = YES;
				OTHER_LDFLAGS = "";
				SDKROOT = iphoneos;
			};
			name = Debug;
		};
		BAD65A8B1A5FA89200987B06 /* Release */ = {
			isa = XCBuildConfiguration;
			buildSettings = {
				ALWAYS_SEARCH_USER_PATHS = NO;
				CLANG_CXX_LANGUAGE_STANDARD = "gnu++0x";
				CLANG_CXX_LIBRARY = "libc++";
				CLANG_ENABLE_MODULES = YES;
				CLANG_ENABLE_OBJC_ARC = YES;
				CLANG_MODULES_AUTOLINK = YES;
				CLANG_WARN_BOOL_CONVERSION = YES;
				CLANG_WARN_CONSTANT_CONVERSION = YES;
				CLANG_WARN_DIRECT_OBJC_ISA_USAGE = YES_ERROR;
				CLANG_WARN_EMPTY_BODY = YES;
				CLANG_WARN_ENUM_CONVERSION = YES;
				CLANG_WARN_INT_CONVERSION = YES;
				CLANG_WARN_OBJC_ROOT_CLASS = YES_ERROR;
				CLANG_WARN_UNREACHABLE_CODE = YES;
				CLANG_WARN__DUPLICATE_METHOD_MATCH = YES;
				"CODE_SIGN_IDENTITY[sdk=iphoneos*]" = "iPhone Developer";
				COPY_PHASE_STRIP = YES;
				ENABLE_NS_ASSERTIONS = NO;
				ENABLE_STRICT_OBJC_MSGSEND = YES;
				GCC_C_LANGUAGE_STANDARD = gnu99;
				GCC_WARN_64_TO_32_BIT_CONVERSION = YES;
				GCC_WARN_ABOUT_RETURN_TYPE = YES_ERROR;
				GCC_WARN_UNDECLARED_SELECTOR = YES;
				GCC_WARN_UNINITIALIZED_AUTOS = YES_AGGRESSIVE;
				GCC_WARN_UNUSED_FUNCTION = YES;
				GCC_WARN_UNUSED_VARIABLE = YES;
				IPHONEOS_DEPLOYMENT_TARGET = 8.1;
				MTL_ENABLE_DEBUG_INFO = NO;
				OTHER_LDFLAGS = "";
				SDKROOT = iphoneos;
				VALIDATE_PRODUCT = YES;
			};
			name = Release;
		};
		BAD65A8D1A5FA89200987B06 /* Debug */ = {
			isa = XCBuildConfiguration;
			baseConfigurationReference = 91A1C4A7F3479EED06C580E1 /* Pods.debug.xcconfig */;
			buildSettings = {
				ASSETCATALOG_COMPILER_APPICON_NAME = AppIcon;
				CLANG_MODULES_AUTOLINK = YES;
				CODE_SIGN_IDENTITY = "iPhone Developer";
				GCC_PREFIX_HEADER = "$(SRCROOT)/CarChat/PrefixHeader.pch";
				INFOPLIST_FILE = CarChat/Info.plist;
				IPHONEOS_DEPLOYMENT_TARGET = 7.0;
				LD_RUNPATH_SEARCH_PATHS = "$(inherited) @executable_path/Frameworks";
				LIBRARY_SEARCH_PATHS = (
					"$(inherited)",
					"$(PROJECT_DIR)/CarChat/3rd_Party",
				);
				OTHER_LDFLAGS = "$(inherited)";
				PRODUCT_NAME = "$(TARGET_NAME)";
				SDKROOT = iphoneos7.1;
			};
			name = Debug;
		};
		BAD65A8E1A5FA89200987B06 /* Release */ = {
			isa = XCBuildConfiguration;
			baseConfigurationReference = D0739C1B0EA98A7CE326B445 /* Pods.release.xcconfig */;
			buildSettings = {
				ASSETCATALOG_COMPILER_APPICON_NAME = AppIcon;
				CLANG_MODULES_AUTOLINK = YES;
				CODE_SIGN_IDENTITY = "iPhone Developer";
				GCC_PREFIX_HEADER = "$(SRCROOT)/CarChat/PrefixHeader.pch";
				INFOPLIST_FILE = CarChat/Info.plist;
				IPHONEOS_DEPLOYMENT_TARGET = 7.0;
				LD_RUNPATH_SEARCH_PATHS = "$(inherited) @executable_path/Frameworks";
				LIBRARY_SEARCH_PATHS = (
					"$(inherited)",
					"$(PROJECT_DIR)/CarChat/3rd_Party",
				);
				OTHER_LDFLAGS = "$(inherited)";
				PRODUCT_NAME = "$(TARGET_NAME)";
				SDKROOT = iphoneos7.1;
			};
			name = Release;
		};
		BAD65A901A5FA89200987B06 /* Debug */ = {
			isa = XCBuildConfiguration;
			buildSettings = {
				BUNDLE_LOADER = "$(TEST_HOST)";
				FRAMEWORK_SEARCH_PATHS = (
					"$(SDKROOT)/Developer/Library/Frameworks",
					"$(inherited)",
				);
				GCC_PREPROCESSOR_DEFINITIONS = (
					"DEBUG=1",
					"$(inherited)",
				);
				INFOPLIST_FILE = CarChatTests/Info.plist;
				IPHONEOS_DEPLOYMENT_TARGET = 7.0;
				LD_RUNPATH_SEARCH_PATHS = "$(inherited) @executable_path/Frameworks @loader_path/Frameworks";
				PRODUCT_NAME = "$(TARGET_NAME)";
				SDKROOT = iphoneos7.1;
				TEST_HOST = "$(BUILT_PRODUCTS_DIR)/CarChat.app/CarChat";
			};
			name = Debug;
		};
		BAD65A911A5FA89200987B06 /* Release */ = {
			isa = XCBuildConfiguration;
			buildSettings = {
				BUNDLE_LOADER = "$(TEST_HOST)";
				FRAMEWORK_SEARCH_PATHS = (
					"$(SDKROOT)/Developer/Library/Frameworks",
					"$(inherited)",
				);
				INFOPLIST_FILE = CarChatTests/Info.plist;
				IPHONEOS_DEPLOYMENT_TARGET = 7.0;
				LD_RUNPATH_SEARCH_PATHS = "$(inherited) @executable_path/Frameworks @loader_path/Frameworks";
				PRODUCT_NAME = "$(TARGET_NAME)";
				SDKROOT = iphoneos7.1;
				TEST_HOST = "$(BUILT_PRODUCTS_DIR)/CarChat.app/CarChat";
			};
			name = Release;
		};
/* End XCBuildConfiguration section */

/* Begin XCConfigurationList section */
		BAD65A611A5FA89200987B06 /* Build configuration list for PBXProject "CarChat" */ = {
			isa = XCConfigurationList;
			buildConfigurations = (
				BAD65A8A1A5FA89200987B06 /* Debug */,
				BAD65A8B1A5FA89200987B06 /* Release */,
			);
			defaultConfigurationIsVisible = 0;
			defaultConfigurationName = Release;
		};
		BAD65A8C1A5FA89200987B06 /* Build configuration list for PBXNativeTarget "CarChat" */ = {
			isa = XCConfigurationList;
			buildConfigurations = (
				BAD65A8D1A5FA89200987B06 /* Debug */,
				BAD65A8E1A5FA89200987B06 /* Release */,
			);
			defaultConfigurationIsVisible = 0;
			defaultConfigurationName = Release;
		};
		BAD65A8F1A5FA89200987B06 /* Build configuration list for PBXNativeTarget "CarChatTests" */ = {
			isa = XCConfigurationList;
			buildConfigurations = (
				BAD65A901A5FA89200987B06 /* Debug */,
				BAD65A911A5FA89200987B06 /* Release */,
			);
			defaultConfigurationIsVisible = 0;
			defaultConfigurationName = Release;
		};
/* End XCConfigurationList section */

/* Begin XCVersionGroup section */
		BAD65A701A5FA89200987B06 /* CarChat.xcdatamodeld */ = {
			isa = XCVersionGroup;
			children = (
				BAD65A711A5FA89200987B06 /* CarChat.xcdatamodel */,
			);
			currentVersion = BAD65A711A5FA89200987B06 /* CarChat.xcdatamodel */;
			path = CarChat.xcdatamodeld;
			sourceTree = "<group>";
			versionGroupType = wrapper.xcdatamodel;
		};
/* End XCVersionGroup section */
	};
	rootObject = BAD65A5E1A5FA89200987B06 /* Project object */;
}
