// !$*UTF8*$!
{
	archiveVersion = 1;
	classes = {
	};
	objectVersion = 46;
	objects = {

/* Begin PBXBuildFile section */
		7E415BE21A6583EC0025E5FB /* ActivityIntrudoctionView.m in Sources */ = {isa = PBXBuildFile; fileRef = 7E415BE11A6583EC0025E5FB /* ActivityIntrudoctionView.m */; };
		7E415BE41A6584000025E5FB /* ActivityIntrudoctionView.xib in Resources */ = {isa = PBXBuildFile; fileRef = 7E415BE31A6584000025E5FB /* ActivityIntrudoctionView.xib */; };
		7E415BE71A6589430025E5FB /* ActivityEditView.m in Sources */ = {isa = PBXBuildFile; fileRef = 7E415BE61A6589430025E5FB /* ActivityEditView.m */; };
		7E415BE91A65895E0025E5FB /* ActivityEditView.xib in Resources */ = {isa = PBXBuildFile; fileRef = 7E415BE81A65895E0025E5FB /* ActivityEditView.xib */; };
		7E415BEC1A66B2ED0025E5FB /* CreateActivityParameter.m in Sources */ = {isa = PBXBuildFile; fileRef = 7E415BEB1A66B2ED0025E5FB /* CreateActivityParameter.m */; };
		7E415BF11A66CABA0025E5FB /* InviteViewController.m in Sources */ = {isa = PBXBuildFile; fileRef = 7E415BEF1A66CABA0025E5FB /* InviteViewController.m */; };
		7E415BF21A66CABA0025E5FB /* InviteViewController.xib in Resources */ = {isa = PBXBuildFile; fileRef = 7E415BF01A66CABA0025E5FB /* InviteViewController.xib */; };
		7E415BF51A6808160025E5FB /* CreateInviteCodeParameter.m in Sources */ = {isa = PBXBuildFile; fileRef = 7E415BF41A6808160025E5FB /* CreateInviteCodeParameter.m */; };
		7E415BF81A680C3C0025E5FB /* InviteTableDelegator.m in Sources */ = {isa = PBXBuildFile; fileRef = 7E415BF71A680C3C0025E5FB /* InviteTableDelegator.m */; };
		7EF16D361A63FED00008B16F /* CCNetworkManager.m in Sources */ = {isa = PBXBuildFile; fileRef = 7EF16D351A63FED00008B16F /* CCNetworkManager.m */; };
		7EF6A0181A641ED70022DBCE /* ABCParameter.m in Sources */ = {isa = PBXBuildFile; fileRef = 7EF6A0171A641ED70022DBCE /* ABCParameter.m */; };
		7EF6A01B1A641FEC0022DBCE /* LoginParameter.m in Sources */ = {isa = PBXBuildFile; fileRef = 7EF6A01A1A641FEC0022DBCE /* LoginParameter.m */; };
		BA03556A1A660AAB00252F99 /* ParameterFactory.m in Sources */ = {isa = PBXBuildFile; fileRef = BA0355691A660AAB00252F99 /* ParameterFactory.m */; };
		BA03556D1A660E0400252F99 /* ValidateInviteCodeParameter.m in Sources */ = {isa = PBXBuildFile; fileRef = BA03556C1A660E0400252F99 /* ValidateInviteCodeParameter.m */; };
		BA0355701A66196100252F99 /* RegisterParameter.m in Sources */ = {isa = PBXBuildFile; fileRef = BA03556F1A66196100252F99 /* RegisterParameter.m */; };
		BA0355731A661C7500252F99 /* GetVerifySMSParameter.m in Sources */ = {isa = PBXBuildFile; fileRef = BA0355721A661C7500252F99 /* GetVerifySMSParameter.m */; };
		BA0355761A6638B100252F99 /* ResetPasswordParameter.m in Sources */ = {isa = PBXBuildFile; fileRef = BA0355751A6638B100252F99 /* ResetPasswordParameter.m */; };
		BA0355801A66502200252F99 /* ConcreteResponseObject.m in Sources */ = {isa = PBXBuildFile; fileRef = BA03557F1A66502200252F99 /* ConcreteResponseObject.m */; };
		BA6BC70F1A635FE400DA033C /* AppDelegate.m in Sources */ = {isa = PBXBuildFile; fileRef = BA6BC70E1A635FE400DA033C /* AppDelegate.m */; };
		BA6BC7181A63606700DA033C /* RegisterViewController.m in Sources */ = {isa = PBXBuildFile; fileRef = BA6BC7161A63606700DA033C /* RegisterViewController.m */; };
		BA6BC71B1A63607F00DA033C /* RegisterViewController.xib in Resources */ = {isa = PBXBuildFile; fileRef = BA6BC71A1A63607F00DA033C /* RegisterViewController.xib */; };
		BA6BC7241A63627B00DA033C /* ActivityIntroductViewController.m in Sources */ = {isa = PBXBuildFile; fileRef = BA6BC71D1A63627B00DA033C /* ActivityIntroductViewController.m */; };
		BA6BC7251A63627B00DA033C /* LoginViewController.m in Sources */ = {isa = PBXBuildFile; fileRef = BA6BC71F1A63627B00DA033C /* LoginViewController.m */; };
		BA6BC7261A63627B00DA033C /* LoginViewController.xib in Resources */ = {isa = PBXBuildFile; fileRef = BA6BC7201A63627B00DA033C /* LoginViewController.xib */; };
		BA6BC7271A63627B00DA033C /* SuggestedActivityViewController.m in Sources */ = {isa = PBXBuildFile; fileRef = BA6BC7221A63627B00DA033C /* SuggestedActivityViewController.m */; };
		BA6BC7281A63627B00DA033C /* SuggestedActivityViewController.xib in Resources */ = {isa = PBXBuildFile; fileRef = BA6BC7231A63627B00DA033C /* SuggestedActivityViewController.xib */; };
		BA6BC72B1A63628800DA033C /* ActivityModel.m in Sources */ = {isa = PBXBuildFile; fileRef = BA6BC72A1A63628800DA033C /* ActivityModel.m */; };
		BA6BC7301A63629400DA033C /* ActivitiesCollectionDelegator.m in Sources */ = {isa = PBXBuildFile; fileRef = BA6BC72D1A63629400DA033C /* ActivitiesCollectionDelegator.m */; };
		BA6BC7311A63629400DA033C /* ControllerCoordinator.m in Sources */ = {isa = PBXBuildFile; fileRef = BA6BC72F1A63629400DA033C /* ControllerCoordinator.m */; };
		BA6BC7341A63644500DA033C /* AbstractViewController.m in Sources */ = {isa = PBXBuildFile; fileRef = BA6BC7331A63644500DA033C /* AbstractViewController.m */; };
		BA6BC73C1A63651600DA033C /* UIView+HUD.m in Sources */ = {isa = PBXBuildFile; fileRef = BA6BC73B1A63651600DA033C /* UIView+HUD.m */; };
		BAB11C7C1A6667C4007FDE38 /* CCStatusManager.m in Sources */ = {isa = PBXBuildFile; fileRef = BAB11C7B1A6667C4007FDE38 /* CCStatusManager.m */; };
		BAB11C7F1A6670FB007FDE38 /* GetActivityWithInviteCodeParameter.m in Sources */ = {isa = PBXBuildFile; fileRef = BAB11C7E1A6670FB007FDE38 /* GetActivityWithInviteCodeParameter.m */; };
		BAB11C831A668C80007FDE38 /* InviteActivityDetailViewController.m in Sources */ = {isa = PBXBuildFile; fileRef = BAB11C811A668C80007FDE38 /* InviteActivityDetailViewController.m */; };
		BAB11C841A668C80007FDE38 /* InviteActivityDetailViewController.xib in Resources */ = {isa = PBXBuildFile; fileRef = BAB11C821A668C80007FDE38 /* InviteActivityDetailViewController.xib */; };
		BAB11C881A675B0E007FDE38 /* MyViewController.m in Sources */ = {isa = PBXBuildFile; fileRef = BAB11C861A675B0E007FDE38 /* MyViewController.m */; };
		BAB11C891A675B0E007FDE38 /* MyViewController.xib in Resources */ = {isa = PBXBuildFile; fileRef = BAB11C871A675B0E007FDE38 /* MyViewController.xib */; };
		BAB11C8D1A679C9A007FDE38 /* FollowingViewController.m in Sources */ = {isa = PBXBuildFile; fileRef = BAB11C8B1A679C9A007FDE38 /* FollowingViewController.m */; };
		BAB11C8E1A679C9A007FDE38 /* FollowingViewController.xib in Resources */ = {isa = PBXBuildFile; fileRef = BAB11C8C1A679C9A007FDE38 /* FollowingViewController.xib */; };
		BAB11C921A679CE7007FDE38 /* MyActivitiesViewController.m in Sources */ = {isa = PBXBuildFile; fileRef = BAB11C901A679CE7007FDE38 /* MyActivitiesViewController.m */; };
		BAB11C931A679CE7007FDE38 /* MyActivitiesViewController.xib in Resources */ = {isa = PBXBuildFile; fileRef = BAB11C911A679CE7007FDE38 /* MyActivitiesViewController.xib */; };
		BAB11C971A67A28B007FDE38 /* FollowerViewController.m in Sources */ = {isa = PBXBuildFile; fileRef = BAB11C951A67A28B007FDE38 /* FollowerViewController.m */; };
		BAB11C981A67A28B007FDE38 /* FollowerViewController.xib in Resources */ = {isa = PBXBuildFile; fileRef = BAB11C961A67A28B007FDE38 /* FollowerViewController.xib */; };
		BAB11C9C1A68EED6007FDE38 /* UserCreatedActivityCell.m in Sources */ = {isa = PBXBuildFile; fileRef = BAB11C9A1A68EED6007FDE38 /* UserCreatedActivityCell.m */; };
		BAB11CA11A690E6F007FDE38 /* UIImage+color.m in Sources */ = {isa = PBXBuildFile; fileRef = BAB11CA01A690E6F007FDE38 /* UIImage+color.m */; };
		BAB11CA41A6910E9007FDE38 /* UIView+square2Round.m in Sources */ = {isa = PBXBuildFile; fileRef = BAB11CA31A6910E9007FDE38 /* UIView+square2Round.m */; };
		BAB11CA91A69FE5B007FDE38 /* SuggestActivityCell.m in Sources */ = {isa = PBXBuildFile; fileRef = BAB11CA81A69FE5B007FDE38 /* SuggestActivityCell.m */; };
		BAB810961A639D1900142DDA /* ForgetPasswordViewController.m in Sources */ = {isa = PBXBuildFile; fileRef = BAB810941A639D1900142DDA /* ForgetPasswordViewController.m */; };
		BAB810971A639D1900142DDA /* ForgetPasswordViewController.xib in Resources */ = {isa = PBXBuildFile; fileRef = BAB810951A639D1900142DDA /* ForgetPasswordViewController.xib */; };
		BAB8109B1A63A85D00142DDA /* CompletePersonalInfoViewController.m in Sources */ = {isa = PBXBuildFile; fileRef = BAB810991A63A85D00142DDA /* CompletePersonalInfoViewController.m */; };
		BAB8109C1A63A85D00142DDA /* CompletePersonalInfoViewController.xib in Resources */ = {isa = PBXBuildFile; fileRef = BAB8109A1A63A85D00142DDA /* CompletePersonalInfoViewController.xib */; };
		BAB8109E1A63B84700142DDA /* ActivityIntroductViewController.xib in Resources */ = {isa = PBXBuildFile; fileRef = BAB8109D1A63B84700142DDA /* ActivityIntroductViewController.xib */; };
		BAB810A21A63C1A100142DDA /* UserCreatActivityDescriptionView.m in Sources */ = {isa = PBXBuildFile; fileRef = BAB810A11A63C1A100142DDA /* UserCreatActivityDescriptionView.m */; };
		BAB810A41A63C1B400142DDA /* UserCreatActivityDescriptionView.xib in Resources */ = {isa = PBXBuildFile; fileRef = BAB810A31A63C1B400142DDA /* UserCreatActivityDescriptionView.xib */; };
		BAD65A6C1A5FA89200987B06 /* main.m in Sources */ = {isa = PBXBuildFile; fileRef = BAD65A6B1A5FA89200987B06 /* main.m */; };
		BAD65A721A5FA89200987B06 /* CarChat.xcdatamodeld in Sources */ = {isa = PBXBuildFile; fileRef = BAD65A701A5FA89200987B06 /* CarChat.xcdatamodeld */; };
		BAD65A781A5FA89200987B06 /* Main.storyboard in Resources */ = {isa = PBXBuildFile; fileRef = BAD65A761A5FA89200987B06 /* Main.storyboard */; };
		BAD65A7A1A5FA89200987B06 /* Images.xcassets in Resources */ = {isa = PBXBuildFile; fileRef = BAD65A791A5FA89200987B06 /* Images.xcassets */; };
		BAD65A7D1A5FA89200987B06 /* LaunchScreen.xib in Resources */ = {isa = PBXBuildFile; fileRef = BAD65A7B1A5FA89200987B06 /* LaunchScreen.xib */; };
		BAD65A891A5FA89200987B06 /* CarChatTests.m in Sources */ = {isa = PBXBuildFile; fileRef = BAD65A881A5FA89200987B06 /* CarChatTests.m */; };
		BAD723241A64BF5100FB4645 /* NSDate+Helpers.m in Sources */ = {isa = PBXBuildFile; fileRef = BAD7231B1A64BF5100FB4645 /* NSDate+Helpers.m */; };
		BAD723251A64BF5100FB4645 /* NSString+Helpers.m in Sources */ = {isa = PBXBuildFile; fileRef = BAD7231D1A64BF5100FB4645 /* NSString+Helpers.m */; };
		BAD723261A64BF5100FB4645 /* NSUserDefaults+Helpers.m in Sources */ = {isa = PBXBuildFile; fileRef = BAD7231F1A64BF5100FB4645 /* NSUserDefaults+Helpers.m */; };
		BAD723271A64BF5100FB4645 /* UIColor+Helper.m in Sources */ = {isa = PBXBuildFile; fileRef = BAD723211A64BF5100FB4645 /* UIColor+Helper.m */; };
		BAD723281A64BF5100FB4645 /* UIImage+Gif.m in Sources */ = {isa = PBXBuildFile; fileRef = BAD723231A64BF5100FB4645 /* UIImage+Gif.m */; };
		BAD7232C1A64D3DF00FB4645 /* ServerPolicyViewController.m in Sources */ = {isa = PBXBuildFile; fileRef = BAD7232A1A64D3DF00FB4645 /* ServerPolicyViewController.m */; };
		BAD7232D1A64D3DF00FB4645 /* ServerPolicyViewController.xib in Resources */ = {isa = PBXBuildFile; fileRef = BAD7232B1A64D3DF00FB4645 /* ServerPolicyViewController.xib */; };
		BAD723361A64FA6900FB4645 /* PersonalInfoView.m in Sources */ = {isa = PBXBuildFile; fileRef = BAD723351A64FA6900FB4645 /* PersonalInfoView.m */; };
		BAD723381A64FAA300FB4645 /* PersonalInfoView.xib in Resources */ = {isa = PBXBuildFile; fileRef = BAD723371A64FAA300FB4645 /* PersonalInfoView.xib */; };
		BAD7233B1A64FC9300FB4645 /* UserModel.m in Sources */ = {isa = PBXBuildFile; fileRef = BAD7233A1A64FC9300FB4645 /* UserModel.m */; };
		D8A7439E174DC2430CFB553D /* libPods.a in Frameworks */ = {isa = PBXBuildFile; fileRef = 12FB037F979C42EA46571C1A /* libPods.a */; };
/* End PBXBuildFile section */

/* Begin PBXContainerItemProxy section */
		BAD65A831A5FA89200987B06 /* PBXContainerItemProxy */ = {
			isa = PBXContainerItemProxy;
			containerPortal = BAD65A5E1A5FA89200987B06 /* Project object */;
			proxyType = 1;
			remoteGlobalIDString = BAD65A651A5FA89200987B06;
			remoteInfo = CarChat;
		};
/* End PBXContainerItemProxy section */

/* Begin PBXFileReference section */
		12FB037F979C42EA46571C1A /* libPods.a */ = {isa = PBXFileReference; explicitFileType = archive.ar; includeInIndex = 0; path = libPods.a; sourceTree = BUILT_PRODUCTS_DIR; };
		7E415BE01A6583EC0025E5FB /* ActivityIntrudoctionView.h */ = {isa = PBXFileReference; fileEncoding = 4; lastKnownFileType = sourcecode.c.h; path = ActivityIntrudoctionView.h; sourceTree = "<group>"; };
		7E415BE11A6583EC0025E5FB /* ActivityIntrudoctionView.m */ = {isa = PBXFileReference; fileEncoding = 4; lastKnownFileType = sourcecode.c.objc; path = ActivityIntrudoctionView.m; sourceTree = "<group>"; };
		7E415BE31A6584000025E5FB /* ActivityIntrudoctionView.xib */ = {isa = PBXFileReference; fileEncoding = 4; lastKnownFileType = file.xib; path = ActivityIntrudoctionView.xib; sourceTree = "<group>"; };
		7E415BE51A6589430025E5FB /* ActivityEditView.h */ = {isa = PBXFileReference; fileEncoding = 4; lastKnownFileType = sourcecode.c.h; path = ActivityEditView.h; sourceTree = "<group>"; };
		7E415BE61A6589430025E5FB /* ActivityEditView.m */ = {isa = PBXFileReference; fileEncoding = 4; lastKnownFileType = sourcecode.c.objc; path = ActivityEditView.m; sourceTree = "<group>"; };
		7E415BE81A65895E0025E5FB /* ActivityEditView.xib */ = {isa = PBXFileReference; fileEncoding = 4; lastKnownFileType = file.xib; path = ActivityEditView.xib; sourceTree = "<group>"; };
		7E415BEA1A66B2ED0025E5FB /* CreateActivityParameter.h */ = {isa = PBXFileReference; fileEncoding = 4; lastKnownFileType = sourcecode.c.h; path = CreateActivityParameter.h; sourceTree = "<group>"; };
		7E415BEB1A66B2ED0025E5FB /* CreateActivityParameter.m */ = {isa = PBXFileReference; fileEncoding = 4; lastKnownFileType = sourcecode.c.objc; path = CreateActivityParameter.m; sourceTree = "<group>"; };
		7E415BEE1A66CABA0025E5FB /* InviteViewController.h */ = {isa = PBXFileReference; fileEncoding = 4; lastKnownFileType = sourcecode.c.h; path = InviteViewController.h; sourceTree = "<group>"; };
		7E415BEF1A66CABA0025E5FB /* InviteViewController.m */ = {isa = PBXFileReference; fileEncoding = 4; lastKnownFileType = sourcecode.c.objc; path = InviteViewController.m; sourceTree = "<group>"; };
		7E415BF01A66CABA0025E5FB /* InviteViewController.xib */ = {isa = PBXFileReference; fileEncoding = 4; lastKnownFileType = file.xib; path = InviteViewController.xib; sourceTree = "<group>"; };
		7E415BF31A6808160025E5FB /* CreateInviteCodeParameter.h */ = {isa = PBXFileReference; fileEncoding = 4; lastKnownFileType = sourcecode.c.h; path = CreateInviteCodeParameter.h; sourceTree = "<group>"; };
		7E415BF41A6808160025E5FB /* CreateInviteCodeParameter.m */ = {isa = PBXFileReference; fileEncoding = 4; lastKnownFileType = sourcecode.c.objc; path = CreateInviteCodeParameter.m; sourceTree = "<group>"; };
		7E415BF61A680C3C0025E5FB /* InviteTableDelegator.h */ = {isa = PBXFileReference; fileEncoding = 4; lastKnownFileType = sourcecode.c.h; path = InviteTableDelegator.h; sourceTree = "<group>"; };
		7E415BF71A680C3C0025E5FB /* InviteTableDelegator.m */ = {isa = PBXFileReference; fileEncoding = 4; lastKnownFileType = sourcecode.c.objc; path = InviteTableDelegator.m; sourceTree = "<group>"; };
		7EF16D341A63FED00008B16F /* CCNetworkManager.h */ = {isa = PBXFileReference; fileEncoding = 4; lastKnownFileType = sourcecode.c.h; path = CCNetworkManager.h; sourceTree = "<group>"; };
		7EF16D351A63FED00008B16F /* CCNetworkManager.m */ = {isa = PBXFileReference; fileEncoding = 4; lastKnownFileType = sourcecode.c.objc; path = CCNetworkManager.m; sourceTree = "<group>"; };
		7EF6A0131A641A420022DBCE /* CCNetworkResponse.h */ = {isa = PBXFileReference; fileEncoding = 4; lastKnownFileType = sourcecode.c.h; path = CCNetworkResponse.h; sourceTree = "<group>"; };
		7EF6A0161A641ED70022DBCE /* ABCParameter.h */ = {isa = PBXFileReference; fileEncoding = 4; lastKnownFileType = sourcecode.c.h; path = ABCParameter.h; sourceTree = "<group>"; };
		7EF6A0171A641ED70022DBCE /* ABCParameter.m */ = {isa = PBXFileReference; fileEncoding = 4; lastKnownFileType = sourcecode.c.objc; path = ABCParameter.m; sourceTree = "<group>"; };
		7EF6A0191A641FEC0022DBCE /* LoginParameter.h */ = {isa = PBXFileReference; fileEncoding = 4; lastKnownFileType = sourcecode.c.h; path = LoginParameter.h; sourceTree = "<group>"; };
		7EF6A01A1A641FEC0022DBCE /* LoginParameter.m */ = {isa = PBXFileReference; fileEncoding = 4; lastKnownFileType = sourcecode.c.objc; path = LoginParameter.m; sourceTree = "<group>"; };
		91A1C4A7F3479EED06C580E1 /* Pods.debug.xcconfig */ = {isa = PBXFileReference; includeInIndex = 1; lastKnownFileType = text.xcconfig; name = Pods.debug.xcconfig; path = "Pods/Target Support Files/Pods/Pods.debug.xcconfig"; sourceTree = "<group>"; };
		BA0355681A660AAB00252F99 /* ParameterFactory.h */ = {isa = PBXFileReference; fileEncoding = 4; lastKnownFileType = sourcecode.c.h; path = ParameterFactory.h; sourceTree = "<group>"; };
		BA0355691A660AAB00252F99 /* ParameterFactory.m */ = {isa = PBXFileReference; fileEncoding = 4; lastKnownFileType = sourcecode.c.objc; path = ParameterFactory.m; sourceTree = "<group>"; };
		BA03556B1A660E0400252F99 /* ValidateInviteCodeParameter.h */ = {isa = PBXFileReference; fileEncoding = 4; lastKnownFileType = sourcecode.c.h; path = ValidateInviteCodeParameter.h; sourceTree = "<group>"; };
		BA03556C1A660E0400252F99 /* ValidateInviteCodeParameter.m */ = {isa = PBXFileReference; fileEncoding = 4; lastKnownFileType = sourcecode.c.objc; path = ValidateInviteCodeParameter.m; sourceTree = "<group>"; };
		BA03556E1A66196100252F99 /* RegisterParameter.h */ = {isa = PBXFileReference; fileEncoding = 4; lastKnownFileType = sourcecode.c.h; path = RegisterParameter.h; sourceTree = "<group>"; };
		BA03556F1A66196100252F99 /* RegisterParameter.m */ = {isa = PBXFileReference; fileEncoding = 4; lastKnownFileType = sourcecode.c.objc; path = RegisterParameter.m; sourceTree = "<group>"; };
		BA0355711A661C7500252F99 /* GetVerifySMSParameter.h */ = {isa = PBXFileReference; fileEncoding = 4; lastKnownFileType = sourcecode.c.h; path = GetVerifySMSParameter.h; sourceTree = "<group>"; };
		BA0355721A661C7500252F99 /* GetVerifySMSParameter.m */ = {isa = PBXFileReference; fileEncoding = 4; lastKnownFileType = sourcecode.c.objc; path = GetVerifySMSParameter.m; sourceTree = "<group>"; };
		BA0355741A6638B100252F99 /* ResetPasswordParameter.h */ = {isa = PBXFileReference; fileEncoding = 4; lastKnownFileType = sourcecode.c.h; path = ResetPasswordParameter.h; sourceTree = "<group>"; };
		BA0355751A6638B100252F99 /* ResetPasswordParameter.m */ = {isa = PBXFileReference; fileEncoding = 4; lastKnownFileType = sourcecode.c.objc; path = ResetPasswordParameter.m; sourceTree = "<group>"; };
		BA03557E1A66502200252F99 /* ConcreteResponseObject.h */ = {isa = PBXFileReference; fileEncoding = 4; lastKnownFileType = sourcecode.c.h; path = ConcreteResponseObject.h; sourceTree = "<group>"; };
		BA03557F1A66502200252F99 /* ConcreteResponseObject.m */ = {isa = PBXFileReference; fileEncoding = 4; lastKnownFileType = sourcecode.c.objc; path = ConcreteResponseObject.m; sourceTree = "<group>"; };
		BA6BC70D1A635FE400DA033C /* AppDelegate.h */ = {isa = PBXFileReference; fileEncoding = 4; lastKnownFileType = sourcecode.c.h; path = AppDelegate.h; sourceTree = "<group>"; };
		BA6BC70E1A635FE400DA033C /* AppDelegate.m */ = {isa = PBXFileReference; fileEncoding = 4; lastKnownFileType = sourcecode.c.objc; path = AppDelegate.m; sourceTree = "<group>"; };
		BA6BC7151A63606700DA033C /* RegisterViewController.h */ = {isa = PBXFileReference; fileEncoding = 4; lastKnownFileType = sourcecode.c.h; path = RegisterViewController.h; sourceTree = "<group>"; };
		BA6BC7161A63606700DA033C /* RegisterViewController.m */ = {isa = PBXFileReference; fileEncoding = 4; lastKnownFileType = sourcecode.c.objc; path = RegisterViewController.m; sourceTree = "<group>"; };
		BA6BC71A1A63607F00DA033C /* RegisterViewController.xib */ = {isa = PBXFileReference; fileEncoding = 4; lastKnownFileType = file.xib; path = RegisterViewController.xib; sourceTree = "<group>"; };
		BA6BC71C1A63627B00DA033C /* ActivityIntroductViewController.h */ = {isa = PBXFileReference; fileEncoding = 4; lastKnownFileType = sourcecode.c.h; path = ActivityIntroductViewController.h; sourceTree = "<group>"; };
		BA6BC71D1A63627B00DA033C /* ActivityIntroductViewController.m */ = {isa = PBXFileReference; fileEncoding = 4; lastKnownFileType = sourcecode.c.objc; path = ActivityIntroductViewController.m; sourceTree = "<group>"; };
		BA6BC71E1A63627B00DA033C /* LoginViewController.h */ = {isa = PBXFileReference; fileEncoding = 4; lastKnownFileType = sourcecode.c.h; path = LoginViewController.h; sourceTree = "<group>"; };
		BA6BC71F1A63627B00DA033C /* LoginViewController.m */ = {isa = PBXFileReference; fileEncoding = 4; lastKnownFileType = sourcecode.c.objc; path = LoginViewController.m; sourceTree = "<group>"; };
		BA6BC7201A63627B00DA033C /* LoginViewController.xib */ = {isa = PBXFileReference; fileEncoding = 4; lastKnownFileType = file.xib; path = LoginViewController.xib; sourceTree = "<group>"; };
		BA6BC7211A63627B00DA033C /* SuggestedActivityViewController.h */ = {isa = PBXFileReference; fileEncoding = 4; lastKnownFileType = sourcecode.c.h; path = SuggestedActivityViewController.h; sourceTree = "<group>"; };
		BA6BC7221A63627B00DA033C /* SuggestedActivityViewController.m */ = {isa = PBXFileReference; fileEncoding = 4; lastKnownFileType = sourcecode.c.objc; path = SuggestedActivityViewController.m; sourceTree = "<group>"; };
		BA6BC7231A63627B00DA033C /* SuggestedActivityViewController.xib */ = {isa = PBXFileReference; fileEncoding = 4; lastKnownFileType = file.xib; path = SuggestedActivityViewController.xib; sourceTree = "<group>"; };
		BA6BC7291A63628800DA033C /* ActivityModel.h */ = {isa = PBXFileReference; fileEncoding = 4; lastKnownFileType = sourcecode.c.h; path = ActivityModel.h; sourceTree = "<group>"; };
		BA6BC72A1A63628800DA033C /* ActivityModel.m */ = {isa = PBXFileReference; fileEncoding = 4; lastKnownFileType = sourcecode.c.objc; path = ActivityModel.m; sourceTree = "<group>"; };
		BA6BC72C1A63629400DA033C /* ActivitiesCollectionDelegator.h */ = {isa = PBXFileReference; fileEncoding = 4; lastKnownFileType = sourcecode.c.h; path = ActivitiesCollectionDelegator.h; sourceTree = "<group>"; };
		BA6BC72D1A63629400DA033C /* ActivitiesCollectionDelegator.m */ = {isa = PBXFileReference; fileEncoding = 4; lastKnownFileType = sourcecode.c.objc; path = ActivitiesCollectionDelegator.m; sourceTree = "<group>"; };
		BA6BC72E1A63629400DA033C /* ControllerCoordinator.h */ = {isa = PBXFileReference; fileEncoding = 4; lastKnownFileType = sourcecode.c.h; path = ControllerCoordinator.h; sourceTree = "<group>"; };
		BA6BC72F1A63629400DA033C /* ControllerCoordinator.m */ = {isa = PBXFileReference; fileEncoding = 4; lastKnownFileType = sourcecode.c.objc; path = ControllerCoordinator.m; sourceTree = "<group>"; };
		BA6BC7321A63644500DA033C /* AbstractViewController.h */ = {isa = PBXFileReference; fileEncoding = 4; lastKnownFileType = sourcecode.c.h; path = AbstractViewController.h; sourceTree = "<group>"; };
		BA6BC7331A63644500DA033C /* AbstractViewController.m */ = {isa = PBXFileReference; fileEncoding = 4; lastKnownFileType = sourcecode.c.objc; path = AbstractViewController.m; sourceTree = "<group>"; };
		BA6BC73A1A63651600DA033C /* UIView+HUD.h */ = {isa = PBXFileReference; fileEncoding = 4; lastKnownFileType = sourcecode.c.h; path = "UIView+HUD.h"; sourceTree = "<group>"; };
		BA6BC73B1A63651600DA033C /* UIView+HUD.m */ = {isa = PBXFileReference; fileEncoding = 4; lastKnownFileType = sourcecode.c.objc; path = "UIView+HUD.m"; sourceTree = "<group>"; };
		BAB11C7A1A6667C4007FDE38 /* CCStatusManager.h */ = {isa = PBXFileReference; fileEncoding = 4; lastKnownFileType = sourcecode.c.h; path = CCStatusManager.h; sourceTree = "<group>"; };
		BAB11C7B1A6667C4007FDE38 /* CCStatusManager.m */ = {isa = PBXFileReference; fileEncoding = 4; lastKnownFileType = sourcecode.c.objc; path = CCStatusManager.m; sourceTree = "<group>"; };
		BAB11C7D1A6670FB007FDE38 /* GetActivityWithInviteCodeParameter.h */ = {isa = PBXFileReference; fileEncoding = 4; lastKnownFileType = sourcecode.c.h; path = GetActivityWithInviteCodeParameter.h; sourceTree = "<group>"; };
		BAB11C7E1A6670FB007FDE38 /* GetActivityWithInviteCodeParameter.m */ = {isa = PBXFileReference; fileEncoding = 4; lastKnownFileType = sourcecode.c.objc; path = GetActivityWithInviteCodeParameter.m; sourceTree = "<group>"; };
		BAB11C801A668C80007FDE38 /* InviteActivityDetailViewController.h */ = {isa = PBXFileReference; fileEncoding = 4; lastKnownFileType = sourcecode.c.h; path = InviteActivityDetailViewController.h; sourceTree = "<group>"; };
		BAB11C811A668C80007FDE38 /* InviteActivityDetailViewController.m */ = {isa = PBXFileReference; fileEncoding = 4; lastKnownFileType = sourcecode.c.objc; path = InviteActivityDetailViewController.m; sourceTree = "<group>"; };
		BAB11C821A668C80007FDE38 /* InviteActivityDetailViewController.xib */ = {isa = PBXFileReference; fileEncoding = 4; lastKnownFileType = file.xib; path = InviteActivityDetailViewController.xib; sourceTree = "<group>"; };
		BAB11C851A675B0E007FDE38 /* MyViewController.h */ = {isa = PBXFileReference; fileEncoding = 4; lastKnownFileType = sourcecode.c.h; path = MyViewController.h; sourceTree = "<group>"; };
		BAB11C861A675B0E007FDE38 /* MyViewController.m */ = {isa = PBXFileReference; fileEncoding = 4; lastKnownFileType = sourcecode.c.objc; path = MyViewController.m; sourceTree = "<group>"; };
		BAB11C871A675B0E007FDE38 /* MyViewController.xib */ = {isa = PBXFileReference; fileEncoding = 4; lastKnownFileType = file.xib; path = MyViewController.xib; sourceTree = "<group>"; };
		BAB11C8A1A679C9A007FDE38 /* FollowingViewController.h */ = {isa = PBXFileReference; fileEncoding = 4; lastKnownFileType = sourcecode.c.h; path = FollowingViewController.h; sourceTree = "<group>"; };
		BAB11C8B1A679C9A007FDE38 /* FollowingViewController.m */ = {isa = PBXFileReference; fileEncoding = 4; lastKnownFileType = sourcecode.c.objc; path = FollowingViewController.m; sourceTree = "<group>"; };
		BAB11C8C1A679C9A007FDE38 /* FollowingViewController.xib */ = {isa = PBXFileReference; fileEncoding = 4; lastKnownFileType = file.xib; path = FollowingViewController.xib; sourceTree = "<group>"; };
		BAB11C8F1A679CE7007FDE38 /* MyActivitiesViewController.h */ = {isa = PBXFileReference; fileEncoding = 4; lastKnownFileType = sourcecode.c.h; path = MyActivitiesViewController.h; sourceTree = "<group>"; };
		BAB11C901A679CE7007FDE38 /* MyActivitiesViewController.m */ = {isa = PBXFileReference; fileEncoding = 4; lastKnownFileType = sourcecode.c.objc; path = MyActivitiesViewController.m; sourceTree = "<group>"; };
		BAB11C911A679CE7007FDE38 /* MyActivitiesViewController.xib */ = {isa = PBXFileReference; fileEncoding = 4; lastKnownFileType = file.xib; path = MyActivitiesViewController.xib; sourceTree = "<group>"; };
		BAB11C941A67A28B007FDE38 /* FollowerViewController.h */ = {isa = PBXFileReference; fileEncoding = 4; lastKnownFileType = sourcecode.c.h; path = FollowerViewController.h; sourceTree = "<group>"; };
		BAB11C951A67A28B007FDE38 /* FollowerViewController.m */ = {isa = PBXFileReference; fileEncoding = 4; lastKnownFileType = sourcecode.c.objc; path = FollowerViewController.m; sourceTree = "<group>"; };
		BAB11C961A67A28B007FDE38 /* FollowerViewController.xib */ = {isa = PBXFileReference; fileEncoding = 4; lastKnownFileType = file.xib; path = FollowerViewController.xib; sourceTree = "<group>"; };
		BAB11C991A68EED6007FDE38 /* UserCreatedActivityCell.h */ = {isa = PBXFileReference; fileEncoding = 4; lastKnownFileType = sourcecode.c.h; path = UserCreatedActivityCell.h; sourceTree = "<group>"; };
		BAB11C9A1A68EED6007FDE38 /* UserCreatedActivityCell.m */ = {isa = PBXFileReference; fileEncoding = 4; lastKnownFileType = sourcecode.c.objc; path = UserCreatedActivityCell.m; sourceTree = "<group>"; };
		BAB11C9E1A68F7A1007FDE38 /* Common.h */ = {isa = PBXFileReference; lastKnownFileType = sourcecode.c.h; path = Common.h; sourceTree = "<group>"; };
		BAB11C9F1A690E6F007FDE38 /* UIImage+color.h */ = {isa = PBXFileReference; fileEncoding = 4; lastKnownFileType = sourcecode.c.h; path = "UIImage+color.h"; sourceTree = "<group>"; };
		BAB11CA01A690E6F007FDE38 /* UIImage+color.m */ = {isa = PBXFileReference; fileEncoding = 4; lastKnownFileType = sourcecode.c.objc; path = "UIImage+color.m"; sourceTree = "<group>"; };
		BAB11CA21A6910E9007FDE38 /* UIView+square2Round.h */ = {isa = PBXFileReference; fileEncoding = 4; lastKnownFileType = sourcecode.c.h; path = "UIView+square2Round.h"; sourceTree = "<group>"; };
		BAB11CA31A6910E9007FDE38 /* UIView+square2Round.m */ = {isa = PBXFileReference; fileEncoding = 4; lastKnownFileType = sourcecode.c.objc; path = "UIView+square2Round.m"; sourceTree = "<group>"; };
		BAB11CA71A69FE5B007FDE38 /* SuggestActivityCell.h */ = {isa = PBXFileReference; fileEncoding = 4; lastKnownFileType = sourcecode.c.h; path = SuggestActivityCell.h; sourceTree = "<group>"; };
		BAB11CA81A69FE5B007FDE38 /* SuggestActivityCell.m */ = {isa = PBXFileReference; fileEncoding = 4; lastKnownFileType = sourcecode.c.objc; path = SuggestActivityCell.m; sourceTree = "<group>"; };
		BAB8108D1A638FA800142DDA /* PrefixHeader.pch */ = {isa = PBXFileReference; lastKnownFileType = sourcecode.c.h; path = PrefixHeader.pch; sourceTree = "<group>"; };
		BAB810931A639D1900142DDA /* ForgetPasswordViewController.h */ = {isa = PBXFileReference; fileEncoding = 4; lastKnownFileType = sourcecode.c.h; path = ForgetPasswordViewController.h; sourceTree = "<group>"; };
		BAB810941A639D1900142DDA /* ForgetPasswordViewController.m */ = {isa = PBXFileReference; fileEncoding = 4; lastKnownFileType = sourcecode.c.objc; path = ForgetPasswordViewController.m; sourceTree = "<group>"; };
		BAB810951A639D1900142DDA /* ForgetPasswordViewController.xib */ = {isa = PBXFileReference; fileEncoding = 4; lastKnownFileType = file.xib; path = ForgetPasswordViewController.xib; sourceTree = "<group>"; };
		BAB810981A63A85D00142DDA /* CompletePersonalInfoViewController.h */ = {isa = PBXFileReference; fileEncoding = 4; lastKnownFileType = sourcecode.c.h; path = CompletePersonalInfoViewController.h; sourceTree = "<group>"; };
		BAB810991A63A85D00142DDA /* CompletePersonalInfoViewController.m */ = {isa = PBXFileReference; fileEncoding = 4; lastKnownFileType = sourcecode.c.objc; path = CompletePersonalInfoViewController.m; sourceTree = "<group>"; };
		BAB8109A1A63A85D00142DDA /* CompletePersonalInfoViewController.xib */ = {isa = PBXFileReference; fileEncoding = 4; lastKnownFileType = file.xib; path = CompletePersonalInfoViewController.xib; sourceTree = "<group>"; };
		BAB8109D1A63B84700142DDA /* ActivityIntroductViewController.xib */ = {isa = PBXFileReference; fileEncoding = 4; lastKnownFileType = file.xib; path = ActivityIntroductViewController.xib; sourceTree = "<group>"; };
		BAB810A01A63C1A100142DDA /* UserCreatActivityDescriptionView.h */ = {isa = PBXFileReference; fileEncoding = 4; lastKnownFileType = sourcecode.c.h; path = UserCreatActivityDescriptionView.h; sourceTree = "<group>"; };
		BAB810A11A63C1A100142DDA /* UserCreatActivityDescriptionView.m */ = {isa = PBXFileReference; fileEncoding = 4; lastKnownFileType = sourcecode.c.objc; path = UserCreatActivityDescriptionView.m; sourceTree = "<group>"; };
		BAB810A31A63C1B400142DDA /* UserCreatActivityDescriptionView.xib */ = {isa = PBXFileReference; fileEncoding = 4; lastKnownFileType = file.xib; path = UserCreatActivityDescriptionView.xib; sourceTree = "<group>"; };
		BAD65A661A5FA89200987B06 /* CarChat.app */ = {isa = PBXFileReference; explicitFileType = wrapper.application; includeInIndex = 0; path = CarChat.app; sourceTree = BUILT_PRODUCTS_DIR; };
		BAD65A6A1A5FA89200987B06 /* Info.plist */ = {isa = PBXFileReference; lastKnownFileType = text.plist.xml; path = Info.plist; sourceTree = "<group>"; };
		BAD65A6B1A5FA89200987B06 /* main.m */ = {isa = PBXFileReference; lastKnownFileType = sourcecode.c.objc; path = main.m; sourceTree = "<group>"; };
		BAD65A711A5FA89200987B06 /* CarChat.xcdatamodel */ = {isa = PBXFileReference; lastKnownFileType = wrapper.xcdatamodel; path = CarChat.xcdatamodel; sourceTree = "<group>"; };
		BAD65A771A5FA89200987B06 /* Base */ = {isa = PBXFileReference; lastKnownFileType = file.storyboard; name = Base; path = Base.lproj/Main.storyboard; sourceTree = "<group>"; };
		BAD65A791A5FA89200987B06 /* Images.xcassets */ = {isa = PBXFileReference; lastKnownFileType = folder.assetcatalog; path = Images.xcassets; sourceTree = "<group>"; };
		BAD65A7C1A5FA89200987B06 /* Base */ = {isa = PBXFileReference; lastKnownFileType = file.xib; name = Base; path = Base.lproj/LaunchScreen.xib; sourceTree = "<group>"; };
		BAD65A821A5FA89200987B06 /* CarChatTests.xctest */ = {isa = PBXFileReference; explicitFileType = wrapper.cfbundle; includeInIndex = 0; path = CarChatTests.xctest; sourceTree = BUILT_PRODUCTS_DIR; };
		BAD65A871A5FA89200987B06 /* Info.plist */ = {isa = PBXFileReference; lastKnownFileType = text.plist.xml; path = Info.plist; sourceTree = "<group>"; };
		BAD65A881A5FA89200987B06 /* CarChatTests.m */ = {isa = PBXFileReference; lastKnownFileType = sourcecode.c.objc; path = CarChatTests.m; sourceTree = "<group>"; };
		BAD7231A1A64BF5100FB4645 /* NSDate+Helpers.h */ = {isa = PBXFileReference; fileEncoding = 4; lastKnownFileType = sourcecode.c.h; path = "NSDate+Helpers.h"; sourceTree = "<group>"; };
		BAD7231B1A64BF5100FB4645 /* NSDate+Helpers.m */ = {isa = PBXFileReference; fileEncoding = 4; lastKnownFileType = sourcecode.c.objc; path = "NSDate+Helpers.m"; sourceTree = "<group>"; };
		BAD7231C1A64BF5100FB4645 /* NSString+Helpers.h */ = {isa = PBXFileReference; fileEncoding = 4; lastKnownFileType = sourcecode.c.h; path = "NSString+Helpers.h"; sourceTree = "<group>"; };
		BAD7231D1A64BF5100FB4645 /* NSString+Helpers.m */ = {isa = PBXFileReference; fileEncoding = 4; lastKnownFileType = sourcecode.c.objc; path = "NSString+Helpers.m"; sourceTree = "<group>"; };
		BAD7231E1A64BF5100FB4645 /* NSUserDefaults+Helpers.h */ = {isa = PBXFileReference; fileEncoding = 4; lastKnownFileType = sourcecode.c.h; path = "NSUserDefaults+Helpers.h"; sourceTree = "<group>"; };
		BAD7231F1A64BF5100FB4645 /* NSUserDefaults+Helpers.m */ = {isa = PBXFileReference; fileEncoding = 4; lastKnownFileType = sourcecode.c.objc; path = "NSUserDefaults+Helpers.m"; sourceTree = "<group>"; };
		BAD723201A64BF5100FB4645 /* UIColor+Helper.h */ = {isa = PBXFileReference; fileEncoding = 4; lastKnownFileType = sourcecode.c.h; path = "UIColor+Helper.h"; sourceTree = "<group>"; };
		BAD723211A64BF5100FB4645 /* UIColor+Helper.m */ = {isa = PBXFileReference; fileEncoding = 4; lastKnownFileType = sourcecode.c.objc; path = "UIColor+Helper.m"; sourceTree = "<group>"; };
		BAD723221A64BF5100FB4645 /* UIImage+Gif.h */ = {isa = PBXFileReference; fileEncoding = 4; lastKnownFileType = sourcecode.c.h; path = "UIImage+Gif.h"; sourceTree = "<group>"; };
		BAD723231A64BF5100FB4645 /* UIImage+Gif.m */ = {isa = PBXFileReference; fileEncoding = 4; lastKnownFileType = sourcecode.c.objc; path = "UIImage+Gif.m"; sourceTree = "<group>"; };
		BAD723291A64D3DF00FB4645 /* ServerPolicyViewController.h */ = {isa = PBXFileReference; fileEncoding = 4; lastKnownFileType = sourcecode.c.h; path = ServerPolicyViewController.h; sourceTree = "<group>"; };
		BAD7232A1A64D3DF00FB4645 /* ServerPolicyViewController.m */ = {isa = PBXFileReference; fileEncoding = 4; lastKnownFileType = sourcecode.c.objc; path = ServerPolicyViewController.m; sourceTree = "<group>"; };
		BAD7232B1A64D3DF00FB4645 /* ServerPolicyViewController.xib */ = {isa = PBXFileReference; fileEncoding = 4; lastKnownFileType = file.xib; path = ServerPolicyViewController.xib; sourceTree = "<group>"; };
		BAD723341A64FA6900FB4645 /* PersonalInfoView.h */ = {isa = PBXFileReference; fileEncoding = 4; lastKnownFileType = sourcecode.c.h; path = PersonalInfoView.h; sourceTree = "<group>"; };
		BAD723351A64FA6900FB4645 /* PersonalInfoView.m */ = {isa = PBXFileReference; fileEncoding = 4; lastKnownFileType = sourcecode.c.objc; path = PersonalInfoView.m; sourceTree = "<group>"; };
		BAD723371A64FAA300FB4645 /* PersonalInfoView.xib */ = {isa = PBXFileReference; fileEncoding = 4; lastKnownFileType = file.xib; path = PersonalInfoView.xib; sourceTree = "<group>"; };
		BAD723391A64FC9300FB4645 /* UserModel.h */ = {isa = PBXFileReference; fileEncoding = 4; lastKnownFileType = sourcecode.c.h; path = UserModel.h; sourceTree = "<group>"; };
		BAD7233A1A64FC9300FB4645 /* UserModel.m */ = {isa = PBXFileReference; fileEncoding = 4; lastKnownFileType = sourcecode.c.objc; path = UserModel.m; sourceTree = "<group>"; };
		D0739C1B0EA98A7CE326B445 /* Pods.release.xcconfig */ = {isa = PBXFileReference; includeInIndex = 1; lastKnownFileType = text.xcconfig; name = Pods.release.xcconfig; path = "Pods/Target Support Files/Pods/Pods.release.xcconfig"; sourceTree = "<group>"; };
/* End PBXFileReference section */

/* Begin PBXFrameworksBuildPhase section */
		BAD65A631A5FA89200987B06 /* Frameworks */ = {
			isa = PBXFrameworksBuildPhase;
			buildActionMask = 2147483647;
			files = (
				D8A7439E174DC2430CFB553D /* libPods.a in Frameworks */,
			);
			runOnlyForDeploymentPostprocessing = 0;
		};
		BAD65A7F1A5FA89200987B06 /* Frameworks */ = {
			isa = PBXFrameworksBuildPhase;
			buildActionMask = 2147483647;
			files = (
			);
			runOnlyForDeploymentPostprocessing = 0;
		};
/* End PBXFrameworksBuildPhase section */

/* Begin PBXGroup section */
		4607AC9485DFC4302F334B2B /* Frameworks */ = {
			isa = PBXGroup;
			children = (
				12FB037F979C42EA46571C1A /* libPods.a */,
			);
			name = Frameworks;
			sourceTree = "<group>";
		};
		7E415BED1A66C4B20025E5FB /* My */ = {
			isa = PBXGroup;
			children = (
				BAB11C851A675B0E007FDE38 /* MyViewController.h */,
				BAB11C861A675B0E007FDE38 /* MyViewController.m */,
				BAB11C871A675B0E007FDE38 /* MyViewController.xib */,
				7E415BEE1A66CABA0025E5FB /* InviteViewController.h */,
				7E415BEF1A66CABA0025E5FB /* InviteViewController.m */,
				7E415BF01A66CABA0025E5FB /* InviteViewController.xib */,
				BAB11C8A1A679C9A007FDE38 /* FollowingViewController.h */,
				BAB11C8B1A679C9A007FDE38 /* FollowingViewController.m */,
				BAB11C8C1A679C9A007FDE38 /* FollowingViewController.xib */,
				BAB11C941A67A28B007FDE38 /* FollowerViewController.h */,
				BAB11C951A67A28B007FDE38 /* FollowerViewController.m */,
				BAB11C961A67A28B007FDE38 /* FollowerViewController.xib */,
				BAB11C8F1A679CE7007FDE38 /* MyActivitiesViewController.h */,
				BAB11C901A679CE7007FDE38 /* MyActivitiesViewController.m */,
				BAB11C911A679CE7007FDE38 /* MyActivitiesViewController.xib */,
			);
			name = My;
			sourceTree = "<group>";
		};
		7EF6A0141A641E510022DBCE /* Networking */ = {
			isa = PBXGroup;
			children = (
				BA0355771A664BC700252F99 /* responseObject */,
				7EF6A0151A641E5B0022DBCE /* requestParameter */,
				7EF16D341A63FED00008B16F /* CCNetworkManager.h */,
				7EF16D351A63FED00008B16F /* CCNetworkManager.m */,
				7EF6A0131A641A420022DBCE /* CCNetworkResponse.h */,
			);
			name = Networking;
			sourceTree = "<group>";
		};
		7EF6A0151A641E5B0022DBCE /* requestParameter */ = {
			isa = PBXGroup;
			children = (
				7EF6A0161A641ED70022DBCE /* ABCParameter.h */,
				7EF6A0171A641ED70022DBCE /* ABCParameter.m */,
				BA0355681A660AAB00252F99 /* ParameterFactory.h */,
				BA0355691A660AAB00252F99 /* ParameterFactory.m */,
				7EF6A0191A641FEC0022DBCE /* LoginParameter.h */,
				7EF6A01A1A641FEC0022DBCE /* LoginParameter.m */,
				BA03556B1A660E0400252F99 /* ValidateInviteCodeParameter.h */,
				BA03556C1A660E0400252F99 /* ValidateInviteCodeParameter.m */,
				BA03556E1A66196100252F99 /* RegisterParameter.h */,
				BA03556F1A66196100252F99 /* RegisterParameter.m */,
				BA0355711A661C7500252F99 /* GetVerifySMSParameter.h */,
				BA0355721A661C7500252F99 /* GetVerifySMSParameter.m */,
				BA0355741A6638B100252F99 /* ResetPasswordParameter.h */,
				BA0355751A6638B100252F99 /* ResetPasswordParameter.m */,
				BAB11C7D1A6670FB007FDE38 /* GetActivityWithInviteCodeParameter.h */,
				BAB11C7E1A6670FB007FDE38 /* GetActivityWithInviteCodeParameter.m */,
				7E415BEA1A66B2ED0025E5FB /* CreateActivityParameter.h */,
				7E415BEB1A66B2ED0025E5FB /* CreateActivityParameter.m */,
				7E415BF31A6808160025E5FB /* CreateInviteCodeParameter.h */,
				7E415BF41A6808160025E5FB /* CreateInviteCodeParameter.m */,
			);
			name = requestParameter;
			sourceTree = "<group>";
		};
		BA0355771A664BC700252F99 /* responseObject */ = {
			isa = PBXGroup;
			children = (
				BA03557E1A66502200252F99 /* ConcreteResponseObject.h */,
				BA03557F1A66502200252F99 /* ConcreteResponseObject.m */,
			);
			name = responseObject;
			sourceTree = "<group>";
		};
		BA6BC70C1A635FE400DA033C /* AppDelegate */ = {
			isa = PBXGroup;
			children = (
				BA6BC70D1A635FE400DA033C /* AppDelegate.h */,
				BA6BC70E1A635FE400DA033C /* AppDelegate.m */,
			);
			path = AppDelegate;
			sourceTree = "<group>";
		};
		BA6BC7101A63603E00DA033C /* Helpers */ = {
			isa = PBXGroup;
			children = (
				BAD7231A1A64BF5100FB4645 /* NSDate+Helpers.h */,
				BAD7231B1A64BF5100FB4645 /* NSDate+Helpers.m */,
				BAD7231C1A64BF5100FB4645 /* NSString+Helpers.h */,
				BAD7231D1A64BF5100FB4645 /* NSString+Helpers.m */,
				BAD7231E1A64BF5100FB4645 /* NSUserDefaults+Helpers.h */,
				BAD7231F1A64BF5100FB4645 /* NSUserDefaults+Helpers.m */,
				BAD723201A64BF5100FB4645 /* UIColor+Helper.h */,
				BAD723211A64BF5100FB4645 /* UIColor+Helper.m */,
				BAD723221A64BF5100FB4645 /* UIImage+Gif.h */,
				BAD723231A64BF5100FB4645 /* UIImage+Gif.m */,
				BA6BC73A1A63651600DA033C /* UIView+HUD.h */,
				BA6BC73B1A63651600DA033C /* UIView+HUD.m */,
				BAB11C9F1A690E6F007FDE38 /* UIImage+color.h */,
				BAB11CA01A690E6F007FDE38 /* UIImage+color.m */,
				BAB11CA21A6910E9007FDE38 /* UIView+square2Round.h */,
				BAB11CA31A6910E9007FDE38 /* UIView+square2Round.m */,
			);
			path = Helpers;
			sourceTree = "<group>";
		};
		BA6BC7111A63603E00DA033C /* Models */ = {
			isa = PBXGroup;
			children = (
				BA6BC7291A63628800DA033C /* ActivityModel.h */,
				BA6BC72A1A63628800DA033C /* ActivityModel.m */,
				BAD723391A64FC9300FB4645 /* UserModel.h */,
				BAD7233A1A64FC9300FB4645 /* UserModel.m */,
			);
			path = Models;
			sourceTree = "<group>";
		};
		BA6BC7121A63603E00DA033C /* Modules */ = {
			isa = PBXGroup;
			children = (
				BAB11C791A666793007FDE38 /* CollectionDelegator */,
				BA6BC72E1A63629400DA033C /* ControllerCoordinator.h */,
				BA6BC72F1A63629400DA033C /* ControllerCoordinator.m */,
				BAB11C7A1A6667C4007FDE38 /* CCStatusManager.h */,
				BAB11C7B1A6667C4007FDE38 /* CCStatusManager.m */,
				7EF6A0141A641E510022DBCE /* Networking */,
				BAB11C9E1A68F7A1007FDE38 /* Common.h */,
			);
			path = Modules;
			sourceTree = "<group>";
		};
		BA6BC7141A63606700DA033C /* Controllers */ = {
			isa = PBXGroup;
			children = (
				7E415BED1A66C4B20025E5FB /* My */,
				BA6BC73F1A63718700DA033C /* SuggestActivity */,
				BA6BC7401A63719700DA033C /* ActivityDetail */,
				BA6BC73E1A63717500DA033C /* Login */,
				BA6BC73D1A63716700DA033C /* Register */,
				BAD723301A64F95100FB4645 /* PersonalProfile */,
				BA6BC7381A63647C00DA033C /* ABC */,
			);
			path = Controllers;
			sourceTree = "<group>";
		};
		BA6BC7381A63647C00DA033C /* ABC */ = {
			isa = PBXGroup;
			children = (
				BA6BC7321A63644500DA033C /* AbstractViewController.h */,
				BA6BC7331A63644500DA033C /* AbstractViewController.m */,
			);
			name = ABC;
			sourceTree = "<group>";
		};
		BA6BC73D1A63716700DA033C /* Register */ = {
			isa = PBXGroup;
			children = (
				BA6BC7151A63606700DA033C /* RegisterViewController.h */,
				BA6BC7161A63606700DA033C /* RegisterViewController.m */,
				BA6BC71A1A63607F00DA033C /* RegisterViewController.xib */,
				BAD723291A64D3DF00FB4645 /* ServerPolicyViewController.h */,
				BAD7232A1A64D3DF00FB4645 /* ServerPolicyViewController.m */,
				BAD7232B1A64D3DF00FB4645 /* ServerPolicyViewController.xib */,
			);
			name = Register;
			sourceTree = "<group>";
		};
		BA6BC73E1A63717500DA033C /* Login */ = {
			isa = PBXGroup;
			children = (
				BA6BC71E1A63627B00DA033C /* LoginViewController.h */,
				BA6BC71F1A63627B00DA033C /* LoginViewController.m */,
				BA6BC7201A63627B00DA033C /* LoginViewController.xib */,
				BAB810931A639D1900142DDA /* ForgetPasswordViewController.h */,
				BAB810941A639D1900142DDA /* ForgetPasswordViewController.m */,
				BAB810951A639D1900142DDA /* ForgetPasswordViewController.xib */,
			);
			name = Login;
			sourceTree = "<group>";
		};
		BA6BC73F1A63718700DA033C /* SuggestActivity */ = {
			isa = PBXGroup;
			children = (
				BA6BC7211A63627B00DA033C /* SuggestedActivityViewController.h */,
				BA6BC7221A63627B00DA033C /* SuggestedActivityViewController.m */,
				BA6BC7231A63627B00DA033C /* SuggestedActivityViewController.xib */,
			);
			name = SuggestActivity;
			sourceTree = "<group>";
		};
		BA6BC7401A63719700DA033C /* ActivityDetail */ = {
			isa = PBXGroup;
			children = (
				BA6BC71C1A63627B00DA033C /* ActivityIntroductViewController.h */,
				BA6BC71D1A63627B00DA033C /* ActivityIntroductViewController.m */,
				BAB8109D1A63B84700142DDA /* ActivityIntroductViewController.xib */,
				BAB11C801A668C80007FDE38 /* InviteActivityDetailViewController.h */,
				BAB11C811A668C80007FDE38 /* InviteActivityDetailViewController.m */,
				BAB11C821A668C80007FDE38 /* InviteActivityDetailViewController.xib */,
			);
			name = ActivityDetail;
			sourceTree = "<group>";
		};
		BAB11C791A666793007FDE38 /* CollectionDelegator */ = {
			isa = PBXGroup;
			children = (
				BA6BC72C1A63629400DA033C /* ActivitiesCollectionDelegator.h */,
				BA6BC72D1A63629400DA033C /* ActivitiesCollectionDelegator.m */,
				7E415BF61A680C3C0025E5FB /* InviteTableDelegator.h */,
				7E415BF71A680C3C0025E5FB /* InviteTableDelegator.m */,
			);
			name = CollectionDelegator;
			sourceTree = "<group>";
		};
		BAB8109F1A63C18900142DDA /* Views */ = {
			isa = PBXGroup;
			children = (
				BAD723331A64F98800FB4645 /* PersonalProfile */,
				BAD723321A64F97B00FB4645 /* Activity */,
			);
			path = Views;
			sourceTree = "<group>";
		};
		BAD65A5D1A5FA89200987B06 = {
			isa = PBXGroup;
			children = (
				BAD65A681A5FA89200987B06 /* CarChat */,
				BAD65A671A5FA89200987B06 /* Products */,
				C2A044BD05448574EAB491E7 /* Pods */,
				BAD65A851A5FA89200987B06 /* CarChatTests */,
				4607AC9485DFC4302F334B2B /* Frameworks */,
			);
			sourceTree = "<group>";
		};
		BAD65A671A5FA89200987B06 /* Products */ = {
			isa = PBXGroup;
			children = (
				BAD65A661A5FA89200987B06 /* CarChat.app */,
				BAD65A821A5FA89200987B06 /* CarChatTests.xctest */,
			);
			name = Products;
			sourceTree = "<group>";
		};
		BAD65A681A5FA89200987B06 /* CarChat */ = {
			isa = PBXGroup;
			children = (
				BA6BC7141A63606700DA033C /* Controllers */,
				BAB8109F1A63C18900142DDA /* Views */,
				BA6BC7111A63603E00DA033C /* Models */,
				BA6BC7101A63603E00DA033C /* Helpers */,
				BA6BC7121A63603E00DA033C /* Modules */,
				BAD65A691A5FA89200987B06 /* Supporting Files */,
			);
			path = CarChat;
			sourceTree = "<group>";
		};
		BAD65A691A5FA89200987B06 /* Supporting Files */ = {
			isa = PBXGroup;
			children = (
				BA6BC70C1A635FE400DA033C /* AppDelegate */,
				BAD65A701A5FA89200987B06 /* CarChat.xcdatamodeld */,
				BAD65A791A5FA89200987B06 /* Images.xcassets */,
				BAD65A7B1A5FA89200987B06 /* LaunchScreen.xib */,
				BAD65A761A5FA89200987B06 /* Main.storyboard */,
				BAD65A6A1A5FA89200987B06 /* Info.plist */,
				BAD65A6B1A5FA89200987B06 /* main.m */,
				BAB8108D1A638FA800142DDA /* PrefixHeader.pch */,
			);
			name = "Supporting Files";
			sourceTree = "<group>";
		};
		BAD65A851A5FA89200987B06 /* CarChatTests */ = {
			isa = PBXGroup;
			children = (
				BAD65A881A5FA89200987B06 /* CarChatTests.m */,
				BAD65A861A5FA89200987B06 /* Supporting Files */,
			);
			path = CarChatTests;
			sourceTree = "<group>";
		};
		BAD65A861A5FA89200987B06 /* Supporting Files */ = {
			isa = PBXGroup;
			children = (
				BAD65A871A5FA89200987B06 /* Info.plist */,
			);
			name = "Supporting Files";
			sourceTree = "<group>";
		};
		BAD723301A64F95100FB4645 /* PersonalProfile */ = {
			isa = PBXGroup;
			children = (
				BAB810981A63A85D00142DDA /* CompletePersonalInfoViewController.h */,
				BAB810991A63A85D00142DDA /* CompletePersonalInfoViewController.m */,
				BAB8109A1A63A85D00142DDA /* CompletePersonalInfoViewController.xib */,
			);
			name = PersonalProfile;
			sourceTree = "<group>";
		};
		BAD723321A64F97B00FB4645 /* Activity */ = {
			isa = PBXGroup;
			children = (
				BAB810A01A63C1A100142DDA /* UserCreatActivityDescriptionView.h */,
				BAB810A11A63C1A100142DDA /* UserCreatActivityDescriptionView.m */,
				BAB810A31A63C1B400142DDA /* UserCreatActivityDescriptionView.xib */,
				7E415BE01A6583EC0025E5FB /* ActivityIntrudoctionView.h */,
				7E415BE11A6583EC0025E5FB /* ActivityIntrudoctionView.m */,
				7E415BE31A6584000025E5FB /* ActivityIntrudoctionView.xib */,
				7E415BE51A6589430025E5FB /* ActivityEditView.h */,
				7E415BE61A6589430025E5FB /* ActivityEditView.m */,
				7E415BE81A65895E0025E5FB /* ActivityEditView.xib */,
				BAB11C991A68EED6007FDE38 /* UserCreatedActivityCell.h */,
				BAB11C9A1A68EED6007FDE38 /* UserCreatedActivityCell.m */,
				BAB11CA71A69FE5B007FDE38 /* SuggestActivityCell.h */,
				BAB11CA81A69FE5B007FDE38 /* SuggestActivityCell.m */,
			);
			name = Activity;
			sourceTree = "<group>";
		};
		BAD723331A64F98800FB4645 /* PersonalProfile */ = {
			isa = PBXGroup;
			children = (
				BAD723341A64FA6900FB4645 /* PersonalInfoView.h */,
				BAD723351A64FA6900FB4645 /* PersonalInfoView.m */,
				BAD723371A64FAA300FB4645 /* PersonalInfoView.xib */,
			);
			name = PersonalProfile;
			sourceTree = "<group>";
		};
		C2A044BD05448574EAB491E7 /* Pods */ = {
			isa = PBXGroup;
			children = (
				91A1C4A7F3479EED06C580E1 /* Pods.debug.xcconfig */,
				D0739C1B0EA98A7CE326B445 /* Pods.release.xcconfig */,
			);
			name = Pods;
			sourceTree = "<group>";
		};
/* End PBXGroup section */

/* Begin PBXNativeTarget section */
		BAD65A651A5FA89200987B06 /* CarChat */ = {
			isa = PBXNativeTarget;
			buildConfigurationList = BAD65A8C1A5FA89200987B06 /* Build configuration list for PBXNativeTarget "CarChat" */;
			buildPhases = (
				1E58D4F1B54F5FBD9F703C40 /* Check Pods Manifest.lock */,
				BAD65A621A5FA89200987B06 /* Sources */,
				BAD65A631A5FA89200987B06 /* Frameworks */,
				BAD65A641A5FA89200987B06 /* Resources */,
				291191FCB4379503F81E8FD4 /* Copy Pods Resources */,
			);
			buildRules = (
			);
			dependencies = (
			);
			name = CarChat;
			productName = CarChat;
			productReference = BAD65A661A5FA89200987B06 /* CarChat.app */;
			productType = "com.apple.product-type.application";
		};
		BAD65A811A5FA89200987B06 /* CarChatTests */ = {
			isa = PBXNativeTarget;
			buildConfigurationList = BAD65A8F1A5FA89200987B06 /* Build configuration list for PBXNativeTarget "CarChatTests" */;
			buildPhases = (
				BAD65A7E1A5FA89200987B06 /* Sources */,
				BAD65A7F1A5FA89200987B06 /* Frameworks */,
				BAD65A801A5FA89200987B06 /* Resources */,
			);
			buildRules = (
			);
			dependencies = (
				BAD65A841A5FA89200987B06 /* PBXTargetDependency */,
			);
			name = CarChatTests;
			productName = CarChatTests;
			productReference = BAD65A821A5FA89200987B06 /* CarChatTests.xctest */;
			productType = "com.apple.product-type.bundle.unit-test";
		};
/* End PBXNativeTarget section */

/* Begin PBXProject section */
		BAD65A5E1A5FA89200987B06 /* Project object */ = {
			isa = PBXProject;
			attributes = {
				LastUpgradeCheck = 0610;
				ORGANIZATIONNAME = GongPingJia;
				TargetAttributes = {
					BAD65A651A5FA89200987B06 = {
						CreatedOnToolsVersion = 6.1.1;
					};
					BAD65A811A5FA89200987B06 = {
						CreatedOnToolsVersion = 6.1.1;
						TestTargetID = BAD65A651A5FA89200987B06;
					};
				};
			};
			buildConfigurationList = BAD65A611A5FA89200987B06 /* Build configuration list for PBXProject "CarChat" */;
			compatibilityVersion = "Xcode 3.2";
			developmentRegion = English;
			hasScannedForEncodings = 0;
			knownRegions = (
				en,
				Base,
			);
			mainGroup = BAD65A5D1A5FA89200987B06;
			productRefGroup = BAD65A671A5FA89200987B06 /* Products */;
			projectDirPath = "";
			projectRoot = "";
			targets = (
				BAD65A651A5FA89200987B06 /* CarChat */,
				BAD65A811A5FA89200987B06 /* CarChatTests */,
			);
		};
/* End PBXProject section */

/* Begin PBXResourcesBuildPhase section */
		BAD65A641A5FA89200987B06 /* Resources */ = {
			isa = PBXResourcesBuildPhase;
			buildActionMask = 2147483647;
			files = (
				BAB11C891A675B0E007FDE38 /* MyViewController.xib in Resources */,
				BAB8109C1A63A85D00142DDA /* CompletePersonalInfoViewController.xib in Resources */,
				BAB11C8E1A679C9A007FDE38 /* FollowingViewController.xib in Resources */,
				BAB810971A639D1900142DDA /* ForgetPasswordViewController.xib in Resources */,
				BA6BC7261A63627B00DA033C /* LoginViewController.xib in Resources */,
				7E415BE41A6584000025E5FB /* ActivityIntrudoctionView.xib in Resources */,
				BAD65A781A5FA89200987B06 /* Main.storyboard in Resources */,
				BAD723381A64FAA300FB4645 /* PersonalInfoView.xib in Resources */,
				BAB11C981A67A28B007FDE38 /* FollowerViewController.xib in Resources */,
				BAB11C931A679CE7007FDE38 /* MyActivitiesViewController.xib in Resources */,
				BAB810A41A63C1B400142DDA /* UserCreatActivityDescriptionView.xib in Resources */,
				7E415BF21A66CABA0025E5FB /* InviteViewController.xib in Resources */,
				BA6BC71B1A63607F00DA033C /* RegisterViewController.xib in Resources */,
				BAB8109E1A63B84700142DDA /* ActivityIntroductViewController.xib in Resources */,
				BA6BC7281A63627B00DA033C /* SuggestedActivityViewController.xib in Resources */,
				BAD65A7D1A5FA89200987B06 /* LaunchScreen.xib in Resources */,
				7E415BE91A65895E0025E5FB /* ActivityEditView.xib in Resources */,
				BAD7232D1A64D3DF00FB4645 /* ServerPolicyViewController.xib in Resources */,
				BAD65A7A1A5FA89200987B06 /* Images.xcassets in Resources */,
				BAB11C841A668C80007FDE38 /* InviteActivityDetailViewController.xib in Resources */,
			);
			runOnlyForDeploymentPostprocessing = 0;
		};
		BAD65A801A5FA89200987B06 /* Resources */ = {
			isa = PBXResourcesBuildPhase;
			buildActionMask = 2147483647;
			files = (
			);
			runOnlyForDeploymentPostprocessing = 0;
		};
/* End PBXResourcesBuildPhase section */

/* Begin PBXShellScriptBuildPhase section */
		1E58D4F1B54F5FBD9F703C40 /* Check Pods Manifest.lock */ = {
			isa = PBXShellScriptBuildPhase;
			buildActionMask = 2147483647;
			files = (
			);
			inputPaths = (
			);
			name = "Check Pods Manifest.lock";
			outputPaths = (
			);
			runOnlyForDeploymentPostprocessing = 0;
			shellPath = /bin/sh;
			shellScript = "diff \"${PODS_ROOT}/../Podfile.lock\" \"${PODS_ROOT}/Manifest.lock\" > /dev/null\nif [[ $? != 0 ]] ; then\n    cat << EOM\nerror: The sandbox is not in sync with the Podfile.lock. Run 'pod install' or update your CocoaPods installation.\nEOM\n    exit 1\nfi\n";
			showEnvVarsInLog = 0;
		};
		291191FCB4379503F81E8FD4 /* Copy Pods Resources */ = {
			isa = PBXShellScriptBuildPhase;
			buildActionMask = 2147483647;
			files = (
			);
			inputPaths = (
			);
			name = "Copy Pods Resources";
			outputPaths = (
			);
			runOnlyForDeploymentPostprocessing = 0;
			shellPath = /bin/sh;
			shellScript = "\"${SRCROOT}/Pods/Target Support Files/Pods/Pods-resources.sh\"\n";
			showEnvVarsInLog = 0;
		};
/* End PBXShellScriptBuildPhase section */

/* Begin PBXSourcesBuildPhase section */
		BAD65A621A5FA89200987B06 /* Sources */ = {
			isa = PBXSourcesBuildPhase;
			buildActionMask = 2147483647;
			files = (
				BA0355761A6638B100252F99 /* ResetPasswordParameter.m in Sources */,
				BAD723261A64BF5100FB4645 /* NSUserDefaults+Helpers.m in Sources */,
				BA6BC73C1A63651600DA033C /* UIView+HUD.m in Sources */,
				BA6BC7311A63629400DA033C /* ControllerCoordinator.m in Sources */,
				BAB11C8D1A679C9A007FDE38 /* FollowingViewController.m in Sources */,
				BA6BC7301A63629400DA033C /* ActivitiesCollectionDelegator.m in Sources */,
				BA0355731A661C7500252F99 /* GetVerifySMSParameter.m in Sources */,
				BAD723281A64BF5100FB4645 /* UIImage+Gif.m in Sources */,
				BAD723241A64BF5100FB4645 /* NSDate+Helpers.m in Sources */,
				BAB11C921A679CE7007FDE38 /* MyActivitiesViewController.m in Sources */,
				BA6BC7341A63644500DA033C /* AbstractViewController.m in Sources */,
				BA03556D1A660E0400252F99 /* ValidateInviteCodeParameter.m in Sources */,
				BA6BC72B1A63628800DA033C /* ActivityModel.m in Sources */,
				BAD7233B1A64FC9300FB4645 /* UserModel.m in Sources */,
				BA6BC7271A63627B00DA033C /* SuggestedActivityViewController.m in Sources */,
				BAB11CA41A6910E9007FDE38 /* UIView+square2Round.m in Sources */,
				BAB810961A639D1900142DDA /* ForgetPasswordViewController.m in Sources */,
				7E415BE71A6589430025E5FB /* ActivityEditView.m in Sources */,
				BAB11C7F1A6670FB007FDE38 /* GetActivityWithInviteCodeParameter.m in Sources */,
				7EF6A01B1A641FEC0022DBCE /* LoginParameter.m in Sources */,
				BA6BC70F1A635FE400DA033C /* AppDelegate.m in Sources */,
				BA03556A1A660AAB00252F99 /* ParameterFactory.m in Sources */,
				7EF16D361A63FED00008B16F /* CCNetworkManager.m in Sources */,
				BA0355801A66502200252F99 /* ConcreteResponseObject.m in Sources */,
				BAD723361A64FA6900FB4645 /* PersonalInfoView.m in Sources */,
				BAB11C9C1A68EED6007FDE38 /* UserCreatedActivityCell.m in Sources */,
				BAD65A721A5FA89200987B06 /* CarChat.xcdatamodeld in Sources */,
				BAB810A21A63C1A100142DDA /* UserCreatActivityDescriptionView.m in Sources */,
				BA6BC7251A63627B00DA033C /* LoginViewController.m in Sources */,
				BAB11CA91A69FE5B007FDE38 /* SuggestActivityCell.m in Sources */,
				BAB11C7C1A6667C4007FDE38 /* CCStatusManager.m in Sources */,
				7E415BEC1A66B2ED0025E5FB /* CreateActivityParameter.m in Sources */,
				BAD723271A64BF5100FB4645 /* UIColor+Helper.m in Sources */,
				BAB8109B1A63A85D00142DDA /* CompletePersonalInfoViewController.m in Sources */,
				BAD65A6C1A5FA89200987B06 /* main.m in Sources */,
				BA6BC7181A63606700DA033C /* RegisterViewController.m in Sources */,
				7E415BF51A6808160025E5FB /* CreateInviteCodeParameter.m in Sources */,
				BA6BC7241A63627B00DA033C /* ActivityIntroductViewController.m in Sources */,
				BAB11CA11A690E6F007FDE38 /* UIImage+color.m in Sources */,
				BAD7232C1A64D3DF00FB4645 /* ServerPolicyViewController.m in Sources */,
				BAB11C831A668C80007FDE38 /* InviteActivityDetailViewController.m in Sources */,
				BAB11C881A675B0E007FDE38 /* MyViewController.m in Sources */,
				7E415BE21A6583EC0025E5FB /* ActivityIntrudoctionView.m in Sources */,
				BAB11C971A67A28B007FDE38 /* FollowerViewController.m in Sources */,
				7EF6A0181A641ED70022DBCE /* ABCParameter.m in Sources */,
				BA0355701A66196100252F99 /* RegisterParameter.m in Sources */,
				7E415BF81A680C3C0025E5FB /* InviteTableDelegator.m in Sources */,
				7E415BF11A66CABA0025E5FB /* InviteViewController.m in Sources */,
				BAD723251A64BF5100FB4645 /* NSString+Helpers.m in Sources */,
			);
			runOnlyForDeploymentPostprocessing = 0;
		};
		BAD65A7E1A5FA89200987B06 /* Sources */ = {
			isa = PBXSourcesBuildPhase;
			buildActionMask = 2147483647;
			files = (
				BAD65A891A5FA89200987B06 /* CarChatTests.m in Sources */,
			);
			runOnlyForDeploymentPostprocessing = 0;
		};
/* End PBXSourcesBuildPhase section */

/* Begin PBXTargetDependency section */
		BAD65A841A5FA89200987B06 /* PBXTargetDependency */ = {
			isa = PBXTargetDependency;
			target = BAD65A651A5FA89200987B06 /* CarChat */;
			targetProxy = BAD65A831A5FA89200987B06 /* PBXContainerItemProxy */;
		};
/* End PBXTargetDependency section */

/* Begin PBXVariantGroup section */
		BAD65A761A5FA89200987B06 /* Main.storyboard */ = {
			isa = PBXVariantGroup;
			children = (
				BAD65A771A5FA89200987B06 /* Base */,
			);
			name = Main.storyboard;
			sourceTree = "<group>";
		};
		BAD65A7B1A5FA89200987B06 /* LaunchScreen.xib */ = {
			isa = PBXVariantGroup;
			children = (
				BAD65A7C1A5FA89200987B06 /* Base */,
			);
			name = LaunchScreen.xib;
			sourceTree = "<group>";
		};
/* End PBXVariantGroup section */

/* Begin XCBuildConfiguration section */
		BAD65A8A1A5FA89200987B06 /* Debug */ = {
			isa = XCBuildConfiguration;
			buildSettings = {
				ALWAYS_SEARCH_USER_PATHS = NO;
				CLANG_CXX_LANGUAGE_STANDARD = "gnu++0x";
				CLANG_CXX_LIBRARY = "libc++";
				CLANG_ENABLE_MODULES = YES;
				CLANG_ENABLE_OBJC_ARC = YES;
				CLANG_WARN_BOOL_CONVERSION = YES;
				CLANG_WARN_CONSTANT_CONVERSION = YES;
				CLANG_WARN_DIRECT_OBJC_ISA_USAGE = YES_ERROR;
				CLANG_WARN_EMPTY_BODY = YES;
				CLANG_WARN_ENUM_CONVERSION = YES;
				CLANG_WARN_INT_CONVERSION = YES;
				CLANG_WARN_OBJC_ROOT_CLASS = YES_ERROR;
				CLANG_WARN_UNREACHABLE_CODE = YES;
				CLANG_WARN__DUPLICATE_METHOD_MATCH = YES;
				"CODE_SIGN_IDENTITY[sdk=iphoneos*]" = "iPhone Developer";
				COPY_PHASE_STRIP = NO;
				ENABLE_STRICT_OBJC_MSGSEND = YES;
				GCC_C_LANGUAGE_STANDARD = gnu99;
				GCC_DYNAMIC_NO_PIC = NO;
				GCC_OPTIMIZATION_LEVEL = 0;
				GCC_PREPROCESSOR_DEFINITIONS = (
					"DEBUG=1",
					"$(inherited)",
				);
				GCC_SYMBOLS_PRIVATE_EXTERN = NO;
				GCC_WARN_64_TO_32_BIT_CONVERSION = YES;
				GCC_WARN_ABOUT_RETURN_TYPE = YES_ERROR;
				GCC_WARN_UNDECLARED_SELECTOR = YES;
				GCC_WARN_UNINITIALIZED_AUTOS = YES_AGGRESSIVE;
				GCC_WARN_UNUSED_FUNCTION = YES;
				GCC_WARN_UNUSED_VARIABLE = YES;
				IPHONEOS_DEPLOYMENT_TARGET = 8.1;
				MTL_ENABLE_DEBUG_INFO = YES;
				ONLY_ACTIVE_ARCH = YES;
				SDKROOT = iphoneos7.1;
			};
			name = Debug;
		};
		BAD65A8B1A5FA89200987B06 /* Release */ = {
			isa = XCBuildConfiguration;
			buildSettings = {
				ALWAYS_SEARCH_USER_PATHS = NO;
				CLANG_CXX_LANGUAGE_STANDARD = "gnu++0x";
				CLANG_CXX_LIBRARY = "libc++";
				CLANG_ENABLE_MODULES = YES;
				CLANG_ENABLE_OBJC_ARC = YES;
				CLANG_WARN_BOOL_CONVERSION = YES;
				CLANG_WARN_CONSTANT_CONVERSION = YES;
				CLANG_WARN_DIRECT_OBJC_ISA_USAGE = YES_ERROR;
				CLANG_WARN_EMPTY_BODY = YES;
				CLANG_WARN_ENUM_CONVERSION = YES;
				CLANG_WARN_INT_CONVERSION = YES;
				CLANG_WARN_OBJC_ROOT_CLASS = YES_ERROR;
				CLANG_WARN_UNREACHABLE_CODE = YES;
				CLANG_WARN__DUPLICATE_METHOD_MATCH = YES;
				"CODE_SIGN_IDENTITY[sdk=iphoneos*]" = "iPhone Developer";
				COPY_PHASE_STRIP = YES;
				ENABLE_NS_ASSERTIONS = NO;
				ENABLE_STRICT_OBJC_MSGSEND = YES;
				GCC_C_LANGUAGE_STANDARD = gnu99;
				GCC_WARN_64_TO_32_BIT_CONVERSION = YES;
				GCC_WARN_ABOUT_RETURN_TYPE = YES_ERROR;
				GCC_WARN_UNDECLARED_SELECTOR = YES;
				GCC_WARN_UNINITIALIZED_AUTOS = YES_AGGRESSIVE;
				GCC_WARN_UNUSED_FUNCTION = YES;
				GCC_WARN_UNUSED_VARIABLE = YES;
				IPHONEOS_DEPLOYMENT_TARGET = 8.1;
				MTL_ENABLE_DEBUG_INFO = NO;
				SDKROOT = iphoneos7.1;
				VALIDATE_PRODUCT = YES;
			};
			name = Release;
		};
		BAD65A8D1A5FA89200987B06 /* Debug */ = {
			isa = XCBuildConfiguration;
			baseConfigurationReference = 91A1C4A7F3479EED06C580E1 /* Pods.debug.xcconfig */;
			buildSettings = {
				ASSETCATALOG_COMPILER_APPICON_NAME = AppIcon;
				CODE_SIGN_IDENTITY = "iPhone Developer: Hao Sun (VBUTLMUHXY)";
				GCC_PREFIX_HEADER = "$(SRCROOT)/CarChat/PrefixHeader.pch";
				INFOPLIST_FILE = CarChat/Info.plist;
				IPHONEOS_DEPLOYMENT_TARGET = 7.0;
				LD_RUNPATH_SEARCH_PATHS = "$(inherited) @executable_path/Frameworks";
				PRODUCT_NAME = "$(TARGET_NAME)";
				SDKROOT = iphoneos7.1;
			};
			name = Debug;
		};
		BAD65A8E1A5FA89200987B06 /* Release */ = {
			isa = XCBuildConfiguration;
			baseConfigurationReference = D0739C1B0EA98A7CE326B445 /* Pods.release.xcconfig */;
			buildSettings = {
				ASSETCATALOG_COMPILER_APPICON_NAME = AppIcon;
				CODE_SIGN_IDENTITY = "iPhone Developer: Hao Sun (VBUTLMUHXY)";
				GCC_PREFIX_HEADER = "$(SRCROOT)/CarChat/PrefixHeader.pch";
				INFOPLIST_FILE = CarChat/Info.plist;
				IPHONEOS_DEPLOYMENT_TARGET = 7.0;
				LD_RUNPATH_SEARCH_PATHS = "$(inherited) @executable_path/Frameworks";
				PRODUCT_NAME = "$(TARGET_NAME)";
				SDKROOT = iphoneos7.1;
			};
			name = Release;
		};
		BAD65A901A5FA89200987B06 /* Debug */ = {
			isa = XCBuildConfiguration;
			buildSettings = {
				BUNDLE_LOADER = "$(TEST_HOST)";
				FRAMEWORK_SEARCH_PATHS = (
					"$(SDKROOT)/Developer/Library/Frameworks",
					"$(inherited)",
				);
				GCC_PREPROCESSOR_DEFINITIONS = (
					"DEBUG=1",
					"$(inherited)",
				);
				INFOPLIST_FILE = CarChatTests/Info.plist;
				IPHONEOS_DEPLOYMENT_TARGET = 7.0;
				LD_RUNPATH_SEARCH_PATHS = "$(inherited) @executable_path/Frameworks @loader_path/Frameworks";
				PRODUCT_NAME = "$(TARGET_NAME)";
				SDKROOT = iphoneos7.1;
				TEST_HOST = "$(BUILT_PRODUCTS_DIR)/CarChat.app/CarChat";
			};
			name = Debug;
		};
		BAD65A911A5FA89200987B06 /* Release */ = {
			isa = XCBuildConfiguration;
			buildSettings = {
				BUNDLE_LOADER = "$(TEST_HOST)";
				FRAMEWORK_SEARCH_PATHS = (
					"$(SDKROOT)/Developer/Library/Frameworks",
					"$(inherited)",
				);
				INFOPLIST_FILE = CarChatTests/Info.plist;
				IPHONEOS_DEPLOYMENT_TARGET = 7.0;
				LD_RUNPATH_SEARCH_PATHS = "$(inherited) @executable_path/Frameworks @loader_path/Frameworks";
				PRODUCT_NAME = "$(TARGET_NAME)";
				SDKROOT = iphoneos7.1;
				TEST_HOST = "$(BUILT_PRODUCTS_DIR)/CarChat.app/CarChat";
			};
			name = Release;
		};
/* End XCBuildConfiguration section */

/* Begin XCConfigurationList section */
		BAD65A611A5FA89200987B06 /* Build configuration list for PBXProject "CarChat" */ = {
			isa = XCConfigurationList;
			buildConfigurations = (
				BAD65A8A1A5FA89200987B06 /* Debug */,
				BAD65A8B1A5FA89200987B06 /* Release */,
			);
			defaultConfigurationIsVisible = 0;
			defaultConfigurationName = Release;
		};
		BAD65A8C1A5FA89200987B06 /* Build configuration list for PBXNativeTarget "CarChat" */ = {
			isa = XCConfigurationList;
			buildConfigurations = (
				BAD65A8D1A5FA89200987B06 /* Debug */,
				BAD65A8E1A5FA89200987B06 /* Release */,
			);
			defaultConfigurationIsVisible = 0;
			defaultConfigurationName = Release;
		};
		BAD65A8F1A5FA89200987B06 /* Build configuration list for PBXNativeTarget "CarChatTests" */ = {
			isa = XCConfigurationList;
			buildConfigurations = (
				BAD65A901A5FA89200987B06 /* Debug */,
				BAD65A911A5FA89200987B06 /* Release */,
			);
			defaultConfigurationIsVisible = 0;
			defaultConfigurationName = Release;
		};
/* End XCConfigurationList section */

/* Begin XCVersionGroup section */
		BAD65A701A5FA89200987B06 /* CarChat.xcdatamodeld */ = {
			isa = XCVersionGroup;
			children = (
				BAD65A711A5FA89200987B06 /* CarChat.xcdatamodel */,
			);
			currentVersion = BAD65A711A5FA89200987B06 /* CarChat.xcdatamodel */;
			path = CarChat.xcdatamodeld;
			sourceTree = "<group>";
			versionGroupType = wrapper.xcdatamodel;
		};
/* End XCVersionGroup section */
	};
	rootObject = BAD65A5E1A5FA89200987B06 /* Project object */;
}
